
Microsoft Visual Studio Solution File, Format Version 12.00
# Visual Studio 15
VisualStudioVersion = 15.0.26124.0
MinimumVisualStudioVersion = 15.0.26124.0
Project("{FAE04EC0-301F-11D3-BF4B-00C04F79EFBC}") = "Penguin.Cms.Modules.Errors.Local", "Penguin.Cms.Modules.Errors.Local.csproj", "{1C13C4DB-5B4D-4BD1-BC92-62400A18A242}"
EndProject
Project("{FAE04EC0-301F-11D3-BF4B-00C04F79EFBC}") = "Penguin.Cms.Modules.Dynamic.Local", "..\Penguin.Cms.Modules.Dynamic\Penguin.Cms.Modules.Dynamic.Local.csproj", "{B8C94EBC-E235-4C6E-8F9D-EE20F5120C6D}"
EndProject
Project("{FAE04EC0-301F-11D3-BF4B-00C04F79EFBC}") = "Penguin.Cms.Entities.Local", "..\Penguin.Cms.Entities\Penguin.Cms.Entities.Local.csproj", "{56EDA295-8BB2-485A-ACA9-360FFA91D634}"
EndProject
Project("{FAE04EC0-301F-11D3-BF4B-00C04F79EFBC}") = "Penguin.Persistence.Abstractions.Local", "..\Penguin.Persistence.Abstractions\Penguin.Persistence.Abstractions.Local.csproj", "{48D9A50A-EF6B-4C41-8EA6-7A012A0D9AAF}"
EndProject
Project("{FAE04EC0-301F-11D3-BF4B-00C04F79EFBC}") = "Penguin.Entities.Abstractions.Local", "..\Penguin.Entities.Abstractions\Penguin.Entities.Abstractions.Local.csproj", "{D5543886-0FCE-4066-BBC9-FD4E47E2619E}"
EndProject
Project("{FAE04EC0-301F-11D3-BF4B-00C04F79EFBC}") = "Penguin.Reflection.Extensions.Local", "..\Penguin.Reflection.Extensions\Penguin.Reflection.Extensions.Local.csproj", "{463F0ACF-7797-4F7D-92F5-F024308F1D66}"
EndProject
Project("{FAE04EC0-301F-11D3-BF4B-00C04F79EFBC}") = "Penguin.Extensions.String.Local", "..\Penguin.Extensions.String\Penguin.Extensions.String.Local.csproj", "{04142481-F250-4F16-A624-F2A230885F9A}"
EndProject
Project("{FAE04EC0-301F-11D3-BF4B-00C04F79EFBC}") = "Penguin.Reflection.Abstractions.Local", "..\Penguin.Reflection.Abstractions\Penguin.Reflection.Abstractions.Local.csproj", "{40630A65-D10B-422F-96B3-335FB612D7B9}"
EndProject
Project("{FAE04EC0-301F-11D3-BF4B-00C04F79EFBC}") = "Penguin.Cms.Errors.Local", "..\Penguin.Cms.Errors\Penguin.Cms.Errors.Local.csproj", "{116DF4EA-C7F5-4EBA-9087-F7E48487A1C8}"
EndProject
Project("{FAE04EC0-301F-11D3-BF4B-00C04F79EFBC}") = "Penguin.Auditing.Abstractions.Local", "..\Penguin.Auditing.Abstractions\Penguin.Auditing.Abstractions.Local.csproj", "{4A8162D8-B8E9-4EBB-9C38-521E5CCB11B2}"
EndProject
Project("{FAE04EC0-301F-11D3-BF4B-00C04F79EFBC}") = "Penguin.Extensions.Exceptions.Local", "..\Penguin.Extensions.Exceptions\Penguin.Extensions.Exceptions.Local.csproj", "{F00DB8C1-5155-42D0-965E-7A0A0EE680EB}"
EndProject
Project("{FAE04EC0-301F-11D3-BF4B-00C04F79EFBC}") = "Penguin.Cms.Modules.Admin.Local", "..\Penguin.Cms.Modules.Admin\Penguin.Cms.Modules.Admin.Local.csproj", "{D5E2695C-2B5C-47D8-958F-881E315618C5}"
EndProject
Project("{FAE04EC0-301F-11D3-BF4B-00C04F79EFBC}") = "Penguin.Cms.Modules.Core.Local", "..\Penguin.Cms.Modules.Core\Penguin.Cms.Modules.Core.Local.csproj", "{FB21B228-CDE2-473F-8C6A-40A81E464B2E}"
EndProject
Project("{FAE04EC0-301F-11D3-BF4B-00C04F79EFBC}") = "Penguin.Cms.Abstractions.Local", "..\Penguin.Cms.Abstractions\Penguin.Cms.Abstractions.Local.csproj", "{B41A693E-CBC8-49D6-AEEA-18A01CD01A66}"
EndProject
Project("{FAE04EC0-301F-11D3-BF4B-00C04F79EFBC}") = "Penguin.DependencyInjection.Abstractions.Local", "..\Penguin.DependencyInjection.Abstractions\Penguin.DependencyInjection.Abstractions.Local.csproj", "{257590BA-3AA7-4740-8FA8-D068048CA50F}"
EndProject
Project("{FAE04EC0-301F-11D3-BF4B-00C04F79EFBC}") = "Penguin.Cms.Core.Local", "..\Penguin.Cms.Core\Penguin.Cms.Core.Local.csproj", "{2899833C-F094-42E0-B5BD-F521446AB7D6}"
EndProject
Project("{FAE04EC0-301F-11D3-BF4B-00C04F79EFBC}") = "Penguin.Reflection.Local", "..\Penguin.Reflection\Penguin.Reflection.Local.csproj", "{27ABD223-645A-4EEE-AE95-1970FCDC83EB}"
EndProject
Project("{FAE04EC0-301F-11D3-BF4B-00C04F79EFBC}") = "Penguin.Debugging.Local", "..\Penguin.Debugging\Penguin.Debugging.Local.csproj", "{6890D9FC-2BC2-4C83-8A3E-195908875004}"
EndProject
Project("{FAE04EC0-301F-11D3-BF4B-00C04F79EFBC}") = "Penguin.Cms.Web.Local", "..\Penguin.Cms.Web\Penguin.Cms.Web.Local.csproj", "{D9486D25-ED66-4002-8478-7BECD2363F29}"
EndProject
Project("{FAE04EC0-301F-11D3-BF4B-00C04F79EFBC}") = "Penguin.Configuration.Local", "..\Penguin.Configuration\Penguin.Configuration.Local.csproj", "{DEBF6B14-A6D9-4E89-AB38-EF8BED086E37}"
EndProject
Project("{FAE04EC0-301F-11D3-BF4B-00C04F79EFBC}") = "Penguin.Configuration.Abstractions.Local", "..\Penguin.Configuration.Abstractions\Penguin.Configuration.Abstractions.Local.csproj", "{53175636-A5BA-414E-A42D-E3EB020FFC23}"
EndProject
Project("{FAE04EC0-301F-11D3-BF4B-00C04F79EFBC}") = "Penguin.DependencyInjection.Local", "..\Penguin.DependencyInjection\Penguin.DependencyInjection.Local.csproj", "{314FC7A2-D314-471F-B8A1-C3CC097ECF17}"
EndProject
Project("{FAE04EC0-301F-11D3-BF4B-00C04F79EFBC}") = "Penguin.Extensions.Collections.Local", "..\Penguin.Extensions.Collections\Penguin.Extensions.Collections.Local.csproj", "{C4DA387D-9048-40A2-A055-0B6D39020D6F}"
EndProject
Project("{FAE04EC0-301F-11D3-BF4B-00C04F79EFBC}") = "Penguin.Files.Local", "..\Penguin.Files\Penguin.Files.Local.csproj", "{C5AD29D7-F535-47F6-B72C-7F8CDEBE30F7}"
EndProject
Project("{FAE04EC0-301F-11D3-BF4B-00C04F79EFBC}") = "Penguin.Files.Abstractions.Local", "..\Penguin.Files.Abstractions\Penguin.Files.Abstractions.Local.csproj", "{70E81937-A11C-401B-B0AB-C17452F502ED}"
EndProject
Project("{FAE04EC0-301F-11D3-BF4B-00C04F79EFBC}") = "Penguin.Security.Abstractions.Local", "..\Penguin.Security.Abstractions\Penguin.Security.Abstractions.Local.csproj", "{DDC7B2D0-B1B9-444A-BB45-8C7A66B6156A}"
EndProject
Project("{FAE04EC0-301F-11D3-BF4B-00C04F79EFBC}") = "Penguin.Messaging.Application.Local", "..\Penguin.Messaging.Application\Penguin.Messaging.Application.Local.csproj", "{2B7B4152-DE6A-4C4D-9C4B-F0FE78CCDC29}"
EndProject
Project("{FAE04EC0-301F-11D3-BF4B-00C04F79EFBC}") = "Penguin.Messaging.Abstractions.Local", "..\Penguin.Messaging.Abstractions\Penguin.Messaging.Abstractions.Local.csproj", "{6A418917-2B5D-4106-AF4D-2D40F8719527}"
EndProject
Project("{FAE04EC0-301F-11D3-BF4B-00C04F79EFBC}") = "Penguin.Messaging.Core.Local", "..\Penguin.Messaging.Core\Penguin.Messaging.Core.Local.csproj", "{3B8E41E8-B458-415D-BD8D-202B574D801F}"
EndProject
Project("{FAE04EC0-301F-11D3-BF4B-00C04F79EFBC}") = "Penguin.Persistence.Database.Local", "..\Penguin.Persistence.Database\Penguin.Persistence.Database.Local.csproj", "{E72AD18A-6851-45CA-905C-77BBAC77405F}"
EndProject
Project("{FAE04EC0-301F-11D3-BF4B-00C04F79EFBC}") = "Penguin.Threading.BackgroundWorker.Local", "..\Penguin.Threading.BackgroundWorker\Penguin.Threading.BackgroundWorker.Local.csproj", "{004A5A32-26DE-4E81-BD09-D9545CBFA594}"
EndProject
Project("{FAE04EC0-301F-11D3-BF4B-00C04F79EFBC}") = "Penguin.Persistence.Repositories.Local", "..\Penguin.Persistence.Repositories\Penguin.Persistence.Repositories.Local.csproj", "{1938D3F5-4173-4E99-8F41-7F0AF55395EB}"
EndProject
Project("{FAE04EC0-301F-11D3-BF4B-00C04F79EFBC}") = "Penguin.Messaging.Persistence.Local", "..\Penguin.Messaging.Persistence\Penguin.Messaging.Persistence.Local.csproj", "{A965AF35-6B1F-4277-B9C5-44040B93486E}"
EndProject
Project("{FAE04EC0-301F-11D3-BF4B-00C04F79EFBC}") = "Penguin.Reflection.Serialization.Local", "..\Penguin.Reflection.Serialization\Penguin.Reflection.Serialization.Local.csproj", "{A4DF90C6-383D-4615-B464-1F2A5116ECB0}"
EndProject
Project("{FAE04EC0-301F-11D3-BF4B-00C04F79EFBC}") = "Penguin.Reflection.Serialization.Abstractions.Local", "..\Penguin.Reflection.Serialization.Abstractions\Penguin.Reflection.Serialization.Abstractions.Local.csproj", "{C7378CAA-F73F-4CA2-9014-24F0B4FFF6BE}"
EndProject
Project("{FAE04EC0-301F-11D3-BF4B-00C04F79EFBC}") = "Penguin.Reflection.Serialization.Extensions.Local", "..\Penguin.Reflection.Serialization.Extensions\Penguin.Reflection.Serialization.Extensions.Local.csproj", "{168CA49E-835E-4C1B-8736-A9DCAC2447A0}"
EndProject
Project("{FAE04EC0-301F-11D3-BF4B-00C04F79EFBC}") = "Penguin.Templating.Abstractions.Local", "..\Penguin.Templating.Abstractions\Penguin.Templating.Abstractions.Local.csproj", "{0B4B6828-886D-49B1-87B7-B4C382FFEBF1}"
EndProject
Project("{FAE04EC0-301F-11D3-BF4B-00C04F79EFBC}") = "Penguin.Testing.Local", "..\Penguin.Testing\Penguin.Testing.Local.csproj", "{0E0F72D8-77E5-4B29-AFCE-D95B73F9FD01}"
EndProject
Project("{FAE04EC0-301F-11D3-BF4B-00C04F79EFBC}") = "Penguin.Web.Abstractions.Local", "..\Penguin.Web.Abstractions\Penguin.Web.Abstractions.Local.csproj", "{FD6CB286-F952-4BE5-8802-10D8AC9FA13D}"
EndProject
Project("{FAE04EC0-301F-11D3-BF4B-00C04F79EFBC}") = "Penguin.Web.DependencyInjection.Local", "..\Penguin.Web.DependencyInjection\Penguin.Web.DependencyInjection.Local.csproj", "{AD05CC01-A7CB-458D-818E-E20F26573213}"
EndProject
Project("{FAE04EC0-301F-11D3-BF4B-00C04F79EFBC}") = "Penguin.Web.Testing.Local", "..\Penguin.Web.Testing\Penguin.Web.Testing.Local.csproj", "{EC46599E-8B88-4B3E-B94A-B37302AFB3C5}"
EndProject
Project("{FAE04EC0-301F-11D3-BF4B-00C04F79EFBC}") = "Penguin.Web.Errors.Local", "..\Penguin.Web.Errors\Penguin.Web.Errors.Local.csproj", "{383909B0-0301-4C47-9ADE-55DB80209359}"
EndProject
Project("{FAE04EC0-301F-11D3-BF4B-00C04F79EFBC}") = "Penguin.Web.Mvc.Local", "..\Penguin.Web.Mvc\Penguin.Web.Mvc.Local.csproj", "{0E6A116A-E535-4010-9381-F663720687CD}"
EndProject
Project("{FAE04EC0-301F-11D3-BF4B-00C04F79EFBC}") = "Penguin.Web.Mvc.Abstractions.Local", "..\Penguin.Web.Mvc.Abstractions\Penguin.Web.Mvc.Abstractions.Local.csproj", "{3811369C-EEC2-429E-B41E-D01B094492A8}"
EndProject
Project("{FAE04EC0-301F-11D3-BF4B-00C04F79EFBC}") = "Penguin.Navigation.Abstractions.Local", "..\Penguin.Navigation.Abstractions\Penguin.Navigation.Abstractions.Local.csproj", "{85B86301-C84C-4D2E-8FDB-FEDCBB3C0B31}"
EndProject
Project("{FAE04EC0-301F-11D3-BF4B-00C04F79EFBC}") = "Penguin.Web.Security.Local", "..\Penguin.Web.Security\Penguin.Web.Security.Local.csproj", "{E730408F-1DAD-4121-AFC9-CB9DFE62F88E}"
EndProject
Project("{FAE04EC0-301F-11D3-BF4B-00C04F79EFBC}") = "Penguin.Cms.Repositories.Local", "..\Penguin.Cms.Repositories\Penguin.Cms.Repositories.Local.csproj", "{CAF73F8C-9F36-4D16-914D-9A60CDFCFF4C}"
EndProject
Project("{FAE04EC0-301F-11D3-BF4B-00C04F79EFBC}") = "Penguin.Shared.Objects.Local", "..\Penguin.Shared.Objects\Penguin.Shared.Objects.Local.csproj", "{20092585-D523-49E8-9D7C-F33B66AB4808}"
EndProject
Project("{FAE04EC0-301F-11D3-BF4B-00C04F79EFBC}") = "Penguin.Web.Dynamic.Local", "..\Penguin.Web.Dynamic\Penguin.Web.Dynamic.Local.csproj", "{DDF18522-E8C0-405E-9FC5-ED6022DD3E88}"
EndProject
Project("{FAE04EC0-301F-11D3-BF4B-00C04F79EFBC}") = "Penguin.Cms.Web.Errors.Local", "..\Penguin.Cms.Web.Errors\Penguin.Cms.Web.Errors.Local.csproj", "{611A01AB-B68C-4D7F-A687-944F84AFB986}"
EndProject
Global
	GlobalSection(SolutionConfigurationPlatforms) = preSolution
		Debug|Any CPU = Debug|Any CPU
		Debug|x64 = Debug|x64
		Debug|x86 = Debug|x86
		Release|Any CPU = Release|Any CPU
		Release|x64 = Release|x64
		Release|x86 = Release|x86
	EndGlobalSection
	GlobalSection(SolutionProperties) = preSolution
		HideSolutionNode = FALSE
	EndGlobalSection
	GlobalSection(ProjectConfigurationPlatforms) = postSolution
		{1C13C4DB-5B4D-4BD1-BC92-62400A18A242}.Debug|Any CPU.ActiveCfg = Debug|Any CPU
		{1C13C4DB-5B4D-4BD1-BC92-62400A18A242}.Debug|Any CPU.Build.0 = Debug|Any CPU
		{1C13C4DB-5B4D-4BD1-BC92-62400A18A242}.Debug|x64.ActiveCfg = Debug|Any CPU
		{1C13C4DB-5B4D-4BD1-BC92-62400A18A242}.Debug|x64.Build.0 = Debug|Any CPU
		{1C13C4DB-5B4D-4BD1-BC92-62400A18A242}.Debug|x86.ActiveCfg = Debug|Any CPU
		{1C13C4DB-5B4D-4BD1-BC92-62400A18A242}.Debug|x86.Build.0 = Debug|Any CPU
		{1C13C4DB-5B4D-4BD1-BC92-62400A18A242}.Release|Any CPU.ActiveCfg = Release|Any CPU
		{1C13C4DB-5B4D-4BD1-BC92-62400A18A242}.Release|Any CPU.Build.0 = Release|Any CPU
		{1C13C4DB-5B4D-4BD1-BC92-62400A18A242}.Release|x64.ActiveCfg = Release|Any CPU
		{1C13C4DB-5B4D-4BD1-BC92-62400A18A242}.Release|x64.Build.0 = Release|Any CPU
		{1C13C4DB-5B4D-4BD1-BC92-62400A18A242}.Release|x86.ActiveCfg = Release|Any CPU
		{1C13C4DB-5B4D-4BD1-BC92-62400A18A242}.Release|x86.Build.0 = Release|Any CPU
		{B8C94EBC-E235-4C6E-8F9D-EE20F5120C6D}.Debug|Any CPU.ActiveCfg = Debug|Any CPU
		{B8C94EBC-E235-4C6E-8F9D-EE20F5120C6D}.Debug|Any CPU.Build.0 = Debug|Any CPU
		{B8C94EBC-E235-4C6E-8F9D-EE20F5120C6D}.Debug|x64.ActiveCfg = Debug|Any CPU
		{B8C94EBC-E235-4C6E-8F9D-EE20F5120C6D}.Debug|x64.Build.0 = Debug|Any CPU
		{B8C94EBC-E235-4C6E-8F9D-EE20F5120C6D}.Debug|x86.ActiveCfg = Debug|Any CPU
		{B8C94EBC-E235-4C6E-8F9D-EE20F5120C6D}.Debug|x86.Build.0 = Debug|Any CPU
		{B8C94EBC-E235-4C6E-8F9D-EE20F5120C6D}.Release|Any CPU.ActiveCfg = Release|Any CPU
		{B8C94EBC-E235-4C6E-8F9D-EE20F5120C6D}.Release|Any CPU.Build.0 = Release|Any CPU
		{B8C94EBC-E235-4C6E-8F9D-EE20F5120C6D}.Release|x64.ActiveCfg = Release|Any CPU
		{B8C94EBC-E235-4C6E-8F9D-EE20F5120C6D}.Release|x64.Build.0 = Release|Any CPU
		{B8C94EBC-E235-4C6E-8F9D-EE20F5120C6D}.Release|x86.ActiveCfg = Release|Any CPU
		{B8C94EBC-E235-4C6E-8F9D-EE20F5120C6D}.Release|x86.Build.0 = Release|Any CPU
		{56EDA295-8BB2-485A-ACA9-360FFA91D634}.Debug|Any CPU.ActiveCfg = Debug|Any CPU
		{56EDA295-8BB2-485A-ACA9-360FFA91D634}.Debug|Any CPU.Build.0 = Debug|Any CPU
		{56EDA295-8BB2-485A-ACA9-360FFA91D634}.Debug|x64.ActiveCfg = Debug|Any CPU
		{56EDA295-8BB2-485A-ACA9-360FFA91D634}.Debug|x64.Build.0 = Debug|Any CPU
		{56EDA295-8BB2-485A-ACA9-360FFA91D634}.Debug|x86.ActiveCfg = Debug|Any CPU
		{56EDA295-8BB2-485A-ACA9-360FFA91D634}.Debug|x86.Build.0 = Debug|Any CPU
		{56EDA295-8BB2-485A-ACA9-360FFA91D634}.Release|Any CPU.ActiveCfg = Release|Any CPU
		{56EDA295-8BB2-485A-ACA9-360FFA91D634}.Release|Any CPU.Build.0 = Release|Any CPU
		{56EDA295-8BB2-485A-ACA9-360FFA91D634}.Release|x64.ActiveCfg = Release|Any CPU
		{56EDA295-8BB2-485A-ACA9-360FFA91D634}.Release|x64.Build.0 = Release|Any CPU
		{56EDA295-8BB2-485A-ACA9-360FFA91D634}.Release|x86.ActiveCfg = Release|Any CPU
		{56EDA295-8BB2-485A-ACA9-360FFA91D634}.Release|x86.Build.0 = Release|Any CPU
		{48D9A50A-EF6B-4C41-8EA6-7A012A0D9AAF}.Debug|Any CPU.ActiveCfg = Debug|Any CPU
		{48D9A50A-EF6B-4C41-8EA6-7A012A0D9AAF}.Debug|Any CPU.Build.0 = Debug|Any CPU
		{48D9A50A-EF6B-4C41-8EA6-7A012A0D9AAF}.Debug|x64.ActiveCfg = Debug|Any CPU
		{48D9A50A-EF6B-4C41-8EA6-7A012A0D9AAF}.Debug|x64.Build.0 = Debug|Any CPU
		{48D9A50A-EF6B-4C41-8EA6-7A012A0D9AAF}.Debug|x86.ActiveCfg = Debug|Any CPU
		{48D9A50A-EF6B-4C41-8EA6-7A012A0D9AAF}.Debug|x86.Build.0 = Debug|Any CPU
		{48D9A50A-EF6B-4C41-8EA6-7A012A0D9AAF}.Release|Any CPU.ActiveCfg = Release|Any CPU
		{48D9A50A-EF6B-4C41-8EA6-7A012A0D9AAF}.Release|Any CPU.Build.0 = Release|Any CPU
		{48D9A50A-EF6B-4C41-8EA6-7A012A0D9AAF}.Release|x64.ActiveCfg = Release|Any CPU
		{48D9A50A-EF6B-4C41-8EA6-7A012A0D9AAF}.Release|x64.Build.0 = Release|Any CPU
		{48D9A50A-EF6B-4C41-8EA6-7A012A0D9AAF}.Release|x86.ActiveCfg = Release|Any CPU
		{48D9A50A-EF6B-4C41-8EA6-7A012A0D9AAF}.Release|x86.Build.0 = Release|Any CPU
		{D5543886-0FCE-4066-BBC9-FD4E47E2619E}.Debug|Any CPU.ActiveCfg = Debug|Any CPU
		{D5543886-0FCE-4066-BBC9-FD4E47E2619E}.Debug|Any CPU.Build.0 = Debug|Any CPU
		{D5543886-0FCE-4066-BBC9-FD4E47E2619E}.Debug|x64.ActiveCfg = Debug|Any CPU
		{D5543886-0FCE-4066-BBC9-FD4E47E2619E}.Debug|x64.Build.0 = Debug|Any CPU
		{D5543886-0FCE-4066-BBC9-FD4E47E2619E}.Debug|x86.ActiveCfg = Debug|Any CPU
		{D5543886-0FCE-4066-BBC9-FD4E47E2619E}.Debug|x86.Build.0 = Debug|Any CPU
		{D5543886-0FCE-4066-BBC9-FD4E47E2619E}.Release|Any CPU.ActiveCfg = Release|Any CPU
		{D5543886-0FCE-4066-BBC9-FD4E47E2619E}.Release|Any CPU.Build.0 = Release|Any CPU
		{D5543886-0FCE-4066-BBC9-FD4E47E2619E}.Release|x64.ActiveCfg = Release|Any CPU
		{D5543886-0FCE-4066-BBC9-FD4E47E2619E}.Release|x64.Build.0 = Release|Any CPU
		{D5543886-0FCE-4066-BBC9-FD4E47E2619E}.Release|x86.ActiveCfg = Release|Any CPU
		{D5543886-0FCE-4066-BBC9-FD4E47E2619E}.Release|x86.Build.0 = Release|Any CPU
		{463F0ACF-7797-4F7D-92F5-F024308F1D66}.Debug|Any CPU.ActiveCfg = Debug|Any CPU
		{463F0ACF-7797-4F7D-92F5-F024308F1D66}.Debug|Any CPU.Build.0 = Debug|Any CPU
		{463F0ACF-7797-4F7D-92F5-F024308F1D66}.Debug|x64.ActiveCfg = Debug|Any CPU
		{463F0ACF-7797-4F7D-92F5-F024308F1D66}.Debug|x64.Build.0 = Debug|Any CPU
		{463F0ACF-7797-4F7D-92F5-F024308F1D66}.Debug|x86.ActiveCfg = Debug|Any CPU
		{463F0ACF-7797-4F7D-92F5-F024308F1D66}.Debug|x86.Build.0 = Debug|Any CPU
		{463F0ACF-7797-4F7D-92F5-F024308F1D66}.Release|Any CPU.ActiveCfg = Release|Any CPU
		{463F0ACF-7797-4F7D-92F5-F024308F1D66}.Release|Any CPU.Build.0 = Release|Any CPU
		{463F0ACF-7797-4F7D-92F5-F024308F1D66}.Release|x64.ActiveCfg = Release|Any CPU
		{463F0ACF-7797-4F7D-92F5-F024308F1D66}.Release|x64.Build.0 = Release|Any CPU
		{463F0ACF-7797-4F7D-92F5-F024308F1D66}.Release|x86.ActiveCfg = Release|Any CPU
		{463F0ACF-7797-4F7D-92F5-F024308F1D66}.Release|x86.Build.0 = Release|Any CPU
		{04142481-F250-4F16-A624-F2A230885F9A}.Debug|Any CPU.ActiveCfg = Debug|Any CPU
		{04142481-F250-4F16-A624-F2A230885F9A}.Debug|Any CPU.Build.0 = Debug|Any CPU
		{04142481-F250-4F16-A624-F2A230885F9A}.Debug|x64.ActiveCfg = Debug|Any CPU
		{04142481-F250-4F16-A624-F2A230885F9A}.Debug|x64.Build.0 = Debug|Any CPU
		{04142481-F250-4F16-A624-F2A230885F9A}.Debug|x86.ActiveCfg = Debug|Any CPU
		{04142481-F250-4F16-A624-F2A230885F9A}.Debug|x86.Build.0 = Debug|Any CPU
		{04142481-F250-4F16-A624-F2A230885F9A}.Release|Any CPU.ActiveCfg = Release|Any CPU
		{04142481-F250-4F16-A624-F2A230885F9A}.Release|Any CPU.Build.0 = Release|Any CPU
		{04142481-F250-4F16-A624-F2A230885F9A}.Release|x64.ActiveCfg = Release|Any CPU
		{04142481-F250-4F16-A624-F2A230885F9A}.Release|x64.Build.0 = Release|Any CPU
		{04142481-F250-4F16-A624-F2A230885F9A}.Release|x86.ActiveCfg = Release|Any CPU
		{04142481-F250-4F16-A624-F2A230885F9A}.Release|x86.Build.0 = Release|Any CPU
		{40630A65-D10B-422F-96B3-335FB612D7B9}.Debug|Any CPU.ActiveCfg = Debug|Any CPU
		{40630A65-D10B-422F-96B3-335FB612D7B9}.Debug|Any CPU.Build.0 = Debug|Any CPU
		{40630A65-D10B-422F-96B3-335FB612D7B9}.Debug|x64.ActiveCfg = Debug|Any CPU
		{40630A65-D10B-422F-96B3-335FB612D7B9}.Debug|x64.Build.0 = Debug|Any CPU
		{40630A65-D10B-422F-96B3-335FB612D7B9}.Debug|x86.ActiveCfg = Debug|Any CPU
		{40630A65-D10B-422F-96B3-335FB612D7B9}.Debug|x86.Build.0 = Debug|Any CPU
		{40630A65-D10B-422F-96B3-335FB612D7B9}.Release|Any CPU.ActiveCfg = Release|Any CPU
		{40630A65-D10B-422F-96B3-335FB612D7B9}.Release|Any CPU.Build.0 = Release|Any CPU
		{40630A65-D10B-422F-96B3-335FB612D7B9}.Release|x64.ActiveCfg = Release|Any CPU
		{40630A65-D10B-422F-96B3-335FB612D7B9}.Release|x64.Build.0 = Release|Any CPU
		{40630A65-D10B-422F-96B3-335FB612D7B9}.Release|x86.ActiveCfg = Release|Any CPU
		{40630A65-D10B-422F-96B3-335FB612D7B9}.Release|x86.Build.0 = Release|Any CPU
		{116DF4EA-C7F5-4EBA-9087-F7E48487A1C8}.Debug|Any CPU.ActiveCfg = Debug|Any CPU
		{116DF4EA-C7F5-4EBA-9087-F7E48487A1C8}.Debug|Any CPU.Build.0 = Debug|Any CPU
		{116DF4EA-C7F5-4EBA-9087-F7E48487A1C8}.Debug|x64.ActiveCfg = Debug|Any CPU
		{116DF4EA-C7F5-4EBA-9087-F7E48487A1C8}.Debug|x64.Build.0 = Debug|Any CPU
		{116DF4EA-C7F5-4EBA-9087-F7E48487A1C8}.Debug|x86.ActiveCfg = Debug|Any CPU
		{116DF4EA-C7F5-4EBA-9087-F7E48487A1C8}.Debug|x86.Build.0 = Debug|Any CPU
		{116DF4EA-C7F5-4EBA-9087-F7E48487A1C8}.Release|Any CPU.ActiveCfg = Release|Any CPU
		{116DF4EA-C7F5-4EBA-9087-F7E48487A1C8}.Release|Any CPU.Build.0 = Release|Any CPU
		{116DF4EA-C7F5-4EBA-9087-F7E48487A1C8}.Release|x64.ActiveCfg = Release|Any CPU
		{116DF4EA-C7F5-4EBA-9087-F7E48487A1C8}.Release|x64.Build.0 = Release|Any CPU
		{116DF4EA-C7F5-4EBA-9087-F7E48487A1C8}.Release|x86.ActiveCfg = Release|Any CPU
		{116DF4EA-C7F5-4EBA-9087-F7E48487A1C8}.Release|x86.Build.0 = Release|Any CPU
		{4A8162D8-B8E9-4EBB-9C38-521E5CCB11B2}.Debug|Any CPU.ActiveCfg = Debug|Any CPU
		{4A8162D8-B8E9-4EBB-9C38-521E5CCB11B2}.Debug|Any CPU.Build.0 = Debug|Any CPU
		{4A8162D8-B8E9-4EBB-9C38-521E5CCB11B2}.Debug|x64.ActiveCfg = Debug|Any CPU
		{4A8162D8-B8E9-4EBB-9C38-521E5CCB11B2}.Debug|x64.Build.0 = Debug|Any CPU
		{4A8162D8-B8E9-4EBB-9C38-521E5CCB11B2}.Debug|x86.ActiveCfg = Debug|Any CPU
		{4A8162D8-B8E9-4EBB-9C38-521E5CCB11B2}.Debug|x86.Build.0 = Debug|Any CPU
		{4A8162D8-B8E9-4EBB-9C38-521E5CCB11B2}.Release|Any CPU.ActiveCfg = Release|Any CPU
		{4A8162D8-B8E9-4EBB-9C38-521E5CCB11B2}.Release|Any CPU.Build.0 = Release|Any CPU
		{4A8162D8-B8E9-4EBB-9C38-521E5CCB11B2}.Release|x64.ActiveCfg = Release|Any CPU
		{4A8162D8-B8E9-4EBB-9C38-521E5CCB11B2}.Release|x64.Build.0 = Release|Any CPU
		{4A8162D8-B8E9-4EBB-9C38-521E5CCB11B2}.Release|x86.ActiveCfg = Release|Any CPU
		{4A8162D8-B8E9-4EBB-9C38-521E5CCB11B2}.Release|x86.Build.0 = Release|Any CPU
		{F00DB8C1-5155-42D0-965E-7A0A0EE680EB}.Debug|Any CPU.ActiveCfg = Debug|Any CPU
		{F00DB8C1-5155-42D0-965E-7A0A0EE680EB}.Debug|Any CPU.Build.0 = Debug|Any CPU
		{F00DB8C1-5155-42D0-965E-7A0A0EE680EB}.Debug|x64.ActiveCfg = Debug|Any CPU
		{F00DB8C1-5155-42D0-965E-7A0A0EE680EB}.Debug|x64.Build.0 = Debug|Any CPU
		{F00DB8C1-5155-42D0-965E-7A0A0EE680EB}.Debug|x86.ActiveCfg = Debug|Any CPU
		{F00DB8C1-5155-42D0-965E-7A0A0EE680EB}.Debug|x86.Build.0 = Debug|Any CPU
		{F00DB8C1-5155-42D0-965E-7A0A0EE680EB}.Release|Any CPU.ActiveCfg = Release|Any CPU
		{F00DB8C1-5155-42D0-965E-7A0A0EE680EB}.Release|Any CPU.Build.0 = Release|Any CPU
		{F00DB8C1-5155-42D0-965E-7A0A0EE680EB}.Release|x64.ActiveCfg = Release|Any CPU
		{F00DB8C1-5155-42D0-965E-7A0A0EE680EB}.Release|x64.Build.0 = Release|Any CPU
		{F00DB8C1-5155-42D0-965E-7A0A0EE680EB}.Release|x86.ActiveCfg = Release|Any CPU
		{F00DB8C1-5155-42D0-965E-7A0A0EE680EB}.Release|x86.Build.0 = Release|Any CPU
		{D5E2695C-2B5C-47D8-958F-881E315618C5}.Debug|Any CPU.ActiveCfg = Debug|Any CPU
		{D5E2695C-2B5C-47D8-958F-881E315618C5}.Debug|Any CPU.Build.0 = Debug|Any CPU
		{D5E2695C-2B5C-47D8-958F-881E315618C5}.Debug|x64.ActiveCfg = Debug|Any CPU
		{D5E2695C-2B5C-47D8-958F-881E315618C5}.Debug|x64.Build.0 = Debug|Any CPU
		{D5E2695C-2B5C-47D8-958F-881E315618C5}.Debug|x86.ActiveCfg = Debug|Any CPU
		{D5E2695C-2B5C-47D8-958F-881E315618C5}.Debug|x86.Build.0 = Debug|Any CPU
		{D5E2695C-2B5C-47D8-958F-881E315618C5}.Release|Any CPU.ActiveCfg = Release|Any CPU
		{D5E2695C-2B5C-47D8-958F-881E315618C5}.Release|Any CPU.Build.0 = Release|Any CPU
		{D5E2695C-2B5C-47D8-958F-881E315618C5}.Release|x64.ActiveCfg = Release|Any CPU
		{D5E2695C-2B5C-47D8-958F-881E315618C5}.Release|x64.Build.0 = Release|Any CPU
		{D5E2695C-2B5C-47D8-958F-881E315618C5}.Release|x86.ActiveCfg = Release|Any CPU
		{D5E2695C-2B5C-47D8-958F-881E315618C5}.Release|x86.Build.0 = Release|Any CPU
		{FB21B228-CDE2-473F-8C6A-40A81E464B2E}.Debug|Any CPU.ActiveCfg = Debug|Any CPU
		{FB21B228-CDE2-473F-8C6A-40A81E464B2E}.Debug|Any CPU.Build.0 = Debug|Any CPU
		{FB21B228-CDE2-473F-8C6A-40A81E464B2E}.Debug|x64.ActiveCfg = Debug|Any CPU
		{FB21B228-CDE2-473F-8C6A-40A81E464B2E}.Debug|x64.Build.0 = Debug|Any CPU
		{FB21B228-CDE2-473F-8C6A-40A81E464B2E}.Debug|x86.ActiveCfg = Debug|Any CPU
		{FB21B228-CDE2-473F-8C6A-40A81E464B2E}.Debug|x86.Build.0 = Debug|Any CPU
		{FB21B228-CDE2-473F-8C6A-40A81E464B2E}.Release|Any CPU.ActiveCfg = Release|Any CPU
		{FB21B228-CDE2-473F-8C6A-40A81E464B2E}.Release|Any CPU.Build.0 = Release|Any CPU
		{FB21B228-CDE2-473F-8C6A-40A81E464B2E}.Release|x64.ActiveCfg = Release|Any CPU
		{FB21B228-CDE2-473F-8C6A-40A81E464B2E}.Release|x64.Build.0 = Release|Any CPU
		{FB21B228-CDE2-473F-8C6A-40A81E464B2E}.Release|x86.ActiveCfg = Release|Any CPU
		{FB21B228-CDE2-473F-8C6A-40A81E464B2E}.Release|x86.Build.0 = Release|Any CPU
		{B41A693E-CBC8-49D6-AEEA-18A01CD01A66}.Debug|Any CPU.ActiveCfg = Debug|Any CPU
		{B41A693E-CBC8-49D6-AEEA-18A01CD01A66}.Debug|Any CPU.Build.0 = Debug|Any CPU
		{B41A693E-CBC8-49D6-AEEA-18A01CD01A66}.Debug|x64.ActiveCfg = Debug|Any CPU
		{B41A693E-CBC8-49D6-AEEA-18A01CD01A66}.Debug|x64.Build.0 = Debug|Any CPU
		{B41A693E-CBC8-49D6-AEEA-18A01CD01A66}.Debug|x86.ActiveCfg = Debug|Any CPU
		{B41A693E-CBC8-49D6-AEEA-18A01CD01A66}.Debug|x86.Build.0 = Debug|Any CPU
		{B41A693E-CBC8-49D6-AEEA-18A01CD01A66}.Release|Any CPU.ActiveCfg = Release|Any CPU
		{B41A693E-CBC8-49D6-AEEA-18A01CD01A66}.Release|Any CPU.Build.0 = Release|Any CPU
		{B41A693E-CBC8-49D6-AEEA-18A01CD01A66}.Release|x64.ActiveCfg = Release|Any CPU
		{B41A693E-CBC8-49D6-AEEA-18A01CD01A66}.Release|x64.Build.0 = Release|Any CPU
		{B41A693E-CBC8-49D6-AEEA-18A01CD01A66}.Release|x86.ActiveCfg = Release|Any CPU
		{B41A693E-CBC8-49D6-AEEA-18A01CD01A66}.Release|x86.Build.0 = Release|Any CPU
		{257590BA-3AA7-4740-8FA8-D068048CA50F}.Debug|Any CPU.ActiveCfg = Debug|Any CPU
		{257590BA-3AA7-4740-8FA8-D068048CA50F}.Debug|Any CPU.Build.0 = Debug|Any CPU
		{257590BA-3AA7-4740-8FA8-D068048CA50F}.Debug|x64.ActiveCfg = Debug|Any CPU
		{257590BA-3AA7-4740-8FA8-D068048CA50F}.Debug|x64.Build.0 = Debug|Any CPU
		{257590BA-3AA7-4740-8FA8-D068048CA50F}.Debug|x86.ActiveCfg = Debug|Any CPU
		{257590BA-3AA7-4740-8FA8-D068048CA50F}.Debug|x86.Build.0 = Debug|Any CPU
		{257590BA-3AA7-4740-8FA8-D068048CA50F}.Release|Any CPU.ActiveCfg = Release|Any CPU
		{257590BA-3AA7-4740-8FA8-D068048CA50F}.Release|Any CPU.Build.0 = Release|Any CPU
		{257590BA-3AA7-4740-8FA8-D068048CA50F}.Release|x64.ActiveCfg = Release|Any CPU
		{257590BA-3AA7-4740-8FA8-D068048CA50F}.Release|x64.Build.0 = Release|Any CPU
		{257590BA-3AA7-4740-8FA8-D068048CA50F}.Release|x86.ActiveCfg = Release|Any CPU
		{257590BA-3AA7-4740-8FA8-D068048CA50F}.Release|x86.Build.0 = Release|Any CPU
		{2899833C-F094-42E0-B5BD-F521446AB7D6}.Debug|Any CPU.ActiveCfg = Debug|Any CPU
		{2899833C-F094-42E0-B5BD-F521446AB7D6}.Debug|Any CPU.Build.0 = Debug|Any CPU
		{2899833C-F094-42E0-B5BD-F521446AB7D6}.Debug|x64.ActiveCfg = Debug|Any CPU
		{2899833C-F094-42E0-B5BD-F521446AB7D6}.Debug|x64.Build.0 = Debug|Any CPU
		{2899833C-F094-42E0-B5BD-F521446AB7D6}.Debug|x86.ActiveCfg = Debug|Any CPU
		{2899833C-F094-42E0-B5BD-F521446AB7D6}.Debug|x86.Build.0 = Debug|Any CPU
		{2899833C-F094-42E0-B5BD-F521446AB7D6}.Release|Any CPU.ActiveCfg = Release|Any CPU
		{2899833C-F094-42E0-B5BD-F521446AB7D6}.Release|Any CPU.Build.0 = Release|Any CPU
		{2899833C-F094-42E0-B5BD-F521446AB7D6}.Release|x64.ActiveCfg = Release|Any CPU
		{2899833C-F094-42E0-B5BD-F521446AB7D6}.Release|x64.Build.0 = Release|Any CPU
		{2899833C-F094-42E0-B5BD-F521446AB7D6}.Release|x86.ActiveCfg = Release|Any CPU
		{2899833C-F094-42E0-B5BD-F521446AB7D6}.Release|x86.Build.0 = Release|Any CPU
		{27ABD223-645A-4EEE-AE95-1970FCDC83EB}.Debug|Any CPU.ActiveCfg = Debug|Any CPU
		{27ABD223-645A-4EEE-AE95-1970FCDC83EB}.Debug|Any CPU.Build.0 = Debug|Any CPU
		{27ABD223-645A-4EEE-AE95-1970FCDC83EB}.Debug|x64.ActiveCfg = Debug|Any CPU
		{27ABD223-645A-4EEE-AE95-1970FCDC83EB}.Debug|x64.Build.0 = Debug|Any CPU
		{27ABD223-645A-4EEE-AE95-1970FCDC83EB}.Debug|x86.ActiveCfg = Debug|Any CPU
		{27ABD223-645A-4EEE-AE95-1970FCDC83EB}.Debug|x86.Build.0 = Debug|Any CPU
		{27ABD223-645A-4EEE-AE95-1970FCDC83EB}.Release|Any CPU.ActiveCfg = Release|Any CPU
		{27ABD223-645A-4EEE-AE95-1970FCDC83EB}.Release|Any CPU.Build.0 = Release|Any CPU
		{27ABD223-645A-4EEE-AE95-1970FCDC83EB}.Release|x64.ActiveCfg = Release|Any CPU
		{27ABD223-645A-4EEE-AE95-1970FCDC83EB}.Release|x64.Build.0 = Release|Any CPU
		{27ABD223-645A-4EEE-AE95-1970FCDC83EB}.Release|x86.ActiveCfg = Release|Any CPU
		{27ABD223-645A-4EEE-AE95-1970FCDC83EB}.Release|x86.Build.0 = Release|Any CPU
		{6890D9FC-2BC2-4C83-8A3E-195908875004}.Debug|Any CPU.ActiveCfg = Debug|Any CPU
		{6890D9FC-2BC2-4C83-8A3E-195908875004}.Debug|Any CPU.Build.0 = Debug|Any CPU
		{6890D9FC-2BC2-4C83-8A3E-195908875004}.Debug|x64.ActiveCfg = Debug|Any CPU
		{6890D9FC-2BC2-4C83-8A3E-195908875004}.Debug|x64.Build.0 = Debug|Any CPU
		{6890D9FC-2BC2-4C83-8A3E-195908875004}.Debug|x86.ActiveCfg = Debug|Any CPU
		{6890D9FC-2BC2-4C83-8A3E-195908875004}.Debug|x86.Build.0 = Debug|Any CPU
		{6890D9FC-2BC2-4C83-8A3E-195908875004}.Release|Any CPU.ActiveCfg = Release|Any CPU
		{6890D9FC-2BC2-4C83-8A3E-195908875004}.Release|Any CPU.Build.0 = Release|Any CPU
		{6890D9FC-2BC2-4C83-8A3E-195908875004}.Release|x64.ActiveCfg = Release|Any CPU
		{6890D9FC-2BC2-4C83-8A3E-195908875004}.Release|x64.Build.0 = Release|Any CPU
		{6890D9FC-2BC2-4C83-8A3E-195908875004}.Release|x86.ActiveCfg = Release|Any CPU
		{6890D9FC-2BC2-4C83-8A3E-195908875004}.Release|x86.Build.0 = Release|Any CPU
		{D9486D25-ED66-4002-8478-7BECD2363F29}.Debug|Any CPU.ActiveCfg = Debug|Any CPU
		{D9486D25-ED66-4002-8478-7BECD2363F29}.Debug|Any CPU.Build.0 = Debug|Any CPU
		{D9486D25-ED66-4002-8478-7BECD2363F29}.Debug|x64.ActiveCfg = Debug|Any CPU
		{D9486D25-ED66-4002-8478-7BECD2363F29}.Debug|x64.Build.0 = Debug|Any CPU
		{D9486D25-ED66-4002-8478-7BECD2363F29}.Debug|x86.ActiveCfg = Debug|Any CPU
		{D9486D25-ED66-4002-8478-7BECD2363F29}.Debug|x86.Build.0 = Debug|Any CPU
		{D9486D25-ED66-4002-8478-7BECD2363F29}.Release|Any CPU.ActiveCfg = Release|Any CPU
		{D9486D25-ED66-4002-8478-7BECD2363F29}.Release|Any CPU.Build.0 = Release|Any CPU
		{D9486D25-ED66-4002-8478-7BECD2363F29}.Release|x64.ActiveCfg = Release|Any CPU
		{D9486D25-ED66-4002-8478-7BECD2363F29}.Release|x64.Build.0 = Release|Any CPU
		{D9486D25-ED66-4002-8478-7BECD2363F29}.Release|x86.ActiveCfg = Release|Any CPU
		{D9486D25-ED66-4002-8478-7BECD2363F29}.Release|x86.Build.0 = Release|Any CPU
		{DEBF6B14-A6D9-4E89-AB38-EF8BED086E37}.Debug|Any CPU.ActiveCfg = Debug|Any CPU
		{DEBF6B14-A6D9-4E89-AB38-EF8BED086E37}.Debug|Any CPU.Build.0 = Debug|Any CPU
		{DEBF6B14-A6D9-4E89-AB38-EF8BED086E37}.Debug|x64.ActiveCfg = Debug|Any CPU
		{DEBF6B14-A6D9-4E89-AB38-EF8BED086E37}.Debug|x64.Build.0 = Debug|Any CPU
		{DEBF6B14-A6D9-4E89-AB38-EF8BED086E37}.Debug|x86.ActiveCfg = Debug|Any CPU
		{DEBF6B14-A6D9-4E89-AB38-EF8BED086E37}.Debug|x86.Build.0 = Debug|Any CPU
		{DEBF6B14-A6D9-4E89-AB38-EF8BED086E37}.Release|Any CPU.ActiveCfg = Release|Any CPU
		{DEBF6B14-A6D9-4E89-AB38-EF8BED086E37}.Release|Any CPU.Build.0 = Release|Any CPU
		{DEBF6B14-A6D9-4E89-AB38-EF8BED086E37}.Release|x64.ActiveCfg = Release|Any CPU
		{DEBF6B14-A6D9-4E89-AB38-EF8BED086E37}.Release|x64.Build.0 = Release|Any CPU
		{DEBF6B14-A6D9-4E89-AB38-EF8BED086E37}.Release|x86.ActiveCfg = Release|Any CPU
		{DEBF6B14-A6D9-4E89-AB38-EF8BED086E37}.Release|x86.Build.0 = Release|Any CPU
		{53175636-A5BA-414E-A42D-E3EB020FFC23}.Debug|Any CPU.ActiveCfg = Debug|Any CPU
		{53175636-A5BA-414E-A42D-E3EB020FFC23}.Debug|Any CPU.Build.0 = Debug|Any CPU
		{53175636-A5BA-414E-A42D-E3EB020FFC23}.Debug|x64.ActiveCfg = Debug|Any CPU
		{53175636-A5BA-414E-A42D-E3EB020FFC23}.Debug|x64.Build.0 = Debug|Any CPU
		{53175636-A5BA-414E-A42D-E3EB020FFC23}.Debug|x86.ActiveCfg = Debug|Any CPU
		{53175636-A5BA-414E-A42D-E3EB020FFC23}.Debug|x86.Build.0 = Debug|Any CPU
		{53175636-A5BA-414E-A42D-E3EB020FFC23}.Release|Any CPU.ActiveCfg = Release|Any CPU
		{53175636-A5BA-414E-A42D-E3EB020FFC23}.Release|Any CPU.Build.0 = Release|Any CPU
		{53175636-A5BA-414E-A42D-E3EB020FFC23}.Release|x64.ActiveCfg = Release|Any CPU
		{53175636-A5BA-414E-A42D-E3EB020FFC23}.Release|x64.Build.0 = Release|Any CPU
		{53175636-A5BA-414E-A42D-E3EB020FFC23}.Release|x86.ActiveCfg = Release|Any CPU
		{53175636-A5BA-414E-A42D-E3EB020FFC23}.Release|x86.Build.0 = Release|Any CPU
		{314FC7A2-D314-471F-B8A1-C3CC097ECF17}.Debug|Any CPU.ActiveCfg = Debug|Any CPU
		{314FC7A2-D314-471F-B8A1-C3CC097ECF17}.Debug|Any CPU.Build.0 = Debug|Any CPU
		{314FC7A2-D314-471F-B8A1-C3CC097ECF17}.Debug|x64.ActiveCfg = Debug|Any CPU
		{314FC7A2-D314-471F-B8A1-C3CC097ECF17}.Debug|x64.Build.0 = Debug|Any CPU
		{314FC7A2-D314-471F-B8A1-C3CC097ECF17}.Debug|x86.ActiveCfg = Debug|Any CPU
		{314FC7A2-D314-471F-B8A1-C3CC097ECF17}.Debug|x86.Build.0 = Debug|Any CPU
		{314FC7A2-D314-471F-B8A1-C3CC097ECF17}.Release|Any CPU.ActiveCfg = Release|Any CPU
		{314FC7A2-D314-471F-B8A1-C3CC097ECF17}.Release|Any CPU.Build.0 = Release|Any CPU
		{314FC7A2-D314-471F-B8A1-C3CC097ECF17}.Release|x64.ActiveCfg = Release|Any CPU
		{314FC7A2-D314-471F-B8A1-C3CC097ECF17}.Release|x64.Build.0 = Release|Any CPU
		{314FC7A2-D314-471F-B8A1-C3CC097ECF17}.Release|x86.ActiveCfg = Release|Any CPU
		{314FC7A2-D314-471F-B8A1-C3CC097ECF17}.Release|x86.Build.0 = Release|Any CPU
		{C4DA387D-9048-40A2-A055-0B6D39020D6F}.Debug|Any CPU.ActiveCfg = Debug|Any CPU
		{C4DA387D-9048-40A2-A055-0B6D39020D6F}.Debug|Any CPU.Build.0 = Debug|Any CPU
		{C4DA387D-9048-40A2-A055-0B6D39020D6F}.Debug|x64.ActiveCfg = Debug|Any CPU
		{C4DA387D-9048-40A2-A055-0B6D39020D6F}.Debug|x64.Build.0 = Debug|Any CPU
		{C4DA387D-9048-40A2-A055-0B6D39020D6F}.Debug|x86.ActiveCfg = Debug|Any CPU
		{C4DA387D-9048-40A2-A055-0B6D39020D6F}.Debug|x86.Build.0 = Debug|Any CPU
		{C4DA387D-9048-40A2-A055-0B6D39020D6F}.Release|Any CPU.ActiveCfg = Release|Any CPU
		{C4DA387D-9048-40A2-A055-0B6D39020D6F}.Release|Any CPU.Build.0 = Release|Any CPU
		{C4DA387D-9048-40A2-A055-0B6D39020D6F}.Release|x64.ActiveCfg = Release|Any CPU
		{C4DA387D-9048-40A2-A055-0B6D39020D6F}.Release|x64.Build.0 = Release|Any CPU
		{C4DA387D-9048-40A2-A055-0B6D39020D6F}.Release|x86.ActiveCfg = Release|Any CPU
		{C4DA387D-9048-40A2-A055-0B6D39020D6F}.Release|x86.Build.0 = Release|Any CPU
		{C5AD29D7-F535-47F6-B72C-7F8CDEBE30F7}.Debug|Any CPU.ActiveCfg = Debug|Any CPU
		{C5AD29D7-F535-47F6-B72C-7F8CDEBE30F7}.Debug|Any CPU.Build.0 = Debug|Any CPU
		{C5AD29D7-F535-47F6-B72C-7F8CDEBE30F7}.Debug|x64.ActiveCfg = Debug|Any CPU
		{C5AD29D7-F535-47F6-B72C-7F8CDEBE30F7}.Debug|x64.Build.0 = Debug|Any CPU
		{C5AD29D7-F535-47F6-B72C-7F8CDEBE30F7}.Debug|x86.ActiveCfg = Debug|Any CPU
		{C5AD29D7-F535-47F6-B72C-7F8CDEBE30F7}.Debug|x86.Build.0 = Debug|Any CPU
		{C5AD29D7-F535-47F6-B72C-7F8CDEBE30F7}.Release|Any CPU.ActiveCfg = Release|Any CPU
		{C5AD29D7-F535-47F6-B72C-7F8CDEBE30F7}.Release|Any CPU.Build.0 = Release|Any CPU
		{C5AD29D7-F535-47F6-B72C-7F8CDEBE30F7}.Release|x64.ActiveCfg = Release|Any CPU
		{C5AD29D7-F535-47F6-B72C-7F8CDEBE30F7}.Release|x64.Build.0 = Release|Any CPU
		{C5AD29D7-F535-47F6-B72C-7F8CDEBE30F7}.Release|x86.ActiveCfg = Release|Any CPU
		{C5AD29D7-F535-47F6-B72C-7F8CDEBE30F7}.Release|x86.Build.0 = Release|Any CPU
		{70E81937-A11C-401B-B0AB-C17452F502ED}.Debug|Any CPU.ActiveCfg = Debug|Any CPU
		{70E81937-A11C-401B-B0AB-C17452F502ED}.Debug|Any CPU.Build.0 = Debug|Any CPU
		{70E81937-A11C-401B-B0AB-C17452F502ED}.Debug|x64.ActiveCfg = Debug|Any CPU
		{70E81937-A11C-401B-B0AB-C17452F502ED}.Debug|x64.Build.0 = Debug|Any CPU
		{70E81937-A11C-401B-B0AB-C17452F502ED}.Debug|x86.ActiveCfg = Debug|Any CPU
		{70E81937-A11C-401B-B0AB-C17452F502ED}.Debug|x86.Build.0 = Debug|Any CPU
		{70E81937-A11C-401B-B0AB-C17452F502ED}.Release|Any CPU.ActiveCfg = Release|Any CPU
		{70E81937-A11C-401B-B0AB-C17452F502ED}.Release|Any CPU.Build.0 = Release|Any CPU
		{70E81937-A11C-401B-B0AB-C17452F502ED}.Release|x64.ActiveCfg = Release|Any CPU
		{70E81937-A11C-401B-B0AB-C17452F502ED}.Release|x64.Build.0 = Release|Any CPU
		{70E81937-A11C-401B-B0AB-C17452F502ED}.Release|x86.ActiveCfg = Release|Any CPU
		{70E81937-A11C-401B-B0AB-C17452F502ED}.Release|x86.Build.0 = Release|Any CPU
		{DDC7B2D0-B1B9-444A-BB45-8C7A66B6156A}.Debug|Any CPU.ActiveCfg = Debug|Any CPU
		{DDC7B2D0-B1B9-444A-BB45-8C7A66B6156A}.Debug|Any CPU.Build.0 = Debug|Any CPU
		{DDC7B2D0-B1B9-444A-BB45-8C7A66B6156A}.Debug|x64.ActiveCfg = Debug|Any CPU
		{DDC7B2D0-B1B9-444A-BB45-8C7A66B6156A}.Debug|x64.Build.0 = Debug|Any CPU
		{DDC7B2D0-B1B9-444A-BB45-8C7A66B6156A}.Debug|x86.ActiveCfg = Debug|Any CPU
		{DDC7B2D0-B1B9-444A-BB45-8C7A66B6156A}.Debug|x86.Build.0 = Debug|Any CPU
		{DDC7B2D0-B1B9-444A-BB45-8C7A66B6156A}.Release|Any CPU.ActiveCfg = Release|Any CPU
		{DDC7B2D0-B1B9-444A-BB45-8C7A66B6156A}.Release|Any CPU.Build.0 = Release|Any CPU
		{DDC7B2D0-B1B9-444A-BB45-8C7A66B6156A}.Release|x64.ActiveCfg = Release|Any CPU
		{DDC7B2D0-B1B9-444A-BB45-8C7A66B6156A}.Release|x64.Build.0 = Release|Any CPU
		{DDC7B2D0-B1B9-444A-BB45-8C7A66B6156A}.Release|x86.ActiveCfg = Release|Any CPU
		{DDC7B2D0-B1B9-444A-BB45-8C7A66B6156A}.Release|x86.Build.0 = Release|Any CPU
		{2B7B4152-DE6A-4C4D-9C4B-F0FE78CCDC29}.Debug|Any CPU.ActiveCfg = Debug|Any CPU
		{2B7B4152-DE6A-4C4D-9C4B-F0FE78CCDC29}.Debug|Any CPU.Build.0 = Debug|Any CPU
		{2B7B4152-DE6A-4C4D-9C4B-F0FE78CCDC29}.Debug|x64.ActiveCfg = Debug|Any CPU
		{2B7B4152-DE6A-4C4D-9C4B-F0FE78CCDC29}.Debug|x64.Build.0 = Debug|Any CPU
		{2B7B4152-DE6A-4C4D-9C4B-F0FE78CCDC29}.Debug|x86.ActiveCfg = Debug|Any CPU
		{2B7B4152-DE6A-4C4D-9C4B-F0FE78CCDC29}.Debug|x86.Build.0 = Debug|Any CPU
		{2B7B4152-DE6A-4C4D-9C4B-F0FE78CCDC29}.Release|Any CPU.ActiveCfg = Release|Any CPU
		{2B7B4152-DE6A-4C4D-9C4B-F0FE78CCDC29}.Release|Any CPU.Build.0 = Release|Any CPU
		{2B7B4152-DE6A-4C4D-9C4B-F0FE78CCDC29}.Release|x64.ActiveCfg = Release|Any CPU
		{2B7B4152-DE6A-4C4D-9C4B-F0FE78CCDC29}.Release|x64.Build.0 = Release|Any CPU
		{2B7B4152-DE6A-4C4D-9C4B-F0FE78CCDC29}.Release|x86.ActiveCfg = Release|Any CPU
		{2B7B4152-DE6A-4C4D-9C4B-F0FE78CCDC29}.Release|x86.Build.0 = Release|Any CPU
		{6A418917-2B5D-4106-AF4D-2D40F8719527}.Debug|Any CPU.ActiveCfg = Debug|Any CPU
		{6A418917-2B5D-4106-AF4D-2D40F8719527}.Debug|Any CPU.Build.0 = Debug|Any CPU
		{6A418917-2B5D-4106-AF4D-2D40F8719527}.Debug|x64.ActiveCfg = Debug|Any CPU
		{6A418917-2B5D-4106-AF4D-2D40F8719527}.Debug|x64.Build.0 = Debug|Any CPU
		{6A418917-2B5D-4106-AF4D-2D40F8719527}.Debug|x86.ActiveCfg = Debug|Any CPU
		{6A418917-2B5D-4106-AF4D-2D40F8719527}.Debug|x86.Build.0 = Debug|Any CPU
		{6A418917-2B5D-4106-AF4D-2D40F8719527}.Release|Any CPU.ActiveCfg = Release|Any CPU
		{6A418917-2B5D-4106-AF4D-2D40F8719527}.Release|Any CPU.Build.0 = Release|Any CPU
		{6A418917-2B5D-4106-AF4D-2D40F8719527}.Release|x64.ActiveCfg = Release|Any CPU
		{6A418917-2B5D-4106-AF4D-2D40F8719527}.Release|x64.Build.0 = Release|Any CPU
		{6A418917-2B5D-4106-AF4D-2D40F8719527}.Release|x86.ActiveCfg = Release|Any CPU
		{6A418917-2B5D-4106-AF4D-2D40F8719527}.Release|x86.Build.0 = Release|Any CPU
		{3B8E41E8-B458-415D-BD8D-202B574D801F}.Debug|Any CPU.ActiveCfg = Debug|Any CPU
		{3B8E41E8-B458-415D-BD8D-202B574D801F}.Debug|Any CPU.Build.0 = Debug|Any CPU
		{3B8E41E8-B458-415D-BD8D-202B574D801F}.Debug|x64.ActiveCfg = Debug|Any CPU
		{3B8E41E8-B458-415D-BD8D-202B574D801F}.Debug|x64.Build.0 = Debug|Any CPU
		{3B8E41E8-B458-415D-BD8D-202B574D801F}.Debug|x86.ActiveCfg = Debug|Any CPU
		{3B8E41E8-B458-415D-BD8D-202B574D801F}.Debug|x86.Build.0 = Debug|Any CPU
		{3B8E41E8-B458-415D-BD8D-202B574D801F}.Release|Any CPU.ActiveCfg = Release|Any CPU
		{3B8E41E8-B458-415D-BD8D-202B574D801F}.Release|Any CPU.Build.0 = Release|Any CPU
		{3B8E41E8-B458-415D-BD8D-202B574D801F}.Release|x64.ActiveCfg = Release|Any CPU
		{3B8E41E8-B458-415D-BD8D-202B574D801F}.Release|x64.Build.0 = Release|Any CPU
		{3B8E41E8-B458-415D-BD8D-202B574D801F}.Release|x86.ActiveCfg = Release|Any CPU
		{3B8E41E8-B458-415D-BD8D-202B574D801F}.Release|x86.Build.0 = Release|Any CPU
		{E72AD18A-6851-45CA-905C-77BBAC77405F}.Debug|Any CPU.ActiveCfg = Debug|Any CPU
		{E72AD18A-6851-45CA-905C-77BBAC77405F}.Debug|Any CPU.Build.0 = Debug|Any CPU
		{E72AD18A-6851-45CA-905C-77BBAC77405F}.Debug|x64.ActiveCfg = Debug|Any CPU
		{E72AD18A-6851-45CA-905C-77BBAC77405F}.Debug|x64.Build.0 = Debug|Any CPU
		{E72AD18A-6851-45CA-905C-77BBAC77405F}.Debug|x86.ActiveCfg = Debug|Any CPU
		{E72AD18A-6851-45CA-905C-77BBAC77405F}.Debug|x86.Build.0 = Debug|Any CPU
		{E72AD18A-6851-45CA-905C-77BBAC77405F}.Release|Any CPU.ActiveCfg = Release|Any CPU
		{E72AD18A-6851-45CA-905C-77BBAC77405F}.Release|Any CPU.Build.0 = Release|Any CPU
		{E72AD18A-6851-45CA-905C-77BBAC77405F}.Release|x64.ActiveCfg = Release|Any CPU
		{E72AD18A-6851-45CA-905C-77BBAC77405F}.Release|x64.Build.0 = Release|Any CPU
		{E72AD18A-6851-45CA-905C-77BBAC77405F}.Release|x86.ActiveCfg = Release|Any CPU
		{E72AD18A-6851-45CA-905C-77BBAC77405F}.Release|x86.Build.0 = Release|Any CPU
		{004A5A32-26DE-4E81-BD09-D9545CBFA594}.Debug|Any CPU.ActiveCfg = Debug|Any CPU
		{004A5A32-26DE-4E81-BD09-D9545CBFA594}.Debug|Any CPU.Build.0 = Debug|Any CPU
		{004A5A32-26DE-4E81-BD09-D9545CBFA594}.Debug|x64.ActiveCfg = Debug|Any CPU
		{004A5A32-26DE-4E81-BD09-D9545CBFA594}.Debug|x64.Build.0 = Debug|Any CPU
		{004A5A32-26DE-4E81-BD09-D9545CBFA594}.Debug|x86.ActiveCfg = Debug|Any CPU
		{004A5A32-26DE-4E81-BD09-D9545CBFA594}.Debug|x86.Build.0 = Debug|Any CPU
		{004A5A32-26DE-4E81-BD09-D9545CBFA594}.Release|Any CPU.ActiveCfg = Release|Any CPU
		{004A5A32-26DE-4E81-BD09-D9545CBFA594}.Release|Any CPU.Build.0 = Release|Any CPU
		{004A5A32-26DE-4E81-BD09-D9545CBFA594}.Release|x64.ActiveCfg = Release|Any CPU
		{004A5A32-26DE-4E81-BD09-D9545CBFA594}.Release|x64.Build.0 = Release|Any CPU
		{004A5A32-26DE-4E81-BD09-D9545CBFA594}.Release|x86.ActiveCfg = Release|Any CPU
		{004A5A32-26DE-4E81-BD09-D9545CBFA594}.Release|x86.Build.0 = Release|Any CPU
		{1938D3F5-4173-4E99-8F41-7F0AF55395EB}.Debug|Any CPU.ActiveCfg = Debug|Any CPU
		{1938D3F5-4173-4E99-8F41-7F0AF55395EB}.Debug|Any CPU.Build.0 = Debug|Any CPU
		{1938D3F5-4173-4E99-8F41-7F0AF55395EB}.Debug|x64.ActiveCfg = Debug|Any CPU
		{1938D3F5-4173-4E99-8F41-7F0AF55395EB}.Debug|x64.Build.0 = Debug|Any CPU
		{1938D3F5-4173-4E99-8F41-7F0AF55395EB}.Debug|x86.ActiveCfg = Debug|Any CPU
		{1938D3F5-4173-4E99-8F41-7F0AF55395EB}.Debug|x86.Build.0 = Debug|Any CPU
		{1938D3F5-4173-4E99-8F41-7F0AF55395EB}.Release|Any CPU.ActiveCfg = Release|Any CPU
		{1938D3F5-4173-4E99-8F41-7F0AF55395EB}.Release|Any CPU.Build.0 = Release|Any CPU
		{1938D3F5-4173-4E99-8F41-7F0AF55395EB}.Release|x64.ActiveCfg = Release|Any CPU
		{1938D3F5-4173-4E99-8F41-7F0AF55395EB}.Release|x64.Build.0 = Release|Any CPU
		{1938D3F5-4173-4E99-8F41-7F0AF55395EB}.Release|x86.ActiveCfg = Release|Any CPU
		{1938D3F5-4173-4E99-8F41-7F0AF55395EB}.Release|x86.Build.0 = Release|Any CPU
		{A965AF35-6B1F-4277-B9C5-44040B93486E}.Debug|Any CPU.ActiveCfg = Debug|Any CPU
		{A965AF35-6B1F-4277-B9C5-44040B93486E}.Debug|Any CPU.Build.0 = Debug|Any CPU
		{A965AF35-6B1F-4277-B9C5-44040B93486E}.Debug|x64.ActiveCfg = Debug|Any CPU
		{A965AF35-6B1F-4277-B9C5-44040B93486E}.Debug|x64.Build.0 = Debug|Any CPU
		{A965AF35-6B1F-4277-B9C5-44040B93486E}.Debug|x86.ActiveCfg = Debug|Any CPU
		{A965AF35-6B1F-4277-B9C5-44040B93486E}.Debug|x86.Build.0 = Debug|Any CPU
		{A965AF35-6B1F-4277-B9C5-44040B93486E}.Release|Any CPU.ActiveCfg = Release|Any CPU
		{A965AF35-6B1F-4277-B9C5-44040B93486E}.Release|Any CPU.Build.0 = Release|Any CPU
		{A965AF35-6B1F-4277-B9C5-44040B93486E}.Release|x64.ActiveCfg = Release|Any CPU
		{A965AF35-6B1F-4277-B9C5-44040B93486E}.Release|x64.Build.0 = Release|Any CPU
		{A965AF35-6B1F-4277-B9C5-44040B93486E}.Release|x86.ActiveCfg = Release|Any CPU
		{A965AF35-6B1F-4277-B9C5-44040B93486E}.Release|x86.Build.0 = Release|Any CPU
		{A4DF90C6-383D-4615-B464-1F2A5116ECB0}.Debug|Any CPU.ActiveCfg = Debug|Any CPU
		{A4DF90C6-383D-4615-B464-1F2A5116ECB0}.Debug|Any CPU.Build.0 = Debug|Any CPU
		{A4DF90C6-383D-4615-B464-1F2A5116ECB0}.Debug|x64.ActiveCfg = Debug|Any CPU
		{A4DF90C6-383D-4615-B464-1F2A5116ECB0}.Debug|x64.Build.0 = Debug|Any CPU
		{A4DF90C6-383D-4615-B464-1F2A5116ECB0}.Debug|x86.ActiveCfg = Debug|Any CPU
		{A4DF90C6-383D-4615-B464-1F2A5116ECB0}.Debug|x86.Build.0 = Debug|Any CPU
		{A4DF90C6-383D-4615-B464-1F2A5116ECB0}.Release|Any CPU.ActiveCfg = Release|Any CPU
		{A4DF90C6-383D-4615-B464-1F2A5116ECB0}.Release|Any CPU.Build.0 = Release|Any CPU
		{A4DF90C6-383D-4615-B464-1F2A5116ECB0}.Release|x64.ActiveCfg = Release|Any CPU
		{A4DF90C6-383D-4615-B464-1F2A5116ECB0}.Release|x64.Build.0 = Release|Any CPU
		{A4DF90C6-383D-4615-B464-1F2A5116ECB0}.Release|x86.ActiveCfg = Release|Any CPU
		{A4DF90C6-383D-4615-B464-1F2A5116ECB0}.Release|x86.Build.0 = Release|Any CPU
		{C7378CAA-F73F-4CA2-9014-24F0B4FFF6BE}.Debug|Any CPU.ActiveCfg = Debug|Any CPU
		{C7378CAA-F73F-4CA2-9014-24F0B4FFF6BE}.Debug|Any CPU.Build.0 = Debug|Any CPU
		{C7378CAA-F73F-4CA2-9014-24F0B4FFF6BE}.Debug|x64.ActiveCfg = Debug|Any CPU
		{C7378CAA-F73F-4CA2-9014-24F0B4FFF6BE}.Debug|x64.Build.0 = Debug|Any CPU
		{C7378CAA-F73F-4CA2-9014-24F0B4FFF6BE}.Debug|x86.ActiveCfg = Debug|Any CPU
		{C7378CAA-F73F-4CA2-9014-24F0B4FFF6BE}.Debug|x86.Build.0 = Debug|Any CPU
		{C7378CAA-F73F-4CA2-9014-24F0B4FFF6BE}.Release|Any CPU.ActiveCfg = Release|Any CPU
		{C7378CAA-F73F-4CA2-9014-24F0B4FFF6BE}.Release|Any CPU.Build.0 = Release|Any CPU
		{C7378CAA-F73F-4CA2-9014-24F0B4FFF6BE}.Release|x64.ActiveCfg = Release|Any CPU
		{C7378CAA-F73F-4CA2-9014-24F0B4FFF6BE}.Release|x64.Build.0 = Release|Any CPU
		{C7378CAA-F73F-4CA2-9014-24F0B4FFF6BE}.Release|x86.ActiveCfg = Release|Any CPU
		{C7378CAA-F73F-4CA2-9014-24F0B4FFF6BE}.Release|x86.Build.0 = Release|Any CPU
		{168CA49E-835E-4C1B-8736-A9DCAC2447A0}.Debug|Any CPU.ActiveCfg = Debug|Any CPU
		{168CA49E-835E-4C1B-8736-A9DCAC2447A0}.Debug|Any CPU.Build.0 = Debug|Any CPU
		{168CA49E-835E-4C1B-8736-A9DCAC2447A0}.Debug|x64.ActiveCfg = Debug|Any CPU
		{168CA49E-835E-4C1B-8736-A9DCAC2447A0}.Debug|x64.Build.0 = Debug|Any CPU
		{168CA49E-835E-4C1B-8736-A9DCAC2447A0}.Debug|x86.ActiveCfg = Debug|Any CPU
		{168CA49E-835E-4C1B-8736-A9DCAC2447A0}.Debug|x86.Build.0 = Debug|Any CPU
		{168CA49E-835E-4C1B-8736-A9DCAC2447A0}.Release|Any CPU.ActiveCfg = Release|Any CPU
		{168CA49E-835E-4C1B-8736-A9DCAC2447A0}.Release|Any CPU.Build.0 = Release|Any CPU
		{168CA49E-835E-4C1B-8736-A9DCAC2447A0}.Release|x64.ActiveCfg = Release|Any CPU
		{168CA49E-835E-4C1B-8736-A9DCAC2447A0}.Release|x64.Build.0 = Release|Any CPU
		{168CA49E-835E-4C1B-8736-A9DCAC2447A0}.Release|x86.ActiveCfg = Release|Any CPU
		{168CA49E-835E-4C1B-8736-A9DCAC2447A0}.Release|x86.Build.0 = Release|Any CPU
		{0B4B6828-886D-49B1-87B7-B4C382FFEBF1}.Debug|Any CPU.ActiveCfg = Debug|Any CPU
		{0B4B6828-886D-49B1-87B7-B4C382FFEBF1}.Debug|Any CPU.Build.0 = Debug|Any CPU
		{0B4B6828-886D-49B1-87B7-B4C382FFEBF1}.Debug|x64.ActiveCfg = Debug|Any CPU
		{0B4B6828-886D-49B1-87B7-B4C382FFEBF1}.Debug|x64.Build.0 = Debug|Any CPU
		{0B4B6828-886D-49B1-87B7-B4C382FFEBF1}.Debug|x86.ActiveCfg = Debug|Any CPU
		{0B4B6828-886D-49B1-87B7-B4C382FFEBF1}.Debug|x86.Build.0 = Debug|Any CPU
		{0B4B6828-886D-49B1-87B7-B4C382FFEBF1}.Release|Any CPU.ActiveCfg = Release|Any CPU
		{0B4B6828-886D-49B1-87B7-B4C382FFEBF1}.Release|Any CPU.Build.0 = Release|Any CPU
		{0B4B6828-886D-49B1-87B7-B4C382FFEBF1}.Release|x64.ActiveCfg = Release|Any CPU
		{0B4B6828-886D-49B1-87B7-B4C382FFEBF1}.Release|x64.Build.0 = Release|Any CPU
		{0B4B6828-886D-49B1-87B7-B4C382FFEBF1}.Release|x86.ActiveCfg = Release|Any CPU
		{0B4B6828-886D-49B1-87B7-B4C382FFEBF1}.Release|x86.Build.0 = Release|Any CPU
		{0E0F72D8-77E5-4B29-AFCE-D95B73F9FD01}.Debug|Any CPU.ActiveCfg = Debug|Any CPU
		{0E0F72D8-77E5-4B29-AFCE-D95B73F9FD01}.Debug|Any CPU.Build.0 = Debug|Any CPU
		{0E0F72D8-77E5-4B29-AFCE-D95B73F9FD01}.Debug|x64.ActiveCfg = Debug|Any CPU
		{0E0F72D8-77E5-4B29-AFCE-D95B73F9FD01}.Debug|x64.Build.0 = Debug|Any CPU
		{0E0F72D8-77E5-4B29-AFCE-D95B73F9FD01}.Debug|x86.ActiveCfg = Debug|Any CPU
		{0E0F72D8-77E5-4B29-AFCE-D95B73F9FD01}.Debug|x86.Build.0 = Debug|Any CPU
		{0E0F72D8-77E5-4B29-AFCE-D95B73F9FD01}.Release|Any CPU.ActiveCfg = Release|Any CPU
		{0E0F72D8-77E5-4B29-AFCE-D95B73F9FD01}.Release|Any CPU.Build.0 = Release|Any CPU
		{0E0F72D8-77E5-4B29-AFCE-D95B73F9FD01}.Release|x64.ActiveCfg = Release|Any CPU
		{0E0F72D8-77E5-4B29-AFCE-D95B73F9FD01}.Release|x64.Build.0 = Release|Any CPU
		{0E0F72D8-77E5-4B29-AFCE-D95B73F9FD01}.Release|x86.ActiveCfg = Release|Any CPU
		{0E0F72D8-77E5-4B29-AFCE-D95B73F9FD01}.Release|x86.Build.0 = Release|Any CPU
		{FD6CB286-F952-4BE5-8802-10D8AC9FA13D}.Debug|Any CPU.ActiveCfg = Debug|Any CPU
		{FD6CB286-F952-4BE5-8802-10D8AC9FA13D}.Debug|Any CPU.Build.0 = Debug|Any CPU
		{FD6CB286-F952-4BE5-8802-10D8AC9FA13D}.Debug|x64.ActiveCfg = Debug|Any CPU
		{FD6CB286-F952-4BE5-8802-10D8AC9FA13D}.Debug|x64.Build.0 = Debug|Any CPU
		{FD6CB286-F952-4BE5-8802-10D8AC9FA13D}.Debug|x86.ActiveCfg = Debug|Any CPU
		{FD6CB286-F952-4BE5-8802-10D8AC9FA13D}.Debug|x86.Build.0 = Debug|Any CPU
		{FD6CB286-F952-4BE5-8802-10D8AC9FA13D}.Release|Any CPU.ActiveCfg = Release|Any CPU
		{FD6CB286-F952-4BE5-8802-10D8AC9FA13D}.Release|Any CPU.Build.0 = Release|Any CPU
		{FD6CB286-F952-4BE5-8802-10D8AC9FA13D}.Release|x64.ActiveCfg = Release|Any CPU
		{FD6CB286-F952-4BE5-8802-10D8AC9FA13D}.Release|x64.Build.0 = Release|Any CPU
		{FD6CB286-F952-4BE5-8802-10D8AC9FA13D}.Release|x86.ActiveCfg = Release|Any CPU
		{FD6CB286-F952-4BE5-8802-10D8AC9FA13D}.Release|x86.Build.0 = Release|Any CPU
		{AD05CC01-A7CB-458D-818E-E20F26573213}.Debug|Any CPU.ActiveCfg = Debug|Any CPU
		{AD05CC01-A7CB-458D-818E-E20F26573213}.Debug|Any CPU.Build.0 = Debug|Any CPU
		{AD05CC01-A7CB-458D-818E-E20F26573213}.Debug|x64.ActiveCfg = Debug|Any CPU
		{AD05CC01-A7CB-458D-818E-E20F26573213}.Debug|x64.Build.0 = Debug|Any CPU
		{AD05CC01-A7CB-458D-818E-E20F26573213}.Debug|x86.ActiveCfg = Debug|Any CPU
		{AD05CC01-A7CB-458D-818E-E20F26573213}.Debug|x86.Build.0 = Debug|Any CPU
		{AD05CC01-A7CB-458D-818E-E20F26573213}.Release|Any CPU.ActiveCfg = Release|Any CPU
		{AD05CC01-A7CB-458D-818E-E20F26573213}.Release|Any CPU.Build.0 = Release|Any CPU
		{AD05CC01-A7CB-458D-818E-E20F26573213}.Release|x64.ActiveCfg = Release|Any CPU
		{AD05CC01-A7CB-458D-818E-E20F26573213}.Release|x64.Build.0 = Release|Any CPU
		{AD05CC01-A7CB-458D-818E-E20F26573213}.Release|x86.ActiveCfg = Release|Any CPU
		{AD05CC01-A7CB-458D-818E-E20F26573213}.Release|x86.Build.0 = Release|Any CPU
		{EC46599E-8B88-4B3E-B94A-B37302AFB3C5}.Debug|Any CPU.ActiveCfg = Debug|Any CPU
		{EC46599E-8B88-4B3E-B94A-B37302AFB3C5}.Debug|Any CPU.Build.0 = Debug|Any CPU
		{EC46599E-8B88-4B3E-B94A-B37302AFB3C5}.Debug|x64.ActiveCfg = Debug|Any CPU
		{EC46599E-8B88-4B3E-B94A-B37302AFB3C5}.Debug|x64.Build.0 = Debug|Any CPU
		{EC46599E-8B88-4B3E-B94A-B37302AFB3C5}.Debug|x86.ActiveCfg = Debug|Any CPU
		{EC46599E-8B88-4B3E-B94A-B37302AFB3C5}.Debug|x86.Build.0 = Debug|Any CPU
		{EC46599E-8B88-4B3E-B94A-B37302AFB3C5}.Release|Any CPU.ActiveCfg = Release|Any CPU
		{EC46599E-8B88-4B3E-B94A-B37302AFB3C5}.Release|Any CPU.Build.0 = Release|Any CPU
		{EC46599E-8B88-4B3E-B94A-B37302AFB3C5}.Release|x64.ActiveCfg = Release|Any CPU
		{EC46599E-8B88-4B3E-B94A-B37302AFB3C5}.Release|x64.Build.0 = Release|Any CPU
		{EC46599E-8B88-4B3E-B94A-B37302AFB3C5}.Release|x86.ActiveCfg = Release|Any CPU
		{EC46599E-8B88-4B3E-B94A-B37302AFB3C5}.Release|x86.Build.0 = Release|Any CPU
		{383909B0-0301-4C47-9ADE-55DB80209359}.Debug|Any CPU.ActiveCfg = Debug|Any CPU
		{383909B0-0301-4C47-9ADE-55DB80209359}.Debug|Any CPU.Build.0 = Debug|Any CPU
		{383909B0-0301-4C47-9ADE-55DB80209359}.Debug|x64.ActiveCfg = Debug|Any CPU
		{383909B0-0301-4C47-9ADE-55DB80209359}.Debug|x64.Build.0 = Debug|Any CPU
		{383909B0-0301-4C47-9ADE-55DB80209359}.Debug|x86.ActiveCfg = Debug|Any CPU
		{383909B0-0301-4C47-9ADE-55DB80209359}.Debug|x86.Build.0 = Debug|Any CPU
		{383909B0-0301-4C47-9ADE-55DB80209359}.Release|Any CPU.ActiveCfg = Release|Any CPU
		{383909B0-0301-4C47-9ADE-55DB80209359}.Release|Any CPU.Build.0 = Release|Any CPU
		{383909B0-0301-4C47-9ADE-55DB80209359}.Release|x64.ActiveCfg = Release|Any CPU
		{383909B0-0301-4C47-9ADE-55DB80209359}.Release|x64.Build.0 = Release|Any CPU
		{383909B0-0301-4C47-9ADE-55DB80209359}.Release|x86.ActiveCfg = Release|Any CPU
		{383909B0-0301-4C47-9ADE-55DB80209359}.Release|x86.Build.0 = Release|Any CPU
		{0E6A116A-E535-4010-9381-F663720687CD}.Debug|Any CPU.ActiveCfg = Debug|Any CPU
		{0E6A116A-E535-4010-9381-F663720687CD}.Debug|Any CPU.Build.0 = Debug|Any CPU
		{0E6A116A-E535-4010-9381-F663720687CD}.Debug|x64.ActiveCfg = Debug|Any CPU
		{0E6A116A-E535-4010-9381-F663720687CD}.Debug|x64.Build.0 = Debug|Any CPU
		{0E6A116A-E535-4010-9381-F663720687CD}.Debug|x86.ActiveCfg = Debug|Any CPU
		{0E6A116A-E535-4010-9381-F663720687CD}.Debug|x86.Build.0 = Debug|Any CPU
		{0E6A116A-E535-4010-9381-F663720687CD}.Release|Any CPU.ActiveCfg = Release|Any CPU
		{0E6A116A-E535-4010-9381-F663720687CD}.Release|Any CPU.Build.0 = Release|Any CPU
		{0E6A116A-E535-4010-9381-F663720687CD}.Release|x64.ActiveCfg = Release|Any CPU
		{0E6A116A-E535-4010-9381-F663720687CD}.Release|x64.Build.0 = Release|Any CPU
		{0E6A116A-E535-4010-9381-F663720687CD}.Release|x86.ActiveCfg = Release|Any CPU
		{0E6A116A-E535-4010-9381-F663720687CD}.Release|x86.Build.0 = Release|Any CPU
		{3811369C-EEC2-429E-B41E-D01B094492A8}.Debug|Any CPU.ActiveCfg = Debug|Any CPU
		{3811369C-EEC2-429E-B41E-D01B094492A8}.Debug|Any CPU.Build.0 = Debug|Any CPU
		{3811369C-EEC2-429E-B41E-D01B094492A8}.Debug|x64.ActiveCfg = Debug|Any CPU
		{3811369C-EEC2-429E-B41E-D01B094492A8}.Debug|x64.Build.0 = Debug|Any CPU
		{3811369C-EEC2-429E-B41E-D01B094492A8}.Debug|x86.ActiveCfg = Debug|Any CPU
		{3811369C-EEC2-429E-B41E-D01B094492A8}.Debug|x86.Build.0 = Debug|Any CPU
		{3811369C-EEC2-429E-B41E-D01B094492A8}.Release|Any CPU.ActiveCfg = Release|Any CPU
		{3811369C-EEC2-429E-B41E-D01B094492A8}.Release|Any CPU.Build.0 = Release|Any CPU
		{3811369C-EEC2-429E-B41E-D01B094492A8}.Release|x64.ActiveCfg = Release|Any CPU
		{3811369C-EEC2-429E-B41E-D01B094492A8}.Release|x64.Build.0 = Release|Any CPU
		{3811369C-EEC2-429E-B41E-D01B094492A8}.Release|x86.ActiveCfg = Release|Any CPU
		{3811369C-EEC2-429E-B41E-D01B094492A8}.Release|x86.Build.0 = Release|Any CPU
		{85B86301-C84C-4D2E-8FDB-FEDCBB3C0B31}.Debug|Any CPU.ActiveCfg = Debug|Any CPU
		{85B86301-C84C-4D2E-8FDB-FEDCBB3C0B31}.Debug|Any CPU.Build.0 = Debug|Any CPU
		{85B86301-C84C-4D2E-8FDB-FEDCBB3C0B31}.Debug|x64.ActiveCfg = Debug|Any CPU
		{85B86301-C84C-4D2E-8FDB-FEDCBB3C0B31}.Debug|x64.Build.0 = Debug|Any CPU
		{85B86301-C84C-4D2E-8FDB-FEDCBB3C0B31}.Debug|x86.ActiveCfg = Debug|Any CPU
		{85B86301-C84C-4D2E-8FDB-FEDCBB3C0B31}.Debug|x86.Build.0 = Debug|Any CPU
		{85B86301-C84C-4D2E-8FDB-FEDCBB3C0B31}.Release|Any CPU.ActiveCfg = Release|Any CPU
		{85B86301-C84C-4D2E-8FDB-FEDCBB3C0B31}.Release|Any CPU.Build.0 = Release|Any CPU
		{85B86301-C84C-4D2E-8FDB-FEDCBB3C0B31}.Release|x64.ActiveCfg = Release|Any CPU
		{85B86301-C84C-4D2E-8FDB-FEDCBB3C0B31}.Release|x64.Build.0 = Release|Any CPU
		{85B86301-C84C-4D2E-8FDB-FEDCBB3C0B31}.Release|x86.ActiveCfg = Release|Any CPU
		{85B86301-C84C-4D2E-8FDB-FEDCBB3C0B31}.Release|x86.Build.0 = Release|Any CPU
		{E730408F-1DAD-4121-AFC9-CB9DFE62F88E}.Debug|Any CPU.ActiveCfg = Debug|Any CPU
		{E730408F-1DAD-4121-AFC9-CB9DFE62F88E}.Debug|Any CPU.Build.0 = Debug|Any CPU
		{E730408F-1DAD-4121-AFC9-CB9DFE62F88E}.Debug|x64.ActiveCfg = Debug|Any CPU
		{E730408F-1DAD-4121-AFC9-CB9DFE62F88E}.Debug|x64.Build.0 = Debug|Any CPU
		{E730408F-1DAD-4121-AFC9-CB9DFE62F88E}.Debug|x86.ActiveCfg = Debug|Any CPU
		{E730408F-1DAD-4121-AFC9-CB9DFE62F88E}.Debug|x86.Build.0 = Debug|Any CPU
		{E730408F-1DAD-4121-AFC9-CB9DFE62F88E}.Release|Any CPU.ActiveCfg = Release|Any CPU
		{E730408F-1DAD-4121-AFC9-CB9DFE62F88E}.Release|Any CPU.Build.0 = Release|Any CPU
		{E730408F-1DAD-4121-AFC9-CB9DFE62F88E}.Release|x64.ActiveCfg = Release|Any CPU
		{E730408F-1DAD-4121-AFC9-CB9DFE62F88E}.Release|x64.Build.0 = Release|Any CPU
		{E730408F-1DAD-4121-AFC9-CB9DFE62F88E}.Release|x86.ActiveCfg = Release|Any CPU
		{E730408F-1DAD-4121-AFC9-CB9DFE62F88E}.Release|x86.Build.0 = Release|Any CPU
		{CAF73F8C-9F36-4D16-914D-9A60CDFCFF4C}.Debug|Any CPU.ActiveCfg = Debug|Any CPU
		{CAF73F8C-9F36-4D16-914D-9A60CDFCFF4C}.Debug|Any CPU.Build.0 = Debug|Any CPU
		{CAF73F8C-9F36-4D16-914D-9A60CDFCFF4C}.Debug|x64.ActiveCfg = Debug|Any CPU
		{CAF73F8C-9F36-4D16-914D-9A60CDFCFF4C}.Debug|x64.Build.0 = Debug|Any CPU
		{CAF73F8C-9F36-4D16-914D-9A60CDFCFF4C}.Debug|x86.ActiveCfg = Debug|Any CPU
		{CAF73F8C-9F36-4D16-914D-9A60CDFCFF4C}.Debug|x86.Build.0 = Debug|Any CPU
		{CAF73F8C-9F36-4D16-914D-9A60CDFCFF4C}.Release|Any CPU.ActiveCfg = Release|Any CPU
		{CAF73F8C-9F36-4D16-914D-9A60CDFCFF4C}.Release|Any CPU.Build.0 = Release|Any CPU
		{CAF73F8C-9F36-4D16-914D-9A60CDFCFF4C}.Release|x64.ActiveCfg = Release|Any CPU
		{CAF73F8C-9F36-4D16-914D-9A60CDFCFF4C}.Release|x64.Build.0 = Release|Any CPU
		{CAF73F8C-9F36-4D16-914D-9A60CDFCFF4C}.Release|x86.ActiveCfg = Release|Any CPU
		{CAF73F8C-9F36-4D16-914D-9A60CDFCFF4C}.Release|x86.Build.0 = Release|Any CPU
		{20092585-D523-49E8-9D7C-F33B66AB4808}.Debug|Any CPU.ActiveCfg = Debug|Any CPU
		{20092585-D523-49E8-9D7C-F33B66AB4808}.Debug|Any CPU.Build.0 = Debug|Any CPU
		{20092585-D523-49E8-9D7C-F33B66AB4808}.Debug|x64.ActiveCfg = Debug|Any CPU
		{20092585-D523-49E8-9D7C-F33B66AB4808}.Debug|x64.Build.0 = Debug|Any CPU
		{20092585-D523-49E8-9D7C-F33B66AB4808}.Debug|x86.ActiveCfg = Debug|Any CPU
		{20092585-D523-49E8-9D7C-F33B66AB4808}.Debug|x86.Build.0 = Debug|Any CPU
		{20092585-D523-49E8-9D7C-F33B66AB4808}.Release|Any CPU.ActiveCfg = Release|Any CPU
		{20092585-D523-49E8-9D7C-F33B66AB4808}.Release|Any CPU.Build.0 = Release|Any CPU
		{20092585-D523-49E8-9D7C-F33B66AB4808}.Release|x64.ActiveCfg = Release|Any CPU
		{20092585-D523-49E8-9D7C-F33B66AB4808}.Release|x64.Build.0 = Release|Any CPU
		{20092585-D523-49E8-9D7C-F33B66AB4808}.Release|x86.ActiveCfg = Release|Any CPU
		{20092585-D523-49E8-9D7C-F33B66AB4808}.Release|x86.Build.0 = Release|Any CPU
		{DDF18522-E8C0-405E-9FC5-ED6022DD3E88}.Debug|Any CPU.ActiveCfg = Debug|Any CPU
		{DDF18522-E8C0-405E-9FC5-ED6022DD3E88}.Debug|Any CPU.Build.0 = Debug|Any CPU
		{DDF18522-E8C0-405E-9FC5-ED6022DD3E88}.Debug|x64.ActiveCfg = Debug|Any CPU
		{DDF18522-E8C0-405E-9FC5-ED6022DD3E88}.Debug|x64.Build.0 = Debug|Any CPU
		{DDF18522-E8C0-405E-9FC5-ED6022DD3E88}.Debug|x86.ActiveCfg = Debug|Any CPU
		{DDF18522-E8C0-405E-9FC5-ED6022DD3E88}.Debug|x86.Build.0 = Debug|Any CPU
		{DDF18522-E8C0-405E-9FC5-ED6022DD3E88}.Release|Any CPU.ActiveCfg = Release|Any CPU
		{DDF18522-E8C0-405E-9FC5-ED6022DD3E88}.Release|Any CPU.Build.0 = Release|Any CPU
		{DDF18522-E8C0-405E-9FC5-ED6022DD3E88}.Release|x64.ActiveCfg = Release|Any CPU
		{DDF18522-E8C0-405E-9FC5-ED6022DD3E88}.Release|x64.Build.0 = Release|Any CPU
		{DDF18522-E8C0-405E-9FC5-ED6022DD3E88}.Release|x86.ActiveCfg = Release|Any CPU
		{DDF18522-E8C0-405E-9FC5-ED6022DD3E88}.Release|x86.Build.0 = Release|Any CPU
		{611A01AB-B68C-4D7F-A687-944F84AFB986}.Debug|Any CPU.ActiveCfg = Debug|Any CPU
		{611A01AB-B68C-4D7F-A687-944F84AFB986}.Debug|Any CPU.Build.0 = Debug|Any CPU
		{611A01AB-B68C-4D7F-A687-944F84AFB986}.Debug|x64.ActiveCfg = Debug|Any CPU
		{611A01AB-B68C-4D7F-A687-944F84AFB986}.Debug|x64.Build.0 = Debug|Any CPU
		{611A01AB-B68C-4D7F-A687-944F84AFB986}.Debug|x86.ActiveCfg = Debug|Any CPU
		{611A01AB-B68C-4D7F-A687-944F84AFB986}.Debug|x86.Build.0 = Debug|Any CPU
		{611A01AB-B68C-4D7F-A687-944F84AFB986}.Release|Any CPU.ActiveCfg = Release|Any CPU
		{611A01AB-B68C-4D7F-A687-944F84AFB986}.Release|Any CPU.Build.0 = Release|Any CPU
		{611A01AB-B68C-4D7F-A687-944F84AFB986}.Release|x64.ActiveCfg = Release|Any CPU
		{611A01AB-B68C-4D7F-A687-944F84AFB986}.Release|x64.Build.0 = Release|Any CPU
		{611A01AB-B68C-4D7F-A687-944F84AFB986}.Release|x86.ActiveCfg = Release|Any CPU
		{611A01AB-B68C-4D7F-A687-944F84AFB986}.Release|x86.Build.0 = Release|Any CPU
	EndGlobalSection
EndGlobal
