
Microsoft Visual Studio Solution File, Format Version 12.00
# Visual Studio 15
VisualStudioVersion = 15.0.26124.0
MinimumVisualStudioVersion = 15.0.26124.0
Project("{FAE04EC0-301F-11D3-BF4B-00C04F79EFBC}") = "Penguin.Cms.Modules.Errors.Local", "Penguin.Cms.Modules.Errors.Local.csproj", "{E7B6D52F-40E3-4DEC-B8A9-2833E6D2DDF9}"
EndProject
Project("{FAE04EC0-301F-11D3-BF4B-00C04F79EFBC}") = "Penguin.Cms.Web.Errors.Local", "..\Penguin.Cms.Web.Errors\Penguin.Cms.Web.Errors.Local.csproj", "{DD761676-FCCB-45ED-99B1-7D98DAD6A97A}"
EndProject
Project("{FAE04EC0-301F-11D3-BF4B-00C04F79EFBC}") = "Penguin.Web.Abstractions.Local", "..\Penguin.Web.Abstractions\Penguin.Web.Abstractions.Local.csproj", "{8BD3783D-A0FB-4BC1-BC41-51606F1040C7}"
EndProject
Project("{FAE04EC0-301F-11D3-BF4B-00C04F79EFBC}") = "Penguin.Security.Abstractions.Local", "..\Penguin.Security.Abstractions\Penguin.Security.Abstractions.Local.csproj", "{62611689-B7F3-4C74-B7F1-D143C7C3B2C2}"
EndProject
Project("{FAE04EC0-301F-11D3-BF4B-00C04F79EFBC}") = "Penguin.Cms.Errors.Local", "..\Penguin.Cms.Errors\Penguin.Cms.Errors.Local.csproj", "{751844F0-040A-4D35-A11A-85ECD571F12D}"
EndProject
Project("{FAE04EC0-301F-11D3-BF4B-00C04F79EFBC}") = "Penguin.Auditing.Abstractions.Local", "..\Penguin.Auditing.Abstractions\Penguin.Auditing.Abstractions.Local.csproj", "{BDB05B8E-2022-41C7-9989-A102CCE4BEDB}"
EndProject
Project("{FAE04EC0-301F-11D3-BF4B-00C04F79EFBC}") = "Penguin.Extensions.Exceptions.Local", "..\Penguin.Extensions.Exceptions\Penguin.Extensions.Exceptions.Local.csproj", "{ED597E8C-94DD-4064-A9FD-E883DB32C0CF}"
EndProject
Project("{FAE04EC0-301F-11D3-BF4B-00C04F79EFBC}") = "Penguin.Cms.Entities.Local", "..\Penguin.Cms.Entities\Penguin.Cms.Entities.Local.csproj", "{6C679949-C54C-49CB-81C0-70C63DC0CEED}"
EndProject
Project("{FAE04EC0-301F-11D3-BF4B-00C04F79EFBC}") = "Penguin.Persistence.Abstractions.Local", "..\Penguin.Persistence.Abstractions\Penguin.Persistence.Abstractions.Local.csproj", "{444E3F70-D089-42FF-8954-F7743E9623C3}"
EndProject
Project("{FAE04EC0-301F-11D3-BF4B-00C04F79EFBC}") = "Penguin.Entities.Abstractions.Local", "..\Penguin.Entities.Abstractions\Penguin.Entities.Abstractions.Local.csproj", "{8040490A-FE92-4929-BD81-628A4E05D192}"
EndProject
Project("{FAE04EC0-301F-11D3-BF4B-00C04F79EFBC}") = "Penguin.Reflection.Extensions.Local", "..\Penguin.Reflection.Extensions\Penguin.Reflection.Extensions.Local.csproj", "{8D2DC939-9FF1-400A-B01B-5689C30C97D4}"
EndProject
Project("{FAE04EC0-301F-11D3-BF4B-00C04F79EFBC}") = "Penguin.Reflection.Abstractions.Local", "..\Penguin.Reflection.Abstractions\Penguin.Reflection.Abstractions.Local.csproj", "{64411AC1-B74F-4462-8083-EB3C4B293F68}"
EndProject
Project("{FAE04EC0-301F-11D3-BF4B-00C04F79EFBC}") = "Penguin.Extensions.String.Local", "..\Penguin.Extensions.String\Penguin.Extensions.String.Local.csproj", "{4876262C-2AD7-47C1-AE70-D973AB611619}"
EndProject
Project("{FAE04EC0-301F-11D3-BF4B-00C04F79EFBC}") = "Penguin.Cms.Modules.Dynamic.Local", "..\Penguin.Cms.Modules.Dynamic\Penguin.Cms.Modules.Dynamic.Local.csproj", "{4AE7FBF2-DA4A-43D3-9304-EBC074E3C375}"
EndProject
Project("{FAE04EC0-301F-11D3-BF4B-00C04F79EFBC}") = "Penguin.Json.Local", "..\Penguin.Json\Penguin.Json.Local.csproj", "{DF1BDF6F-A2A9-4865-84DD-DDFD245DB3AB}"
EndProject
Project("{FAE04EC0-301F-11D3-BF4B-00C04F79EFBC}") = "Penguin.Json.Abstractions.Local", "..\Penguin.Json.Abstractions\Penguin.Json.Abstractions.Local.csproj", "{265D88E6-143E-4BEA-876A-E1A60841EEC1}"
EndProject
Project("{FAE04EC0-301F-11D3-BF4B-00C04F79EFBC}") = "Penguin.Reflection.Local", "..\Penguin.Reflection\Penguin.Reflection.Local.csproj", "{240E7104-7628-4014-96D8-7F780B722377}"
EndProject
Project("{FAE04EC0-301F-11D3-BF4B-00C04F79EFBC}") = "Penguin.Debugging.Local", "..\Penguin.Debugging\Penguin.Debugging.Local.csproj", "{A7602F7E-1D16-46DE-A6F4-9E75D99819A3}"
EndProject
Project("{FAE04EC0-301F-11D3-BF4B-00C04F79EFBC}") = "Penguin.SystemExtensions.Abstractions.Local", "..\Penguin.SystemExtensions.Abstractions\Penguin.SystemExtensions.Abstractions.Local.csproj", "{0EC1D6D2-97BC-4EF8-9F3D-0C18BE7BCBC8}"
EndProject
Project("{FAE04EC0-301F-11D3-BF4B-00C04F79EFBC}") = "Penguin.Shared.Objects.Local", "..\Penguin.Shared.Objects\Penguin.Shared.Objects.Local.csproj", "{F2CF6855-2668-43F3-8D85-C4041A1E5B80}"
EndProject
Project("{FAE04EC0-301F-11D3-BF4B-00C04F79EFBC}") = "Penguin.Cms.Repositories.Local", "..\Penguin.Cms.Repositories\Penguin.Cms.Repositories.Local.csproj", "{000AE3C7-5ED2-45E1-AC45-0F004DD06D53}"
EndProject
Project("{FAE04EC0-301F-11D3-BF4B-00C04F79EFBC}") = "Penguin.Persistence.Repositories.Local", "..\Penguin.Persistence.Repositories\Penguin.Persistence.Repositories.Local.csproj", "{17A2C64A-2295-4B19-A0C8-48821B4C7106}"
EndProject
Project("{FAE04EC0-301F-11D3-BF4B-00C04F79EFBC}") = "Penguin.Messaging.Core.Local", "..\Penguin.Messaging.Core\Penguin.Messaging.Core.Local.csproj", "{AADC871D-A5F8-466E-815B-A90140AD31AF}"
EndProject
Project("{FAE04EC0-301F-11D3-BF4B-00C04F79EFBC}") = "Penguin.Messaging.Abstractions.Local", "..\Penguin.Messaging.Abstractions\Penguin.Messaging.Abstractions.Local.csproj", "{81768150-4DD4-426B-BDD9-BA3D4642A82A}"
EndProject
Project("{FAE04EC0-301F-11D3-BF4B-00C04F79EFBC}") = "Penguin.DependencyInjection.Abstractions.Local", "..\Penguin.DependencyInjection.Abstractions\Penguin.DependencyInjection.Abstractions.Local.csproj", "{970085EA-BB76-4BE8-B571-C1A1FC18EED9}"
EndProject
Project("{FAE04EC0-301F-11D3-BF4B-00C04F79EFBC}") = "Penguin.Messaging.Persistence.Local", "..\Penguin.Messaging.Persistence\Penguin.Messaging.Persistence.Local.csproj", "{0F6E79D1-F627-4906-86AD-9016D77F9CEC}"
EndProject
Project("{FAE04EC0-301F-11D3-BF4B-00C04F79EFBC}") = "Penguin.Web.Dynamic.Local", "..\Penguin.Web.Dynamic\Penguin.Web.Dynamic.Local.csproj", "{6145FA80-8F51-436D-AC77-60E497F64227}"
EndProject
Project("{FAE04EC0-301F-11D3-BF4B-00C04F79EFBC}") = "Penguin.Extensions.Collections.Local", "..\Penguin.Extensions.Collections\Penguin.Extensions.Collections.Local.csproj", "{0EE31E65-350D-4EFE-9D97-42FE990DAC9A}"
EndProject
Project("{FAE04EC0-301F-11D3-BF4B-00C04F79EFBC}") = "Penguin.Reflection.Serialization.Local", "..\Penguin.Reflection.Serialization\Penguin.Reflection.Serialization.Local.csproj", "{C117927D-97B8-43CA-A347-FF6C91889ECD}"
EndProject
Project("{FAE04EC0-301F-11D3-BF4B-00C04F79EFBC}") = "Penguin.Reflection.Serialization.Abstractions.Local", "..\Penguin.Reflection.Serialization.Abstractions\Penguin.Reflection.Serialization.Abstractions.Local.csproj", "{14C454C8-0DE0-429F-8AFE-33A98E6BE4E6}"
EndProject
Project("{FAE04EC0-301F-11D3-BF4B-00C04F79EFBC}") = "Penguin.Cms.Modules.Admin.Local", "..\Penguin.Cms.Modules.Admin\Penguin.Cms.Modules.Admin.Local.csproj", "{49C093B7-3304-4B83-9DD6-9903C3EB0654}"
EndProject
Project("{FAE04EC0-301F-11D3-BF4B-00C04F79EFBC}") = "Penguin.Web.Security.Local", "..\Penguin.Web.Security\Penguin.Web.Security.Local.csproj", "{4F4E1077-01F7-4107-8867-F7AD6E5FE619}"
EndProject
Project("{FAE04EC0-301F-11D3-BF4B-00C04F79EFBC}") = "Penguin.Cms.Modules.Core.Local", "..\Penguin.Cms.Modules.Core\Penguin.Cms.Modules.Core.Local.csproj", "{555B4CBD-D38B-467D-994C-D92B83949AE3}"
EndProject
Project("{FAE04EC0-301F-11D3-BF4B-00C04F79EFBC}") = "Penguin.Navigation.Abstractions.Local", "..\Penguin.Navigation.Abstractions\Penguin.Navigation.Abstractions.Local.csproj", "{6192E0EE-5C87-40AE-A34A-5B6E6FBD815A}"
EndProject
Project("{FAE04EC0-301F-11D3-BF4B-00C04F79EFBC}") = "Penguin.Cms.Core.Local", "..\Penguin.Cms.Core\Penguin.Cms.Core.Local.csproj", "{535FCE47-E8DD-457D-8B94-B7179E9A0A5C}"
EndProject
Project("{FAE04EC0-301F-11D3-BF4B-00C04F79EFBC}") = "Penguin.Cms.Abstractions.Local", "..\Penguin.Cms.Abstractions\Penguin.Cms.Abstractions.Local.csproj", "{5BBA5D57-BCB3-4DF6-A238-F26E660C36DE}"
EndProject
Project("{FAE04EC0-301F-11D3-BF4B-00C04F79EFBC}") = "Penguin.Cms.Web.Local", "..\Penguin.Cms.Web\Penguin.Cms.Web.Local.csproj", "{60080351-0C23-4443-B705-F3363E622499}"
EndProject
Project("{FAE04EC0-301F-11D3-BF4B-00C04F79EFBC}") = "Penguin.Messaging.Application.Local", "..\Penguin.Messaging.Application\Penguin.Messaging.Application.Local.csproj", "{07A0356E-5CFC-491A-B997-1214BF72ACF3}"
EndProject
Project("{FAE04EC0-301F-11D3-BF4B-00C04F79EFBC}") = "Penguin.Web.Mvc.Local", "..\Penguin.Web.Mvc\Penguin.Web.Mvc.Local.csproj", "{6CBFCD92-4762-4636-AB2D-EFF3692013BA}"
EndProject
Project("{FAE04EC0-301F-11D3-BF4B-00C04F79EFBC}") = "Penguin.Web.Mvc.Abstractions.Local", "..\Penguin.Web.Mvc.Abstractions\Penguin.Web.Mvc.Abstractions.Local.csproj", "{4AF53F61-E09E-4F1C-B862-2DD2CBC01340}"
EndProject
Project("{FAE04EC0-301F-11D3-BF4B-00C04F79EFBC}") = "Penguin.Templating.Abstractions.Local", "..\Penguin.Templating.Abstractions\Penguin.Templating.Abstractions.Local.csproj", "{C1A13441-D17B-4C6B-BFCC-4E0975C1C9D2}"
EndProject
Project("{FAE04EC0-301F-11D3-BF4B-00C04F79EFBC}") = "Penguin.Testing.Local", "..\Penguin.Testing\Penguin.Testing.Local.csproj", "{C5C0DAE4-8E56-4D67-A8FE-EB83543B70C3}"
EndProject
Project("{FAE04EC0-301F-11D3-BF4B-00C04F79EFBC}") = "Penguin.Web.Errors.Local", "..\Penguin.Web.Errors\Penguin.Web.Errors.Local.csproj", "{33B2B0DD-5EDB-4B38-8770-2C2C5FE7E2AB}"
EndProject
Project("{FAE04EC0-301F-11D3-BF4B-00C04F79EFBC}") = "Penguin.Web.DependencyInjection.Local", "..\Penguin.Web.DependencyInjection\Penguin.Web.DependencyInjection.Local.csproj", "{6CCE4EE2-7BB6-4F3D-BE58-5DB078C1C19E}"
EndProject
Project("{FAE04EC0-301F-11D3-BF4B-00C04F79EFBC}") = "Penguin.Web.Testing.Local", "..\Penguin.Web.Testing\Penguin.Web.Testing.Local.csproj", "{A4C7E4C6-B1A1-4BD3-9C3F-0EC1A08369E0}"
EndProject
Project("{FAE04EC0-301F-11D3-BF4B-00C04F79EFBC}") = "Penguin.DependencyInjection.Local", "..\Penguin.DependencyInjection\Penguin.DependencyInjection.Local.csproj", "{B66D6A83-051D-429A-B027-3C0DDC67151E}"
EndProject
Project("{FAE04EC0-301F-11D3-BF4B-00C04F79EFBC}") = "Penguin.Configuration.Local", "..\Penguin.Configuration\Penguin.Configuration.Local.csproj", "{39851B72-5DB4-4989-A1E3-3A62596B31B2}"
EndProject
Project("{FAE04EC0-301F-11D3-BF4B-00C04F79EFBC}") = "Penguin.Configuration.Abstractions.Local", "..\Penguin.Configuration.Abstractions\Penguin.Configuration.Abstractions.Local.csproj", "{50A36A70-CB99-49E5-80D2-B53130D8A4FE}"
EndProject
Project("{FAE04EC0-301F-11D3-BF4B-00C04F79EFBC}") = "Penguin.Persistence.Database.Local", "..\Penguin.Persistence.Database\Penguin.Persistence.Database.Local.csproj", "{DE35CD3A-36FA-48F1-BEA2-0D2A9249DE0E}"
EndProject
Project("{FAE04EC0-301F-11D3-BF4B-00C04F79EFBC}") = "Penguin.Threading.BackgroundWorker.Local", "..\Penguin.Threading.BackgroundWorker\Penguin.Threading.BackgroundWorker.Local.csproj", "{283853F9-9751-40D7-AFB3-2C900CF00C65}"
EndProject
Project("{FAE04EC0-301F-11D3-BF4B-00C04F79EFBC}") = "Penguin.Files.Local", "..\Penguin.Files\Penguin.Files.Local.csproj", "{0BE0975D-D118-4FCF-BC47-8707B0BB0D25}"
EndProject
Project("{FAE04EC0-301F-11D3-BF4B-00C04F79EFBC}") = "Penguin.Files.Abstractions.Local", "..\Penguin.Files.Abstractions\Penguin.Files.Abstractions.Local.csproj", "{BC37CB9F-E3F8-4549-B41F-D052211B0F49}"
EndProject
Project("{FAE04EC0-301F-11D3-BF4B-00C04F79EFBC}") = "Penguin.Reflection.Serialization.Extensions.Local", "..\Penguin.Reflection.Serialization.Extensions\Penguin.Reflection.Serialization.Extensions.Local.csproj", "{F365CA71-28F8-41DF-95F7-496F231E1DCD}"
EndProject
Global
	GlobalSection(SolutionConfigurationPlatforms) = preSolution
		Debug|Any CPU = Debug|Any CPU
		Debug|x64 = Debug|x64
		Debug|x86 = Debug|x86
		Release|Any CPU = Release|Any CPU
		Release|x64 = Release|x64
		Release|x86 = Release|x86
	EndGlobalSection
	GlobalSection(SolutionProperties) = preSolution
		HideSolutionNode = FALSE
	EndGlobalSection
	GlobalSection(ProjectConfigurationPlatforms) = postSolution
		{E7B6D52F-40E3-4DEC-B8A9-2833E6D2DDF9}.Debug|Any CPU.ActiveCfg = Debug|Any CPU
		{E7B6D52F-40E3-4DEC-B8A9-2833E6D2DDF9}.Debug|Any CPU.Build.0 = Debug|Any CPU
		{E7B6D52F-40E3-4DEC-B8A9-2833E6D2DDF9}.Debug|x64.ActiveCfg = Debug|Any CPU
		{E7B6D52F-40E3-4DEC-B8A9-2833E6D2DDF9}.Debug|x64.Build.0 = Debug|Any CPU
		{E7B6D52F-40E3-4DEC-B8A9-2833E6D2DDF9}.Debug|x86.ActiveCfg = Debug|Any CPU
		{E7B6D52F-40E3-4DEC-B8A9-2833E6D2DDF9}.Debug|x86.Build.0 = Debug|Any CPU
		{E7B6D52F-40E3-4DEC-B8A9-2833E6D2DDF9}.Release|Any CPU.ActiveCfg = Release|Any CPU
		{E7B6D52F-40E3-4DEC-B8A9-2833E6D2DDF9}.Release|Any CPU.Build.0 = Release|Any CPU
		{E7B6D52F-40E3-4DEC-B8A9-2833E6D2DDF9}.Release|x64.ActiveCfg = Release|Any CPU
		{E7B6D52F-40E3-4DEC-B8A9-2833E6D2DDF9}.Release|x64.Build.0 = Release|Any CPU
		{E7B6D52F-40E3-4DEC-B8A9-2833E6D2DDF9}.Release|x86.ActiveCfg = Release|Any CPU
		{E7B6D52F-40E3-4DEC-B8A9-2833E6D2DDF9}.Release|x86.Build.0 = Release|Any CPU
		{DD761676-FCCB-45ED-99B1-7D98DAD6A97A}.Debug|Any CPU.ActiveCfg = Debug|Any CPU
		{DD761676-FCCB-45ED-99B1-7D98DAD6A97A}.Debug|Any CPU.Build.0 = Debug|Any CPU
		{DD761676-FCCB-45ED-99B1-7D98DAD6A97A}.Debug|x64.ActiveCfg = Debug|Any CPU
		{DD761676-FCCB-45ED-99B1-7D98DAD6A97A}.Debug|x64.Build.0 = Debug|Any CPU
		{DD761676-FCCB-45ED-99B1-7D98DAD6A97A}.Debug|x86.ActiveCfg = Debug|Any CPU
		{DD761676-FCCB-45ED-99B1-7D98DAD6A97A}.Debug|x86.Build.0 = Debug|Any CPU
		{DD761676-FCCB-45ED-99B1-7D98DAD6A97A}.Release|Any CPU.ActiveCfg = Release|Any CPU
		{DD761676-FCCB-45ED-99B1-7D98DAD6A97A}.Release|Any CPU.Build.0 = Release|Any CPU
		{DD761676-FCCB-45ED-99B1-7D98DAD6A97A}.Release|x64.ActiveCfg = Release|Any CPU
		{DD761676-FCCB-45ED-99B1-7D98DAD6A97A}.Release|x64.Build.0 = Release|Any CPU
		{DD761676-FCCB-45ED-99B1-7D98DAD6A97A}.Release|x86.ActiveCfg = Release|Any CPU
		{DD761676-FCCB-45ED-99B1-7D98DAD6A97A}.Release|x86.Build.0 = Release|Any CPU
		{8BD3783D-A0FB-4BC1-BC41-51606F1040C7}.Debug|Any CPU.ActiveCfg = Debug|Any CPU
		{8BD3783D-A0FB-4BC1-BC41-51606F1040C7}.Debug|Any CPU.Build.0 = Debug|Any CPU
		{8BD3783D-A0FB-4BC1-BC41-51606F1040C7}.Debug|x64.ActiveCfg = Debug|Any CPU
		{8BD3783D-A0FB-4BC1-BC41-51606F1040C7}.Debug|x64.Build.0 = Debug|Any CPU
		{8BD3783D-A0FB-4BC1-BC41-51606F1040C7}.Debug|x86.ActiveCfg = Debug|Any CPU
		{8BD3783D-A0FB-4BC1-BC41-51606F1040C7}.Debug|x86.Build.0 = Debug|Any CPU
		{8BD3783D-A0FB-4BC1-BC41-51606F1040C7}.Release|Any CPU.ActiveCfg = Release|Any CPU
		{8BD3783D-A0FB-4BC1-BC41-51606F1040C7}.Release|Any CPU.Build.0 = Release|Any CPU
		{8BD3783D-A0FB-4BC1-BC41-51606F1040C7}.Release|x64.ActiveCfg = Release|Any CPU
		{8BD3783D-A0FB-4BC1-BC41-51606F1040C7}.Release|x64.Build.0 = Release|Any CPU
		{8BD3783D-A0FB-4BC1-BC41-51606F1040C7}.Release|x86.ActiveCfg = Release|Any CPU
		{8BD3783D-A0FB-4BC1-BC41-51606F1040C7}.Release|x86.Build.0 = Release|Any CPU
		{62611689-B7F3-4C74-B7F1-D143C7C3B2C2}.Debug|Any CPU.ActiveCfg = Debug|Any CPU
		{62611689-B7F3-4C74-B7F1-D143C7C3B2C2}.Debug|Any CPU.Build.0 = Debug|Any CPU
		{62611689-B7F3-4C74-B7F1-D143C7C3B2C2}.Debug|x64.ActiveCfg = Debug|Any CPU
		{62611689-B7F3-4C74-B7F1-D143C7C3B2C2}.Debug|x64.Build.0 = Debug|Any CPU
		{62611689-B7F3-4C74-B7F1-D143C7C3B2C2}.Debug|x86.ActiveCfg = Debug|Any CPU
		{62611689-B7F3-4C74-B7F1-D143C7C3B2C2}.Debug|x86.Build.0 = Debug|Any CPU
		{62611689-B7F3-4C74-B7F1-D143C7C3B2C2}.Release|Any CPU.ActiveCfg = Release|Any CPU
		{62611689-B7F3-4C74-B7F1-D143C7C3B2C2}.Release|Any CPU.Build.0 = Release|Any CPU
		{62611689-B7F3-4C74-B7F1-D143C7C3B2C2}.Release|x64.ActiveCfg = Release|Any CPU
		{62611689-B7F3-4C74-B7F1-D143C7C3B2C2}.Release|x64.Build.0 = Release|Any CPU
		{62611689-B7F3-4C74-B7F1-D143C7C3B2C2}.Release|x86.ActiveCfg = Release|Any CPU
		{62611689-B7F3-4C74-B7F1-D143C7C3B2C2}.Release|x86.Build.0 = Release|Any CPU
		{751844F0-040A-4D35-A11A-85ECD571F12D}.Debug|Any CPU.ActiveCfg = Debug|Any CPU
		{751844F0-040A-4D35-A11A-85ECD571F12D}.Debug|Any CPU.Build.0 = Debug|Any CPU
		{751844F0-040A-4D35-A11A-85ECD571F12D}.Debug|x64.ActiveCfg = Debug|Any CPU
		{751844F0-040A-4D35-A11A-85ECD571F12D}.Debug|x64.Build.0 = Debug|Any CPU
		{751844F0-040A-4D35-A11A-85ECD571F12D}.Debug|x86.ActiveCfg = Debug|Any CPU
		{751844F0-040A-4D35-A11A-85ECD571F12D}.Debug|x86.Build.0 = Debug|Any CPU
		{751844F0-040A-4D35-A11A-85ECD571F12D}.Release|Any CPU.ActiveCfg = Release|Any CPU
		{751844F0-040A-4D35-A11A-85ECD571F12D}.Release|Any CPU.Build.0 = Release|Any CPU
		{751844F0-040A-4D35-A11A-85ECD571F12D}.Release|x64.ActiveCfg = Release|Any CPU
		{751844F0-040A-4D35-A11A-85ECD571F12D}.Release|x64.Build.0 = Release|Any CPU
		{751844F0-040A-4D35-A11A-85ECD571F12D}.Release|x86.ActiveCfg = Release|Any CPU
		{751844F0-040A-4D35-A11A-85ECD571F12D}.Release|x86.Build.0 = Release|Any CPU
		{BDB05B8E-2022-41C7-9989-A102CCE4BEDB}.Debug|Any CPU.ActiveCfg = Debug|Any CPU
		{BDB05B8E-2022-41C7-9989-A102CCE4BEDB}.Debug|Any CPU.Build.0 = Debug|Any CPU
		{BDB05B8E-2022-41C7-9989-A102CCE4BEDB}.Debug|x64.ActiveCfg = Debug|Any CPU
		{BDB05B8E-2022-41C7-9989-A102CCE4BEDB}.Debug|x64.Build.0 = Debug|Any CPU
		{BDB05B8E-2022-41C7-9989-A102CCE4BEDB}.Debug|x86.ActiveCfg = Debug|Any CPU
		{BDB05B8E-2022-41C7-9989-A102CCE4BEDB}.Debug|x86.Build.0 = Debug|Any CPU
		{BDB05B8E-2022-41C7-9989-A102CCE4BEDB}.Release|Any CPU.ActiveCfg = Release|Any CPU
		{BDB05B8E-2022-41C7-9989-A102CCE4BEDB}.Release|Any CPU.Build.0 = Release|Any CPU
		{BDB05B8E-2022-41C7-9989-A102CCE4BEDB}.Release|x64.ActiveCfg = Release|Any CPU
		{BDB05B8E-2022-41C7-9989-A102CCE4BEDB}.Release|x64.Build.0 = Release|Any CPU
		{BDB05B8E-2022-41C7-9989-A102CCE4BEDB}.Release|x86.ActiveCfg = Release|Any CPU
		{BDB05B8E-2022-41C7-9989-A102CCE4BEDB}.Release|x86.Build.0 = Release|Any CPU
		{ED597E8C-94DD-4064-A9FD-E883DB32C0CF}.Debug|Any CPU.ActiveCfg = Debug|Any CPU
		{ED597E8C-94DD-4064-A9FD-E883DB32C0CF}.Debug|Any CPU.Build.0 = Debug|Any CPU
		{ED597E8C-94DD-4064-A9FD-E883DB32C0CF}.Debug|x64.ActiveCfg = Debug|Any CPU
		{ED597E8C-94DD-4064-A9FD-E883DB32C0CF}.Debug|x64.Build.0 = Debug|Any CPU
		{ED597E8C-94DD-4064-A9FD-E883DB32C0CF}.Debug|x86.ActiveCfg = Debug|Any CPU
		{ED597E8C-94DD-4064-A9FD-E883DB32C0CF}.Debug|x86.Build.0 = Debug|Any CPU
		{ED597E8C-94DD-4064-A9FD-E883DB32C0CF}.Release|Any CPU.ActiveCfg = Release|Any CPU
		{ED597E8C-94DD-4064-A9FD-E883DB32C0CF}.Release|Any CPU.Build.0 = Release|Any CPU
		{ED597E8C-94DD-4064-A9FD-E883DB32C0CF}.Release|x64.ActiveCfg = Release|Any CPU
		{ED597E8C-94DD-4064-A9FD-E883DB32C0CF}.Release|x64.Build.0 = Release|Any CPU
		{ED597E8C-94DD-4064-A9FD-E883DB32C0CF}.Release|x86.ActiveCfg = Release|Any CPU
		{ED597E8C-94DD-4064-A9FD-E883DB32C0CF}.Release|x86.Build.0 = Release|Any CPU
		{6C679949-C54C-49CB-81C0-70C63DC0CEED}.Debug|Any CPU.ActiveCfg = Debug|Any CPU
		{6C679949-C54C-49CB-81C0-70C63DC0CEED}.Debug|Any CPU.Build.0 = Debug|Any CPU
		{6C679949-C54C-49CB-81C0-70C63DC0CEED}.Debug|x64.ActiveCfg = Debug|Any CPU
		{6C679949-C54C-49CB-81C0-70C63DC0CEED}.Debug|x64.Build.0 = Debug|Any CPU
		{6C679949-C54C-49CB-81C0-70C63DC0CEED}.Debug|x86.ActiveCfg = Debug|Any CPU
		{6C679949-C54C-49CB-81C0-70C63DC0CEED}.Debug|x86.Build.0 = Debug|Any CPU
		{6C679949-C54C-49CB-81C0-70C63DC0CEED}.Release|Any CPU.ActiveCfg = Release|Any CPU
		{6C679949-C54C-49CB-81C0-70C63DC0CEED}.Release|Any CPU.Build.0 = Release|Any CPU
		{6C679949-C54C-49CB-81C0-70C63DC0CEED}.Release|x64.ActiveCfg = Release|Any CPU
		{6C679949-C54C-49CB-81C0-70C63DC0CEED}.Release|x64.Build.0 = Release|Any CPU
		{6C679949-C54C-49CB-81C0-70C63DC0CEED}.Release|x86.ActiveCfg = Release|Any CPU
		{6C679949-C54C-49CB-81C0-70C63DC0CEED}.Release|x86.Build.0 = Release|Any CPU
		{444E3F70-D089-42FF-8954-F7743E9623C3}.Debug|Any CPU.ActiveCfg = Debug|Any CPU
		{444E3F70-D089-42FF-8954-F7743E9623C3}.Debug|Any CPU.Build.0 = Debug|Any CPU
		{444E3F70-D089-42FF-8954-F7743E9623C3}.Debug|x64.ActiveCfg = Debug|Any CPU
		{444E3F70-D089-42FF-8954-F7743E9623C3}.Debug|x64.Build.0 = Debug|Any CPU
		{444E3F70-D089-42FF-8954-F7743E9623C3}.Debug|x86.ActiveCfg = Debug|Any CPU
		{444E3F70-D089-42FF-8954-F7743E9623C3}.Debug|x86.Build.0 = Debug|Any CPU
		{444E3F70-D089-42FF-8954-F7743E9623C3}.Release|Any CPU.ActiveCfg = Release|Any CPU
		{444E3F70-D089-42FF-8954-F7743E9623C3}.Release|Any CPU.Build.0 = Release|Any CPU
		{444E3F70-D089-42FF-8954-F7743E9623C3}.Release|x64.ActiveCfg = Release|Any CPU
		{444E3F70-D089-42FF-8954-F7743E9623C3}.Release|x64.Build.0 = Release|Any CPU
		{444E3F70-D089-42FF-8954-F7743E9623C3}.Release|x86.ActiveCfg = Release|Any CPU
		{444E3F70-D089-42FF-8954-F7743E9623C3}.Release|x86.Build.0 = Release|Any CPU
		{8040490A-FE92-4929-BD81-628A4E05D192}.Debug|Any CPU.ActiveCfg = Debug|Any CPU
		{8040490A-FE92-4929-BD81-628A4E05D192}.Debug|Any CPU.Build.0 = Debug|Any CPU
		{8040490A-FE92-4929-BD81-628A4E05D192}.Debug|x64.ActiveCfg = Debug|Any CPU
		{8040490A-FE92-4929-BD81-628A4E05D192}.Debug|x64.Build.0 = Debug|Any CPU
		{8040490A-FE92-4929-BD81-628A4E05D192}.Debug|x86.ActiveCfg = Debug|Any CPU
		{8040490A-FE92-4929-BD81-628A4E05D192}.Debug|x86.Build.0 = Debug|Any CPU
		{8040490A-FE92-4929-BD81-628A4E05D192}.Release|Any CPU.ActiveCfg = Release|Any CPU
		{8040490A-FE92-4929-BD81-628A4E05D192}.Release|Any CPU.Build.0 = Release|Any CPU
		{8040490A-FE92-4929-BD81-628A4E05D192}.Release|x64.ActiveCfg = Release|Any CPU
		{8040490A-FE92-4929-BD81-628A4E05D192}.Release|x64.Build.0 = Release|Any CPU
		{8040490A-FE92-4929-BD81-628A4E05D192}.Release|x86.ActiveCfg = Release|Any CPU
		{8040490A-FE92-4929-BD81-628A4E05D192}.Release|x86.Build.0 = Release|Any CPU
		{8D2DC939-9FF1-400A-B01B-5689C30C97D4}.Debug|Any CPU.ActiveCfg = Debug|Any CPU
		{8D2DC939-9FF1-400A-B01B-5689C30C97D4}.Debug|Any CPU.Build.0 = Debug|Any CPU
		{8D2DC939-9FF1-400A-B01B-5689C30C97D4}.Debug|x64.ActiveCfg = Debug|Any CPU
		{8D2DC939-9FF1-400A-B01B-5689C30C97D4}.Debug|x64.Build.0 = Debug|Any CPU
		{8D2DC939-9FF1-400A-B01B-5689C30C97D4}.Debug|x86.ActiveCfg = Debug|Any CPU
		{8D2DC939-9FF1-400A-B01B-5689C30C97D4}.Debug|x86.Build.0 = Debug|Any CPU
		{8D2DC939-9FF1-400A-B01B-5689C30C97D4}.Release|Any CPU.ActiveCfg = Release|Any CPU
		{8D2DC939-9FF1-400A-B01B-5689C30C97D4}.Release|Any CPU.Build.0 = Release|Any CPU
		{8D2DC939-9FF1-400A-B01B-5689C30C97D4}.Release|x64.ActiveCfg = Release|Any CPU
		{8D2DC939-9FF1-400A-B01B-5689C30C97D4}.Release|x64.Build.0 = Release|Any CPU
		{8D2DC939-9FF1-400A-B01B-5689C30C97D4}.Release|x86.ActiveCfg = Release|Any CPU
		{8D2DC939-9FF1-400A-B01B-5689C30C97D4}.Release|x86.Build.0 = Release|Any CPU
		{64411AC1-B74F-4462-8083-EB3C4B293F68}.Debug|Any CPU.ActiveCfg = Debug|Any CPU
		{64411AC1-B74F-4462-8083-EB3C4B293F68}.Debug|Any CPU.Build.0 = Debug|Any CPU
		{64411AC1-B74F-4462-8083-EB3C4B293F68}.Debug|x64.ActiveCfg = Debug|Any CPU
		{64411AC1-B74F-4462-8083-EB3C4B293F68}.Debug|x64.Build.0 = Debug|Any CPU
		{64411AC1-B74F-4462-8083-EB3C4B293F68}.Debug|x86.ActiveCfg = Debug|Any CPU
		{64411AC1-B74F-4462-8083-EB3C4B293F68}.Debug|x86.Build.0 = Debug|Any CPU
		{64411AC1-B74F-4462-8083-EB3C4B293F68}.Release|Any CPU.ActiveCfg = Release|Any CPU
		{64411AC1-B74F-4462-8083-EB3C4B293F68}.Release|Any CPU.Build.0 = Release|Any CPU
		{64411AC1-B74F-4462-8083-EB3C4B293F68}.Release|x64.ActiveCfg = Release|Any CPU
		{64411AC1-B74F-4462-8083-EB3C4B293F68}.Release|x64.Build.0 = Release|Any CPU
		{64411AC1-B74F-4462-8083-EB3C4B293F68}.Release|x86.ActiveCfg = Release|Any CPU
		{64411AC1-B74F-4462-8083-EB3C4B293F68}.Release|x86.Build.0 = Release|Any CPU
		{4876262C-2AD7-47C1-AE70-D973AB611619}.Debug|Any CPU.ActiveCfg = Debug|Any CPU
		{4876262C-2AD7-47C1-AE70-D973AB611619}.Debug|Any CPU.Build.0 = Debug|Any CPU
		{4876262C-2AD7-47C1-AE70-D973AB611619}.Debug|x64.ActiveCfg = Debug|Any CPU
		{4876262C-2AD7-47C1-AE70-D973AB611619}.Debug|x64.Build.0 = Debug|Any CPU
		{4876262C-2AD7-47C1-AE70-D973AB611619}.Debug|x86.ActiveCfg = Debug|Any CPU
		{4876262C-2AD7-47C1-AE70-D973AB611619}.Debug|x86.Build.0 = Debug|Any CPU
		{4876262C-2AD7-47C1-AE70-D973AB611619}.Release|Any CPU.ActiveCfg = Release|Any CPU
		{4876262C-2AD7-47C1-AE70-D973AB611619}.Release|Any CPU.Build.0 = Release|Any CPU
		{4876262C-2AD7-47C1-AE70-D973AB611619}.Release|x64.ActiveCfg = Release|Any CPU
		{4876262C-2AD7-47C1-AE70-D973AB611619}.Release|x64.Build.0 = Release|Any CPU
		{4876262C-2AD7-47C1-AE70-D973AB611619}.Release|x86.ActiveCfg = Release|Any CPU
		{4876262C-2AD7-47C1-AE70-D973AB611619}.Release|x86.Build.0 = Release|Any CPU
		{4AE7FBF2-DA4A-43D3-9304-EBC074E3C375}.Debug|Any CPU.ActiveCfg = Debug|Any CPU
		{4AE7FBF2-DA4A-43D3-9304-EBC074E3C375}.Debug|Any CPU.Build.0 = Debug|Any CPU
		{4AE7FBF2-DA4A-43D3-9304-EBC074E3C375}.Debug|x64.ActiveCfg = Debug|Any CPU
		{4AE7FBF2-DA4A-43D3-9304-EBC074E3C375}.Debug|x64.Build.0 = Debug|Any CPU
		{4AE7FBF2-DA4A-43D3-9304-EBC074E3C375}.Debug|x86.ActiveCfg = Debug|Any CPU
		{4AE7FBF2-DA4A-43D3-9304-EBC074E3C375}.Debug|x86.Build.0 = Debug|Any CPU
		{4AE7FBF2-DA4A-43D3-9304-EBC074E3C375}.Release|Any CPU.ActiveCfg = Release|Any CPU
		{4AE7FBF2-DA4A-43D3-9304-EBC074E3C375}.Release|Any CPU.Build.0 = Release|Any CPU
		{4AE7FBF2-DA4A-43D3-9304-EBC074E3C375}.Release|x64.ActiveCfg = Release|Any CPU
		{4AE7FBF2-DA4A-43D3-9304-EBC074E3C375}.Release|x64.Build.0 = Release|Any CPU
		{4AE7FBF2-DA4A-43D3-9304-EBC074E3C375}.Release|x86.ActiveCfg = Release|Any CPU
		{4AE7FBF2-DA4A-43D3-9304-EBC074E3C375}.Release|x86.Build.0 = Release|Any CPU
		{DF1BDF6F-A2A9-4865-84DD-DDFD245DB3AB}.Debug|Any CPU.ActiveCfg = Debug|Any CPU
		{DF1BDF6F-A2A9-4865-84DD-DDFD245DB3AB}.Debug|Any CPU.Build.0 = Debug|Any CPU
		{DF1BDF6F-A2A9-4865-84DD-DDFD245DB3AB}.Debug|x64.ActiveCfg = Debug|Any CPU
		{DF1BDF6F-A2A9-4865-84DD-DDFD245DB3AB}.Debug|x64.Build.0 = Debug|Any CPU
		{DF1BDF6F-A2A9-4865-84DD-DDFD245DB3AB}.Debug|x86.ActiveCfg = Debug|Any CPU
		{DF1BDF6F-A2A9-4865-84DD-DDFD245DB3AB}.Debug|x86.Build.0 = Debug|Any CPU
		{DF1BDF6F-A2A9-4865-84DD-DDFD245DB3AB}.Release|Any CPU.ActiveCfg = Release|Any CPU
		{DF1BDF6F-A2A9-4865-84DD-DDFD245DB3AB}.Release|Any CPU.Build.0 = Release|Any CPU
		{DF1BDF6F-A2A9-4865-84DD-DDFD245DB3AB}.Release|x64.ActiveCfg = Release|Any CPU
		{DF1BDF6F-A2A9-4865-84DD-DDFD245DB3AB}.Release|x64.Build.0 = Release|Any CPU
		{DF1BDF6F-A2A9-4865-84DD-DDFD245DB3AB}.Release|x86.ActiveCfg = Release|Any CPU
		{DF1BDF6F-A2A9-4865-84DD-DDFD245DB3AB}.Release|x86.Build.0 = Release|Any CPU
		{265D88E6-143E-4BEA-876A-E1A60841EEC1}.Debug|Any CPU.ActiveCfg = Debug|Any CPU
		{265D88E6-143E-4BEA-876A-E1A60841EEC1}.Debug|Any CPU.Build.0 = Debug|Any CPU
		{265D88E6-143E-4BEA-876A-E1A60841EEC1}.Debug|x64.ActiveCfg = Debug|Any CPU
		{265D88E6-143E-4BEA-876A-E1A60841EEC1}.Debug|x64.Build.0 = Debug|Any CPU
		{265D88E6-143E-4BEA-876A-E1A60841EEC1}.Debug|x86.ActiveCfg = Debug|Any CPU
		{265D88E6-143E-4BEA-876A-E1A60841EEC1}.Debug|x86.Build.0 = Debug|Any CPU
		{265D88E6-143E-4BEA-876A-E1A60841EEC1}.Release|Any CPU.ActiveCfg = Release|Any CPU
		{265D88E6-143E-4BEA-876A-E1A60841EEC1}.Release|Any CPU.Build.0 = Release|Any CPU
		{265D88E6-143E-4BEA-876A-E1A60841EEC1}.Release|x64.ActiveCfg = Release|Any CPU
		{265D88E6-143E-4BEA-876A-E1A60841EEC1}.Release|x64.Build.0 = Release|Any CPU
		{265D88E6-143E-4BEA-876A-E1A60841EEC1}.Release|x86.ActiveCfg = Release|Any CPU
		{265D88E6-143E-4BEA-876A-E1A60841EEC1}.Release|x86.Build.0 = Release|Any CPU
		{240E7104-7628-4014-96D8-7F780B722377}.Debug|Any CPU.ActiveCfg = Debug|Any CPU
		{240E7104-7628-4014-96D8-7F780B722377}.Debug|Any CPU.Build.0 = Debug|Any CPU
		{240E7104-7628-4014-96D8-7F780B722377}.Debug|x64.ActiveCfg = Debug|Any CPU
		{240E7104-7628-4014-96D8-7F780B722377}.Debug|x64.Build.0 = Debug|Any CPU
		{240E7104-7628-4014-96D8-7F780B722377}.Debug|x86.ActiveCfg = Debug|Any CPU
		{240E7104-7628-4014-96D8-7F780B722377}.Debug|x86.Build.0 = Debug|Any CPU
		{240E7104-7628-4014-96D8-7F780B722377}.Release|Any CPU.ActiveCfg = Release|Any CPU
		{240E7104-7628-4014-96D8-7F780B722377}.Release|Any CPU.Build.0 = Release|Any CPU
		{240E7104-7628-4014-96D8-7F780B722377}.Release|x64.ActiveCfg = Release|Any CPU
		{240E7104-7628-4014-96D8-7F780B722377}.Release|x64.Build.0 = Release|Any CPU
		{240E7104-7628-4014-96D8-7F780B722377}.Release|x86.ActiveCfg = Release|Any CPU
		{240E7104-7628-4014-96D8-7F780B722377}.Release|x86.Build.0 = Release|Any CPU
		{A7602F7E-1D16-46DE-A6F4-9E75D99819A3}.Debug|Any CPU.ActiveCfg = Debug|Any CPU
		{A7602F7E-1D16-46DE-A6F4-9E75D99819A3}.Debug|Any CPU.Build.0 = Debug|Any CPU
		{A7602F7E-1D16-46DE-A6F4-9E75D99819A3}.Debug|x64.ActiveCfg = Debug|Any CPU
		{A7602F7E-1D16-46DE-A6F4-9E75D99819A3}.Debug|x64.Build.0 = Debug|Any CPU
		{A7602F7E-1D16-46DE-A6F4-9E75D99819A3}.Debug|x86.ActiveCfg = Debug|Any CPU
		{A7602F7E-1D16-46DE-A6F4-9E75D99819A3}.Debug|x86.Build.0 = Debug|Any CPU
		{A7602F7E-1D16-46DE-A6F4-9E75D99819A3}.Release|Any CPU.ActiveCfg = Release|Any CPU
		{A7602F7E-1D16-46DE-A6F4-9E75D99819A3}.Release|Any CPU.Build.0 = Release|Any CPU
		{A7602F7E-1D16-46DE-A6F4-9E75D99819A3}.Release|x64.ActiveCfg = Release|Any CPU
		{A7602F7E-1D16-46DE-A6F4-9E75D99819A3}.Release|x64.Build.0 = Release|Any CPU
		{A7602F7E-1D16-46DE-A6F4-9E75D99819A3}.Release|x86.ActiveCfg = Release|Any CPU
		{A7602F7E-1D16-46DE-A6F4-9E75D99819A3}.Release|x86.Build.0 = Release|Any CPU
		{0EC1D6D2-97BC-4EF8-9F3D-0C18BE7BCBC8}.Debug|Any CPU.ActiveCfg = Debug|Any CPU
		{0EC1D6D2-97BC-4EF8-9F3D-0C18BE7BCBC8}.Debug|Any CPU.Build.0 = Debug|Any CPU
		{0EC1D6D2-97BC-4EF8-9F3D-0C18BE7BCBC8}.Debug|x64.ActiveCfg = Debug|Any CPU
		{0EC1D6D2-97BC-4EF8-9F3D-0C18BE7BCBC8}.Debug|x64.Build.0 = Debug|Any CPU
		{0EC1D6D2-97BC-4EF8-9F3D-0C18BE7BCBC8}.Debug|x86.ActiveCfg = Debug|Any CPU
		{0EC1D6D2-97BC-4EF8-9F3D-0C18BE7BCBC8}.Debug|x86.Build.0 = Debug|Any CPU
		{0EC1D6D2-97BC-4EF8-9F3D-0C18BE7BCBC8}.Release|Any CPU.ActiveCfg = Release|Any CPU
		{0EC1D6D2-97BC-4EF8-9F3D-0C18BE7BCBC8}.Release|Any CPU.Build.0 = Release|Any CPU
		{0EC1D6D2-97BC-4EF8-9F3D-0C18BE7BCBC8}.Release|x64.ActiveCfg = Release|Any CPU
		{0EC1D6D2-97BC-4EF8-9F3D-0C18BE7BCBC8}.Release|x64.Build.0 = Release|Any CPU
		{0EC1D6D2-97BC-4EF8-9F3D-0C18BE7BCBC8}.Release|x86.ActiveCfg = Release|Any CPU
		{0EC1D6D2-97BC-4EF8-9F3D-0C18BE7BCBC8}.Release|x86.Build.0 = Release|Any CPU
		{F2CF6855-2668-43F3-8D85-C4041A1E5B80}.Debug|Any CPU.ActiveCfg = Debug|Any CPU
		{F2CF6855-2668-43F3-8D85-C4041A1E5B80}.Debug|Any CPU.Build.0 = Debug|Any CPU
		{F2CF6855-2668-43F3-8D85-C4041A1E5B80}.Debug|x64.ActiveCfg = Debug|Any CPU
		{F2CF6855-2668-43F3-8D85-C4041A1E5B80}.Debug|x64.Build.0 = Debug|Any CPU
		{F2CF6855-2668-43F3-8D85-C4041A1E5B80}.Debug|x86.ActiveCfg = Debug|Any CPU
		{F2CF6855-2668-43F3-8D85-C4041A1E5B80}.Debug|x86.Build.0 = Debug|Any CPU
		{F2CF6855-2668-43F3-8D85-C4041A1E5B80}.Release|Any CPU.ActiveCfg = Release|Any CPU
		{F2CF6855-2668-43F3-8D85-C4041A1E5B80}.Release|Any CPU.Build.0 = Release|Any CPU
		{F2CF6855-2668-43F3-8D85-C4041A1E5B80}.Release|x64.ActiveCfg = Release|Any CPU
		{F2CF6855-2668-43F3-8D85-C4041A1E5B80}.Release|x64.Build.0 = Release|Any CPU
		{F2CF6855-2668-43F3-8D85-C4041A1E5B80}.Release|x86.ActiveCfg = Release|Any CPU
		{F2CF6855-2668-43F3-8D85-C4041A1E5B80}.Release|x86.Build.0 = Release|Any CPU
		{000AE3C7-5ED2-45E1-AC45-0F004DD06D53}.Debug|Any CPU.ActiveCfg = Debug|Any CPU
		{000AE3C7-5ED2-45E1-AC45-0F004DD06D53}.Debug|Any CPU.Build.0 = Debug|Any CPU
		{000AE3C7-5ED2-45E1-AC45-0F004DD06D53}.Debug|x64.ActiveCfg = Debug|Any CPU
		{000AE3C7-5ED2-45E1-AC45-0F004DD06D53}.Debug|x64.Build.0 = Debug|Any CPU
		{000AE3C7-5ED2-45E1-AC45-0F004DD06D53}.Debug|x86.ActiveCfg = Debug|Any CPU
		{000AE3C7-5ED2-45E1-AC45-0F004DD06D53}.Debug|x86.Build.0 = Debug|Any CPU
		{000AE3C7-5ED2-45E1-AC45-0F004DD06D53}.Release|Any CPU.ActiveCfg = Release|Any CPU
		{000AE3C7-5ED2-45E1-AC45-0F004DD06D53}.Release|Any CPU.Build.0 = Release|Any CPU
		{000AE3C7-5ED2-45E1-AC45-0F004DD06D53}.Release|x64.ActiveCfg = Release|Any CPU
		{000AE3C7-5ED2-45E1-AC45-0F004DD06D53}.Release|x64.Build.0 = Release|Any CPU
		{000AE3C7-5ED2-45E1-AC45-0F004DD06D53}.Release|x86.ActiveCfg = Release|Any CPU
		{000AE3C7-5ED2-45E1-AC45-0F004DD06D53}.Release|x86.Build.0 = Release|Any CPU
		{17A2C64A-2295-4B19-A0C8-48821B4C7106}.Debug|Any CPU.ActiveCfg = Debug|Any CPU
		{17A2C64A-2295-4B19-A0C8-48821B4C7106}.Debug|Any CPU.Build.0 = Debug|Any CPU
		{17A2C64A-2295-4B19-A0C8-48821B4C7106}.Debug|x64.ActiveCfg = Debug|Any CPU
		{17A2C64A-2295-4B19-A0C8-48821B4C7106}.Debug|x64.Build.0 = Debug|Any CPU
		{17A2C64A-2295-4B19-A0C8-48821B4C7106}.Debug|x86.ActiveCfg = Debug|Any CPU
		{17A2C64A-2295-4B19-A0C8-48821B4C7106}.Debug|x86.Build.0 = Debug|Any CPU
		{17A2C64A-2295-4B19-A0C8-48821B4C7106}.Release|Any CPU.ActiveCfg = Release|Any CPU
		{17A2C64A-2295-4B19-A0C8-48821B4C7106}.Release|Any CPU.Build.0 = Release|Any CPU
		{17A2C64A-2295-4B19-A0C8-48821B4C7106}.Release|x64.ActiveCfg = Release|Any CPU
		{17A2C64A-2295-4B19-A0C8-48821B4C7106}.Release|x64.Build.0 = Release|Any CPU
		{17A2C64A-2295-4B19-A0C8-48821B4C7106}.Release|x86.ActiveCfg = Release|Any CPU
		{17A2C64A-2295-4B19-A0C8-48821B4C7106}.Release|x86.Build.0 = Release|Any CPU
		{AADC871D-A5F8-466E-815B-A90140AD31AF}.Debug|Any CPU.ActiveCfg = Debug|Any CPU
		{AADC871D-A5F8-466E-815B-A90140AD31AF}.Debug|Any CPU.Build.0 = Debug|Any CPU
		{AADC871D-A5F8-466E-815B-A90140AD31AF}.Debug|x64.ActiveCfg = Debug|Any CPU
		{AADC871D-A5F8-466E-815B-A90140AD31AF}.Debug|x64.Build.0 = Debug|Any CPU
		{AADC871D-A5F8-466E-815B-A90140AD31AF}.Debug|x86.ActiveCfg = Debug|Any CPU
		{AADC871D-A5F8-466E-815B-A90140AD31AF}.Debug|x86.Build.0 = Debug|Any CPU
		{AADC871D-A5F8-466E-815B-A90140AD31AF}.Release|Any CPU.ActiveCfg = Release|Any CPU
		{AADC871D-A5F8-466E-815B-A90140AD31AF}.Release|Any CPU.Build.0 = Release|Any CPU
		{AADC871D-A5F8-466E-815B-A90140AD31AF}.Release|x64.ActiveCfg = Release|Any CPU
		{AADC871D-A5F8-466E-815B-A90140AD31AF}.Release|x64.Build.0 = Release|Any CPU
		{AADC871D-A5F8-466E-815B-A90140AD31AF}.Release|x86.ActiveCfg = Release|Any CPU
		{AADC871D-A5F8-466E-815B-A90140AD31AF}.Release|x86.Build.0 = Release|Any CPU
		{81768150-4DD4-426B-BDD9-BA3D4642A82A}.Debug|Any CPU.ActiveCfg = Debug|Any CPU
		{81768150-4DD4-426B-BDD9-BA3D4642A82A}.Debug|Any CPU.Build.0 = Debug|Any CPU
		{81768150-4DD4-426B-BDD9-BA3D4642A82A}.Debug|x64.ActiveCfg = Debug|Any CPU
		{81768150-4DD4-426B-BDD9-BA3D4642A82A}.Debug|x64.Build.0 = Debug|Any CPU
		{81768150-4DD4-426B-BDD9-BA3D4642A82A}.Debug|x86.ActiveCfg = Debug|Any CPU
		{81768150-4DD4-426B-BDD9-BA3D4642A82A}.Debug|x86.Build.0 = Debug|Any CPU
		{81768150-4DD4-426B-BDD9-BA3D4642A82A}.Release|Any CPU.ActiveCfg = Release|Any CPU
		{81768150-4DD4-426B-BDD9-BA3D4642A82A}.Release|Any CPU.Build.0 = Release|Any CPU
		{81768150-4DD4-426B-BDD9-BA3D4642A82A}.Release|x64.ActiveCfg = Release|Any CPU
		{81768150-4DD4-426B-BDD9-BA3D4642A82A}.Release|x64.Build.0 = Release|Any CPU
		{81768150-4DD4-426B-BDD9-BA3D4642A82A}.Release|x86.ActiveCfg = Release|Any CPU
		{81768150-4DD4-426B-BDD9-BA3D4642A82A}.Release|x86.Build.0 = Release|Any CPU
		{970085EA-BB76-4BE8-B571-C1A1FC18EED9}.Debug|Any CPU.ActiveCfg = Debug|Any CPU
		{970085EA-BB76-4BE8-B571-C1A1FC18EED9}.Debug|Any CPU.Build.0 = Debug|Any CPU
		{970085EA-BB76-4BE8-B571-C1A1FC18EED9}.Debug|x64.ActiveCfg = Debug|Any CPU
		{970085EA-BB76-4BE8-B571-C1A1FC18EED9}.Debug|x64.Build.0 = Debug|Any CPU
		{970085EA-BB76-4BE8-B571-C1A1FC18EED9}.Debug|x86.ActiveCfg = Debug|Any CPU
		{970085EA-BB76-4BE8-B571-C1A1FC18EED9}.Debug|x86.Build.0 = Debug|Any CPU
		{970085EA-BB76-4BE8-B571-C1A1FC18EED9}.Release|Any CPU.ActiveCfg = Release|Any CPU
		{970085EA-BB76-4BE8-B571-C1A1FC18EED9}.Release|Any CPU.Build.0 = Release|Any CPU
		{970085EA-BB76-4BE8-B571-C1A1FC18EED9}.Release|x64.ActiveCfg = Release|Any CPU
		{970085EA-BB76-4BE8-B571-C1A1FC18EED9}.Release|x64.Build.0 = Release|Any CPU
		{970085EA-BB76-4BE8-B571-C1A1FC18EED9}.Release|x86.ActiveCfg = Release|Any CPU
		{970085EA-BB76-4BE8-B571-C1A1FC18EED9}.Release|x86.Build.0 = Release|Any CPU
		{0F6E79D1-F627-4906-86AD-9016D77F9CEC}.Debug|Any CPU.ActiveCfg = Debug|Any CPU
		{0F6E79D1-F627-4906-86AD-9016D77F9CEC}.Debug|Any CPU.Build.0 = Debug|Any CPU
		{0F6E79D1-F627-4906-86AD-9016D77F9CEC}.Debug|x64.ActiveCfg = Debug|Any CPU
		{0F6E79D1-F627-4906-86AD-9016D77F9CEC}.Debug|x64.Build.0 = Debug|Any CPU
		{0F6E79D1-F627-4906-86AD-9016D77F9CEC}.Debug|x86.ActiveCfg = Debug|Any CPU
		{0F6E79D1-F627-4906-86AD-9016D77F9CEC}.Debug|x86.Build.0 = Debug|Any CPU
		{0F6E79D1-F627-4906-86AD-9016D77F9CEC}.Release|Any CPU.ActiveCfg = Release|Any CPU
		{0F6E79D1-F627-4906-86AD-9016D77F9CEC}.Release|Any CPU.Build.0 = Release|Any CPU
		{0F6E79D1-F627-4906-86AD-9016D77F9CEC}.Release|x64.ActiveCfg = Release|Any CPU
		{0F6E79D1-F627-4906-86AD-9016D77F9CEC}.Release|x64.Build.0 = Release|Any CPU
		{0F6E79D1-F627-4906-86AD-9016D77F9CEC}.Release|x86.ActiveCfg = Release|Any CPU
		{0F6E79D1-F627-4906-86AD-9016D77F9CEC}.Release|x86.Build.0 = Release|Any CPU
		{6145FA80-8F51-436D-AC77-60E497F64227}.Debug|Any CPU.ActiveCfg = Debug|Any CPU
		{6145FA80-8F51-436D-AC77-60E497F64227}.Debug|Any CPU.Build.0 = Debug|Any CPU
		{6145FA80-8F51-436D-AC77-60E497F64227}.Debug|x64.ActiveCfg = Debug|Any CPU
		{6145FA80-8F51-436D-AC77-60E497F64227}.Debug|x64.Build.0 = Debug|Any CPU
		{6145FA80-8F51-436D-AC77-60E497F64227}.Debug|x86.ActiveCfg = Debug|Any CPU
		{6145FA80-8F51-436D-AC77-60E497F64227}.Debug|x86.Build.0 = Debug|Any CPU
		{6145FA80-8F51-436D-AC77-60E497F64227}.Release|Any CPU.ActiveCfg = Release|Any CPU
		{6145FA80-8F51-436D-AC77-60E497F64227}.Release|Any CPU.Build.0 = Release|Any CPU
		{6145FA80-8F51-436D-AC77-60E497F64227}.Release|x64.ActiveCfg = Release|Any CPU
		{6145FA80-8F51-436D-AC77-60E497F64227}.Release|x64.Build.0 = Release|Any CPU
		{6145FA80-8F51-436D-AC77-60E497F64227}.Release|x86.ActiveCfg = Release|Any CPU
		{6145FA80-8F51-436D-AC77-60E497F64227}.Release|x86.Build.0 = Release|Any CPU
		{0EE31E65-350D-4EFE-9D97-42FE990DAC9A}.Debug|Any CPU.ActiveCfg = Debug|Any CPU
		{0EE31E65-350D-4EFE-9D97-42FE990DAC9A}.Debug|Any CPU.Build.0 = Debug|Any CPU
		{0EE31E65-350D-4EFE-9D97-42FE990DAC9A}.Debug|x64.ActiveCfg = Debug|Any CPU
		{0EE31E65-350D-4EFE-9D97-42FE990DAC9A}.Debug|x64.Build.0 = Debug|Any CPU
		{0EE31E65-350D-4EFE-9D97-42FE990DAC9A}.Debug|x86.ActiveCfg = Debug|Any CPU
		{0EE31E65-350D-4EFE-9D97-42FE990DAC9A}.Debug|x86.Build.0 = Debug|Any CPU
		{0EE31E65-350D-4EFE-9D97-42FE990DAC9A}.Release|Any CPU.ActiveCfg = Release|Any CPU
		{0EE31E65-350D-4EFE-9D97-42FE990DAC9A}.Release|Any CPU.Build.0 = Release|Any CPU
		{0EE31E65-350D-4EFE-9D97-42FE990DAC9A}.Release|x64.ActiveCfg = Release|Any CPU
		{0EE31E65-350D-4EFE-9D97-42FE990DAC9A}.Release|x64.Build.0 = Release|Any CPU
		{0EE31E65-350D-4EFE-9D97-42FE990DAC9A}.Release|x86.ActiveCfg = Release|Any CPU
		{0EE31E65-350D-4EFE-9D97-42FE990DAC9A}.Release|x86.Build.0 = Release|Any CPU
		{C117927D-97B8-43CA-A347-FF6C91889ECD}.Debug|Any CPU.ActiveCfg = Debug|Any CPU
		{C117927D-97B8-43CA-A347-FF6C91889ECD}.Debug|Any CPU.Build.0 = Debug|Any CPU
		{C117927D-97B8-43CA-A347-FF6C91889ECD}.Debug|x64.ActiveCfg = Debug|Any CPU
		{C117927D-97B8-43CA-A347-FF6C91889ECD}.Debug|x64.Build.0 = Debug|Any CPU
		{C117927D-97B8-43CA-A347-FF6C91889ECD}.Debug|x86.ActiveCfg = Debug|Any CPU
		{C117927D-97B8-43CA-A347-FF6C91889ECD}.Debug|x86.Build.0 = Debug|Any CPU
		{C117927D-97B8-43CA-A347-FF6C91889ECD}.Release|Any CPU.ActiveCfg = Release|Any CPU
		{C117927D-97B8-43CA-A347-FF6C91889ECD}.Release|Any CPU.Build.0 = Release|Any CPU
		{C117927D-97B8-43CA-A347-FF6C91889ECD}.Release|x64.ActiveCfg = Release|Any CPU
		{C117927D-97B8-43CA-A347-FF6C91889ECD}.Release|x64.Build.0 = Release|Any CPU
		{C117927D-97B8-43CA-A347-FF6C91889ECD}.Release|x86.ActiveCfg = Release|Any CPU
		{C117927D-97B8-43CA-A347-FF6C91889ECD}.Release|x86.Build.0 = Release|Any CPU
		{14C454C8-0DE0-429F-8AFE-33A98E6BE4E6}.Debug|Any CPU.ActiveCfg = Debug|Any CPU
		{14C454C8-0DE0-429F-8AFE-33A98E6BE4E6}.Debug|Any CPU.Build.0 = Debug|Any CPU
		{14C454C8-0DE0-429F-8AFE-33A98E6BE4E6}.Debug|x64.ActiveCfg = Debug|Any CPU
		{14C454C8-0DE0-429F-8AFE-33A98E6BE4E6}.Debug|x64.Build.0 = Debug|Any CPU
		{14C454C8-0DE0-429F-8AFE-33A98E6BE4E6}.Debug|x86.ActiveCfg = Debug|Any CPU
		{14C454C8-0DE0-429F-8AFE-33A98E6BE4E6}.Debug|x86.Build.0 = Debug|Any CPU
		{14C454C8-0DE0-429F-8AFE-33A98E6BE4E6}.Release|Any CPU.ActiveCfg = Release|Any CPU
		{14C454C8-0DE0-429F-8AFE-33A98E6BE4E6}.Release|Any CPU.Build.0 = Release|Any CPU
		{14C454C8-0DE0-429F-8AFE-33A98E6BE4E6}.Release|x64.ActiveCfg = Release|Any CPU
		{14C454C8-0DE0-429F-8AFE-33A98E6BE4E6}.Release|x64.Build.0 = Release|Any CPU
		{14C454C8-0DE0-429F-8AFE-33A98E6BE4E6}.Release|x86.ActiveCfg = Release|Any CPU
		{14C454C8-0DE0-429F-8AFE-33A98E6BE4E6}.Release|x86.Build.0 = Release|Any CPU
		{49C093B7-3304-4B83-9DD6-9903C3EB0654}.Debug|Any CPU.ActiveCfg = Debug|Any CPU
		{49C093B7-3304-4B83-9DD6-9903C3EB0654}.Debug|Any CPU.Build.0 = Debug|Any CPU
		{49C093B7-3304-4B83-9DD6-9903C3EB0654}.Debug|x64.ActiveCfg = Debug|Any CPU
		{49C093B7-3304-4B83-9DD6-9903C3EB0654}.Debug|x64.Build.0 = Debug|Any CPU
		{49C093B7-3304-4B83-9DD6-9903C3EB0654}.Debug|x86.ActiveCfg = Debug|Any CPU
		{49C093B7-3304-4B83-9DD6-9903C3EB0654}.Debug|x86.Build.0 = Debug|Any CPU
		{49C093B7-3304-4B83-9DD6-9903C3EB0654}.Release|Any CPU.ActiveCfg = Release|Any CPU
		{49C093B7-3304-4B83-9DD6-9903C3EB0654}.Release|Any CPU.Build.0 = Release|Any CPU
		{49C093B7-3304-4B83-9DD6-9903C3EB0654}.Release|x64.ActiveCfg = Release|Any CPU
		{49C093B7-3304-4B83-9DD6-9903C3EB0654}.Release|x64.Build.0 = Release|Any CPU
		{49C093B7-3304-4B83-9DD6-9903C3EB0654}.Release|x86.ActiveCfg = Release|Any CPU
		{49C093B7-3304-4B83-9DD6-9903C3EB0654}.Release|x86.Build.0 = Release|Any CPU
		{4F4E1077-01F7-4107-8867-F7AD6E5FE619}.Debug|Any CPU.ActiveCfg = Debug|Any CPU
		{4F4E1077-01F7-4107-8867-F7AD6E5FE619}.Debug|Any CPU.Build.0 = Debug|Any CPU
		{4F4E1077-01F7-4107-8867-F7AD6E5FE619}.Debug|x64.ActiveCfg = Debug|Any CPU
		{4F4E1077-01F7-4107-8867-F7AD6E5FE619}.Debug|x64.Build.0 = Debug|Any CPU
		{4F4E1077-01F7-4107-8867-F7AD6E5FE619}.Debug|x86.ActiveCfg = Debug|Any CPU
		{4F4E1077-01F7-4107-8867-F7AD6E5FE619}.Debug|x86.Build.0 = Debug|Any CPU
		{4F4E1077-01F7-4107-8867-F7AD6E5FE619}.Release|Any CPU.ActiveCfg = Release|Any CPU
		{4F4E1077-01F7-4107-8867-F7AD6E5FE619}.Release|Any CPU.Build.0 = Release|Any CPU
		{4F4E1077-01F7-4107-8867-F7AD6E5FE619}.Release|x64.ActiveCfg = Release|Any CPU
		{4F4E1077-01F7-4107-8867-F7AD6E5FE619}.Release|x64.Build.0 = Release|Any CPU
		{4F4E1077-01F7-4107-8867-F7AD6E5FE619}.Release|x86.ActiveCfg = Release|Any CPU
		{4F4E1077-01F7-4107-8867-F7AD6E5FE619}.Release|x86.Build.0 = Release|Any CPU
		{555B4CBD-D38B-467D-994C-D92B83949AE3}.Debug|Any CPU.ActiveCfg = Debug|Any CPU
		{555B4CBD-D38B-467D-994C-D92B83949AE3}.Debug|Any CPU.Build.0 = Debug|Any CPU
		{555B4CBD-D38B-467D-994C-D92B83949AE3}.Debug|x64.ActiveCfg = Debug|Any CPU
		{555B4CBD-D38B-467D-994C-D92B83949AE3}.Debug|x64.Build.0 = Debug|Any CPU
		{555B4CBD-D38B-467D-994C-D92B83949AE3}.Debug|x86.ActiveCfg = Debug|Any CPU
		{555B4CBD-D38B-467D-994C-D92B83949AE3}.Debug|x86.Build.0 = Debug|Any CPU
		{555B4CBD-D38B-467D-994C-D92B83949AE3}.Release|Any CPU.ActiveCfg = Release|Any CPU
		{555B4CBD-D38B-467D-994C-D92B83949AE3}.Release|Any CPU.Build.0 = Release|Any CPU
		{555B4CBD-D38B-467D-994C-D92B83949AE3}.Release|x64.ActiveCfg = Release|Any CPU
		{555B4CBD-D38B-467D-994C-D92B83949AE3}.Release|x64.Build.0 = Release|Any CPU
		{555B4CBD-D38B-467D-994C-D92B83949AE3}.Release|x86.ActiveCfg = Release|Any CPU
		{555B4CBD-D38B-467D-994C-D92B83949AE3}.Release|x86.Build.0 = Release|Any CPU
		{6192E0EE-5C87-40AE-A34A-5B6E6FBD815A}.Debug|Any CPU.ActiveCfg = Debug|Any CPU
		{6192E0EE-5C87-40AE-A34A-5B6E6FBD815A}.Debug|Any CPU.Build.0 = Debug|Any CPU
		{6192E0EE-5C87-40AE-A34A-5B6E6FBD815A}.Debug|x64.ActiveCfg = Debug|Any CPU
		{6192E0EE-5C87-40AE-A34A-5B6E6FBD815A}.Debug|x64.Build.0 = Debug|Any CPU
		{6192E0EE-5C87-40AE-A34A-5B6E6FBD815A}.Debug|x86.ActiveCfg = Debug|Any CPU
		{6192E0EE-5C87-40AE-A34A-5B6E6FBD815A}.Debug|x86.Build.0 = Debug|Any CPU
		{6192E0EE-5C87-40AE-A34A-5B6E6FBD815A}.Release|Any CPU.ActiveCfg = Release|Any CPU
		{6192E0EE-5C87-40AE-A34A-5B6E6FBD815A}.Release|Any CPU.Build.0 = Release|Any CPU
		{6192E0EE-5C87-40AE-A34A-5B6E6FBD815A}.Release|x64.ActiveCfg = Release|Any CPU
		{6192E0EE-5C87-40AE-A34A-5B6E6FBD815A}.Release|x64.Build.0 = Release|Any CPU
		{6192E0EE-5C87-40AE-A34A-5B6E6FBD815A}.Release|x86.ActiveCfg = Release|Any CPU
		{6192E0EE-5C87-40AE-A34A-5B6E6FBD815A}.Release|x86.Build.0 = Release|Any CPU
		{535FCE47-E8DD-457D-8B94-B7179E9A0A5C}.Debug|Any CPU.ActiveCfg = Debug|Any CPU
		{535FCE47-E8DD-457D-8B94-B7179E9A0A5C}.Debug|Any CPU.Build.0 = Debug|Any CPU
		{535FCE47-E8DD-457D-8B94-B7179E9A0A5C}.Debug|x64.ActiveCfg = Debug|Any CPU
		{535FCE47-E8DD-457D-8B94-B7179E9A0A5C}.Debug|x64.Build.0 = Debug|Any CPU
		{535FCE47-E8DD-457D-8B94-B7179E9A0A5C}.Debug|x86.ActiveCfg = Debug|Any CPU
		{535FCE47-E8DD-457D-8B94-B7179E9A0A5C}.Debug|x86.Build.0 = Debug|Any CPU
		{535FCE47-E8DD-457D-8B94-B7179E9A0A5C}.Release|Any CPU.ActiveCfg = Release|Any CPU
		{535FCE47-E8DD-457D-8B94-B7179E9A0A5C}.Release|Any CPU.Build.0 = Release|Any CPU
		{535FCE47-E8DD-457D-8B94-B7179E9A0A5C}.Release|x64.ActiveCfg = Release|Any CPU
		{535FCE47-E8DD-457D-8B94-B7179E9A0A5C}.Release|x64.Build.0 = Release|Any CPU
		{535FCE47-E8DD-457D-8B94-B7179E9A0A5C}.Release|x86.ActiveCfg = Release|Any CPU
		{535FCE47-E8DD-457D-8B94-B7179E9A0A5C}.Release|x86.Build.0 = Release|Any CPU
		{5BBA5D57-BCB3-4DF6-A238-F26E660C36DE}.Debug|Any CPU.ActiveCfg = Debug|Any CPU
		{5BBA5D57-BCB3-4DF6-A238-F26E660C36DE}.Debug|Any CPU.Build.0 = Debug|Any CPU
		{5BBA5D57-BCB3-4DF6-A238-F26E660C36DE}.Debug|x64.ActiveCfg = Debug|Any CPU
		{5BBA5D57-BCB3-4DF6-A238-F26E660C36DE}.Debug|x64.Build.0 = Debug|Any CPU
		{5BBA5D57-BCB3-4DF6-A238-F26E660C36DE}.Debug|x86.ActiveCfg = Debug|Any CPU
		{5BBA5D57-BCB3-4DF6-A238-F26E660C36DE}.Debug|x86.Build.0 = Debug|Any CPU
		{5BBA5D57-BCB3-4DF6-A238-F26E660C36DE}.Release|Any CPU.ActiveCfg = Release|Any CPU
		{5BBA5D57-BCB3-4DF6-A238-F26E660C36DE}.Release|Any CPU.Build.0 = Release|Any CPU
		{5BBA5D57-BCB3-4DF6-A238-F26E660C36DE}.Release|x64.ActiveCfg = Release|Any CPU
		{5BBA5D57-BCB3-4DF6-A238-F26E660C36DE}.Release|x64.Build.0 = Release|Any CPU
		{5BBA5D57-BCB3-4DF6-A238-F26E660C36DE}.Release|x86.ActiveCfg = Release|Any CPU
		{5BBA5D57-BCB3-4DF6-A238-F26E660C36DE}.Release|x86.Build.0 = Release|Any CPU
		{60080351-0C23-4443-B705-F3363E622499}.Debug|Any CPU.ActiveCfg = Debug|Any CPU
		{60080351-0C23-4443-B705-F3363E622499}.Debug|Any CPU.Build.0 = Debug|Any CPU
		{60080351-0C23-4443-B705-F3363E622499}.Debug|x64.ActiveCfg = Debug|Any CPU
		{60080351-0C23-4443-B705-F3363E622499}.Debug|x64.Build.0 = Debug|Any CPU
		{60080351-0C23-4443-B705-F3363E622499}.Debug|x86.ActiveCfg = Debug|Any CPU
		{60080351-0C23-4443-B705-F3363E622499}.Debug|x86.Build.0 = Debug|Any CPU
		{60080351-0C23-4443-B705-F3363E622499}.Release|Any CPU.ActiveCfg = Release|Any CPU
		{60080351-0C23-4443-B705-F3363E622499}.Release|Any CPU.Build.0 = Release|Any CPU
		{60080351-0C23-4443-B705-F3363E622499}.Release|x64.ActiveCfg = Release|Any CPU
		{60080351-0C23-4443-B705-F3363E622499}.Release|x64.Build.0 = Release|Any CPU
		{60080351-0C23-4443-B705-F3363E622499}.Release|x86.ActiveCfg = Release|Any CPU
		{60080351-0C23-4443-B705-F3363E622499}.Release|x86.Build.0 = Release|Any CPU
		{07A0356E-5CFC-491A-B997-1214BF72ACF3}.Debug|Any CPU.ActiveCfg = Debug|Any CPU
		{07A0356E-5CFC-491A-B997-1214BF72ACF3}.Debug|Any CPU.Build.0 = Debug|Any CPU
		{07A0356E-5CFC-491A-B997-1214BF72ACF3}.Debug|x64.ActiveCfg = Debug|Any CPU
		{07A0356E-5CFC-491A-B997-1214BF72ACF3}.Debug|x64.Build.0 = Debug|Any CPU
		{07A0356E-5CFC-491A-B997-1214BF72ACF3}.Debug|x86.ActiveCfg = Debug|Any CPU
		{07A0356E-5CFC-491A-B997-1214BF72ACF3}.Debug|x86.Build.0 = Debug|Any CPU
		{07A0356E-5CFC-491A-B997-1214BF72ACF3}.Release|Any CPU.ActiveCfg = Release|Any CPU
		{07A0356E-5CFC-491A-B997-1214BF72ACF3}.Release|Any CPU.Build.0 = Release|Any CPU
		{07A0356E-5CFC-491A-B997-1214BF72ACF3}.Release|x64.ActiveCfg = Release|Any CPU
		{07A0356E-5CFC-491A-B997-1214BF72ACF3}.Release|x64.Build.0 = Release|Any CPU
		{07A0356E-5CFC-491A-B997-1214BF72ACF3}.Release|x86.ActiveCfg = Release|Any CPU
		{07A0356E-5CFC-491A-B997-1214BF72ACF3}.Release|x86.Build.0 = Release|Any CPU
		{6CBFCD92-4762-4636-AB2D-EFF3692013BA}.Debug|Any CPU.ActiveCfg = Debug|Any CPU
		{6CBFCD92-4762-4636-AB2D-EFF3692013BA}.Debug|Any CPU.Build.0 = Debug|Any CPU
		{6CBFCD92-4762-4636-AB2D-EFF3692013BA}.Debug|x64.ActiveCfg = Debug|Any CPU
		{6CBFCD92-4762-4636-AB2D-EFF3692013BA}.Debug|x64.Build.0 = Debug|Any CPU
		{6CBFCD92-4762-4636-AB2D-EFF3692013BA}.Debug|x86.ActiveCfg = Debug|Any CPU
		{6CBFCD92-4762-4636-AB2D-EFF3692013BA}.Debug|x86.Build.0 = Debug|Any CPU
		{6CBFCD92-4762-4636-AB2D-EFF3692013BA}.Release|Any CPU.ActiveCfg = Release|Any CPU
		{6CBFCD92-4762-4636-AB2D-EFF3692013BA}.Release|Any CPU.Build.0 = Release|Any CPU
		{6CBFCD92-4762-4636-AB2D-EFF3692013BA}.Release|x64.ActiveCfg = Release|Any CPU
		{6CBFCD92-4762-4636-AB2D-EFF3692013BA}.Release|x64.Build.0 = Release|Any CPU
		{6CBFCD92-4762-4636-AB2D-EFF3692013BA}.Release|x86.ActiveCfg = Release|Any CPU
		{6CBFCD92-4762-4636-AB2D-EFF3692013BA}.Release|x86.Build.0 = Release|Any CPU
		{4AF53F61-E09E-4F1C-B862-2DD2CBC01340}.Debug|Any CPU.ActiveCfg = Debug|Any CPU
		{4AF53F61-E09E-4F1C-B862-2DD2CBC01340}.Debug|Any CPU.Build.0 = Debug|Any CPU
		{4AF53F61-E09E-4F1C-B862-2DD2CBC01340}.Debug|x64.ActiveCfg = Debug|Any CPU
		{4AF53F61-E09E-4F1C-B862-2DD2CBC01340}.Debug|x64.Build.0 = Debug|Any CPU
		{4AF53F61-E09E-4F1C-B862-2DD2CBC01340}.Debug|x86.ActiveCfg = Debug|Any CPU
		{4AF53F61-E09E-4F1C-B862-2DD2CBC01340}.Debug|x86.Build.0 = Debug|Any CPU
		{4AF53F61-E09E-4F1C-B862-2DD2CBC01340}.Release|Any CPU.ActiveCfg = Release|Any CPU
		{4AF53F61-E09E-4F1C-B862-2DD2CBC01340}.Release|Any CPU.Build.0 = Release|Any CPU
		{4AF53F61-E09E-4F1C-B862-2DD2CBC01340}.Release|x64.ActiveCfg = Release|Any CPU
		{4AF53F61-E09E-4F1C-B862-2DD2CBC01340}.Release|x64.Build.0 = Release|Any CPU
		{4AF53F61-E09E-4F1C-B862-2DD2CBC01340}.Release|x86.ActiveCfg = Release|Any CPU
		{4AF53F61-E09E-4F1C-B862-2DD2CBC01340}.Release|x86.Build.0 = Release|Any CPU
		{C1A13441-D17B-4C6B-BFCC-4E0975C1C9D2}.Debug|Any CPU.ActiveCfg = Debug|Any CPU
		{C1A13441-D17B-4C6B-BFCC-4E0975C1C9D2}.Debug|Any CPU.Build.0 = Debug|Any CPU
		{C1A13441-D17B-4C6B-BFCC-4E0975C1C9D2}.Debug|x64.ActiveCfg = Debug|Any CPU
		{C1A13441-D17B-4C6B-BFCC-4E0975C1C9D2}.Debug|x64.Build.0 = Debug|Any CPU
		{C1A13441-D17B-4C6B-BFCC-4E0975C1C9D2}.Debug|x86.ActiveCfg = Debug|Any CPU
		{C1A13441-D17B-4C6B-BFCC-4E0975C1C9D2}.Debug|x86.Build.0 = Debug|Any CPU
		{C1A13441-D17B-4C6B-BFCC-4E0975C1C9D2}.Release|Any CPU.ActiveCfg = Release|Any CPU
		{C1A13441-D17B-4C6B-BFCC-4E0975C1C9D2}.Release|Any CPU.Build.0 = Release|Any CPU
		{C1A13441-D17B-4C6B-BFCC-4E0975C1C9D2}.Release|x64.ActiveCfg = Release|Any CPU
		{C1A13441-D17B-4C6B-BFCC-4E0975C1C9D2}.Release|x64.Build.0 = Release|Any CPU
		{C1A13441-D17B-4C6B-BFCC-4E0975C1C9D2}.Release|x86.ActiveCfg = Release|Any CPU
		{C1A13441-D17B-4C6B-BFCC-4E0975C1C9D2}.Release|x86.Build.0 = Release|Any CPU
		{C5C0DAE4-8E56-4D67-A8FE-EB83543B70C3}.Debug|Any CPU.ActiveCfg = Debug|Any CPU
		{C5C0DAE4-8E56-4D67-A8FE-EB83543B70C3}.Debug|Any CPU.Build.0 = Debug|Any CPU
		{C5C0DAE4-8E56-4D67-A8FE-EB83543B70C3}.Debug|x64.ActiveCfg = Debug|Any CPU
		{C5C0DAE4-8E56-4D67-A8FE-EB83543B70C3}.Debug|x64.Build.0 = Debug|Any CPU
		{C5C0DAE4-8E56-4D67-A8FE-EB83543B70C3}.Debug|x86.ActiveCfg = Debug|Any CPU
		{C5C0DAE4-8E56-4D67-A8FE-EB83543B70C3}.Debug|x86.Build.0 = Debug|Any CPU
		{C5C0DAE4-8E56-4D67-A8FE-EB83543B70C3}.Release|Any CPU.ActiveCfg = Release|Any CPU
		{C5C0DAE4-8E56-4D67-A8FE-EB83543B70C3}.Release|Any CPU.Build.0 = Release|Any CPU
		{C5C0DAE4-8E56-4D67-A8FE-EB83543B70C3}.Release|x64.ActiveCfg = Release|Any CPU
		{C5C0DAE4-8E56-4D67-A8FE-EB83543B70C3}.Release|x64.Build.0 = Release|Any CPU
		{C5C0DAE4-8E56-4D67-A8FE-EB83543B70C3}.Release|x86.ActiveCfg = Release|Any CPU
		{C5C0DAE4-8E56-4D67-A8FE-EB83543B70C3}.Release|x86.Build.0 = Release|Any CPU
		{33B2B0DD-5EDB-4B38-8770-2C2C5FE7E2AB}.Debug|Any CPU.ActiveCfg = Debug|Any CPU
		{33B2B0DD-5EDB-4B38-8770-2C2C5FE7E2AB}.Debug|Any CPU.Build.0 = Debug|Any CPU
		{33B2B0DD-5EDB-4B38-8770-2C2C5FE7E2AB}.Debug|x64.ActiveCfg = Debug|Any CPU
		{33B2B0DD-5EDB-4B38-8770-2C2C5FE7E2AB}.Debug|x64.Build.0 = Debug|Any CPU
		{33B2B0DD-5EDB-4B38-8770-2C2C5FE7E2AB}.Debug|x86.ActiveCfg = Debug|Any CPU
		{33B2B0DD-5EDB-4B38-8770-2C2C5FE7E2AB}.Debug|x86.Build.0 = Debug|Any CPU
		{33B2B0DD-5EDB-4B38-8770-2C2C5FE7E2AB}.Release|Any CPU.ActiveCfg = Release|Any CPU
		{33B2B0DD-5EDB-4B38-8770-2C2C5FE7E2AB}.Release|Any CPU.Build.0 = Release|Any CPU
		{33B2B0DD-5EDB-4B38-8770-2C2C5FE7E2AB}.Release|x64.ActiveCfg = Release|Any CPU
		{33B2B0DD-5EDB-4B38-8770-2C2C5FE7E2AB}.Release|x64.Build.0 = Release|Any CPU
		{33B2B0DD-5EDB-4B38-8770-2C2C5FE7E2AB}.Release|x86.ActiveCfg = Release|Any CPU
		{33B2B0DD-5EDB-4B38-8770-2C2C5FE7E2AB}.Release|x86.Build.0 = Release|Any CPU
		{6CCE4EE2-7BB6-4F3D-BE58-5DB078C1C19E}.Debug|Any CPU.ActiveCfg = Debug|Any CPU
		{6CCE4EE2-7BB6-4F3D-BE58-5DB078C1C19E}.Debug|Any CPU.Build.0 = Debug|Any CPU
		{6CCE4EE2-7BB6-4F3D-BE58-5DB078C1C19E}.Debug|x64.ActiveCfg = Debug|Any CPU
		{6CCE4EE2-7BB6-4F3D-BE58-5DB078C1C19E}.Debug|x64.Build.0 = Debug|Any CPU
		{6CCE4EE2-7BB6-4F3D-BE58-5DB078C1C19E}.Debug|x86.ActiveCfg = Debug|Any CPU
		{6CCE4EE2-7BB6-4F3D-BE58-5DB078C1C19E}.Debug|x86.Build.0 = Debug|Any CPU
		{6CCE4EE2-7BB6-4F3D-BE58-5DB078C1C19E}.Release|Any CPU.ActiveCfg = Release|Any CPU
		{6CCE4EE2-7BB6-4F3D-BE58-5DB078C1C19E}.Release|Any CPU.Build.0 = Release|Any CPU
		{6CCE4EE2-7BB6-4F3D-BE58-5DB078C1C19E}.Release|x64.ActiveCfg = Release|Any CPU
		{6CCE4EE2-7BB6-4F3D-BE58-5DB078C1C19E}.Release|x64.Build.0 = Release|Any CPU
		{6CCE4EE2-7BB6-4F3D-BE58-5DB078C1C19E}.Release|x86.ActiveCfg = Release|Any CPU
		{6CCE4EE2-7BB6-4F3D-BE58-5DB078C1C19E}.Release|x86.Build.0 = Release|Any CPU
		{A4C7E4C6-B1A1-4BD3-9C3F-0EC1A08369E0}.Debug|Any CPU.ActiveCfg = Debug|Any CPU
		{A4C7E4C6-B1A1-4BD3-9C3F-0EC1A08369E0}.Debug|Any CPU.Build.0 = Debug|Any CPU
		{A4C7E4C6-B1A1-4BD3-9C3F-0EC1A08369E0}.Debug|x64.ActiveCfg = Debug|Any CPU
		{A4C7E4C6-B1A1-4BD3-9C3F-0EC1A08369E0}.Debug|x64.Build.0 = Debug|Any CPU
		{A4C7E4C6-B1A1-4BD3-9C3F-0EC1A08369E0}.Debug|x86.ActiveCfg = Debug|Any CPU
		{A4C7E4C6-B1A1-4BD3-9C3F-0EC1A08369E0}.Debug|x86.Build.0 = Debug|Any CPU
		{A4C7E4C6-B1A1-4BD3-9C3F-0EC1A08369E0}.Release|Any CPU.ActiveCfg = Release|Any CPU
		{A4C7E4C6-B1A1-4BD3-9C3F-0EC1A08369E0}.Release|Any CPU.Build.0 = Release|Any CPU
		{A4C7E4C6-B1A1-4BD3-9C3F-0EC1A08369E0}.Release|x64.ActiveCfg = Release|Any CPU
		{A4C7E4C6-B1A1-4BD3-9C3F-0EC1A08369E0}.Release|x64.Build.0 = Release|Any CPU
		{A4C7E4C6-B1A1-4BD3-9C3F-0EC1A08369E0}.Release|x86.ActiveCfg = Release|Any CPU
		{A4C7E4C6-B1A1-4BD3-9C3F-0EC1A08369E0}.Release|x86.Build.0 = Release|Any CPU
		{B66D6A83-051D-429A-B027-3C0DDC67151E}.Debug|Any CPU.ActiveCfg = Debug|Any CPU
		{B66D6A83-051D-429A-B027-3C0DDC67151E}.Debug|Any CPU.Build.0 = Debug|Any CPU
		{B66D6A83-051D-429A-B027-3C0DDC67151E}.Debug|x64.ActiveCfg = Debug|Any CPU
		{B66D6A83-051D-429A-B027-3C0DDC67151E}.Debug|x64.Build.0 = Debug|Any CPU
		{B66D6A83-051D-429A-B027-3C0DDC67151E}.Debug|x86.ActiveCfg = Debug|Any CPU
		{B66D6A83-051D-429A-B027-3C0DDC67151E}.Debug|x86.Build.0 = Debug|Any CPU
		{B66D6A83-051D-429A-B027-3C0DDC67151E}.Release|Any CPU.ActiveCfg = Release|Any CPU
		{B66D6A83-051D-429A-B027-3C0DDC67151E}.Release|Any CPU.Build.0 = Release|Any CPU
		{B66D6A83-051D-429A-B027-3C0DDC67151E}.Release|x64.ActiveCfg = Release|Any CPU
		{B66D6A83-051D-429A-B027-3C0DDC67151E}.Release|x64.Build.0 = Release|Any CPU
		{B66D6A83-051D-429A-B027-3C0DDC67151E}.Release|x86.ActiveCfg = Release|Any CPU
		{B66D6A83-051D-429A-B027-3C0DDC67151E}.Release|x86.Build.0 = Release|Any CPU
		{39851B72-5DB4-4989-A1E3-3A62596B31B2}.Debug|Any CPU.ActiveCfg = Debug|Any CPU
		{39851B72-5DB4-4989-A1E3-3A62596B31B2}.Debug|Any CPU.Build.0 = Debug|Any CPU
		{39851B72-5DB4-4989-A1E3-3A62596B31B2}.Debug|x64.ActiveCfg = Debug|Any CPU
		{39851B72-5DB4-4989-A1E3-3A62596B31B2}.Debug|x64.Build.0 = Debug|Any CPU
		{39851B72-5DB4-4989-A1E3-3A62596B31B2}.Debug|x86.ActiveCfg = Debug|Any CPU
		{39851B72-5DB4-4989-A1E3-3A62596B31B2}.Debug|x86.Build.0 = Debug|Any CPU
		{39851B72-5DB4-4989-A1E3-3A62596B31B2}.Release|Any CPU.ActiveCfg = Release|Any CPU
		{39851B72-5DB4-4989-A1E3-3A62596B31B2}.Release|Any CPU.Build.0 = Release|Any CPU
		{39851B72-5DB4-4989-A1E3-3A62596B31B2}.Release|x64.ActiveCfg = Release|Any CPU
		{39851B72-5DB4-4989-A1E3-3A62596B31B2}.Release|x64.Build.0 = Release|Any CPU
		{39851B72-5DB4-4989-A1E3-3A62596B31B2}.Release|x86.ActiveCfg = Release|Any CPU
		{39851B72-5DB4-4989-A1E3-3A62596B31B2}.Release|x86.Build.0 = Release|Any CPU
		{50A36A70-CB99-49E5-80D2-B53130D8A4FE}.Debug|Any CPU.ActiveCfg = Debug|Any CPU
		{50A36A70-CB99-49E5-80D2-B53130D8A4FE}.Debug|Any CPU.Build.0 = Debug|Any CPU
		{50A36A70-CB99-49E5-80D2-B53130D8A4FE}.Debug|x64.ActiveCfg = Debug|Any CPU
		{50A36A70-CB99-49E5-80D2-B53130D8A4FE}.Debug|x64.Build.0 = Debug|Any CPU
		{50A36A70-CB99-49E5-80D2-B53130D8A4FE}.Debug|x86.ActiveCfg = Debug|Any CPU
		{50A36A70-CB99-49E5-80D2-B53130D8A4FE}.Debug|x86.Build.0 = Debug|Any CPU
		{50A36A70-CB99-49E5-80D2-B53130D8A4FE}.Release|Any CPU.ActiveCfg = Release|Any CPU
		{50A36A70-CB99-49E5-80D2-B53130D8A4FE}.Release|Any CPU.Build.0 = Release|Any CPU
		{50A36A70-CB99-49E5-80D2-B53130D8A4FE}.Release|x64.ActiveCfg = Release|Any CPU
		{50A36A70-CB99-49E5-80D2-B53130D8A4FE}.Release|x64.Build.0 = Release|Any CPU
		{50A36A70-CB99-49E5-80D2-B53130D8A4FE}.Release|x86.ActiveCfg = Release|Any CPU
		{50A36A70-CB99-49E5-80D2-B53130D8A4FE}.Release|x86.Build.0 = Release|Any CPU
		{DE35CD3A-36FA-48F1-BEA2-0D2A9249DE0E}.Debug|Any CPU.ActiveCfg = Debug|Any CPU
		{DE35CD3A-36FA-48F1-BEA2-0D2A9249DE0E}.Debug|Any CPU.Build.0 = Debug|Any CPU
		{DE35CD3A-36FA-48F1-BEA2-0D2A9249DE0E}.Debug|x64.ActiveCfg = Debug|Any CPU
		{DE35CD3A-36FA-48F1-BEA2-0D2A9249DE0E}.Debug|x64.Build.0 = Debug|Any CPU
		{DE35CD3A-36FA-48F1-BEA2-0D2A9249DE0E}.Debug|x86.ActiveCfg = Debug|Any CPU
		{DE35CD3A-36FA-48F1-BEA2-0D2A9249DE0E}.Debug|x86.Build.0 = Debug|Any CPU
		{DE35CD3A-36FA-48F1-BEA2-0D2A9249DE0E}.Release|Any CPU.ActiveCfg = Release|Any CPU
		{DE35CD3A-36FA-48F1-BEA2-0D2A9249DE0E}.Release|Any CPU.Build.0 = Release|Any CPU
		{DE35CD3A-36FA-48F1-BEA2-0D2A9249DE0E}.Release|x64.ActiveCfg = Release|Any CPU
		{DE35CD3A-36FA-48F1-BEA2-0D2A9249DE0E}.Release|x64.Build.0 = Release|Any CPU
		{DE35CD3A-36FA-48F1-BEA2-0D2A9249DE0E}.Release|x86.ActiveCfg = Release|Any CPU
		{DE35CD3A-36FA-48F1-BEA2-0D2A9249DE0E}.Release|x86.Build.0 = Release|Any CPU
		{283853F9-9751-40D7-AFB3-2C900CF00C65}.Debug|Any CPU.ActiveCfg = Debug|Any CPU
		{283853F9-9751-40D7-AFB3-2C900CF00C65}.Debug|Any CPU.Build.0 = Debug|Any CPU
		{283853F9-9751-40D7-AFB3-2C900CF00C65}.Debug|x64.ActiveCfg = Debug|Any CPU
		{283853F9-9751-40D7-AFB3-2C900CF00C65}.Debug|x64.Build.0 = Debug|Any CPU
		{283853F9-9751-40D7-AFB3-2C900CF00C65}.Debug|x86.ActiveCfg = Debug|Any CPU
		{283853F9-9751-40D7-AFB3-2C900CF00C65}.Debug|x86.Build.0 = Debug|Any CPU
		{283853F9-9751-40D7-AFB3-2C900CF00C65}.Release|Any CPU.ActiveCfg = Release|Any CPU
		{283853F9-9751-40D7-AFB3-2C900CF00C65}.Release|Any CPU.Build.0 = Release|Any CPU
		{283853F9-9751-40D7-AFB3-2C900CF00C65}.Release|x64.ActiveCfg = Release|Any CPU
		{283853F9-9751-40D7-AFB3-2C900CF00C65}.Release|x64.Build.0 = Release|Any CPU
		{283853F9-9751-40D7-AFB3-2C900CF00C65}.Release|x86.ActiveCfg = Release|Any CPU
		{283853F9-9751-40D7-AFB3-2C900CF00C65}.Release|x86.Build.0 = Release|Any CPU
		{0BE0975D-D118-4FCF-BC47-8707B0BB0D25}.Debug|Any CPU.ActiveCfg = Debug|Any CPU
		{0BE0975D-D118-4FCF-BC47-8707B0BB0D25}.Debug|Any CPU.Build.0 = Debug|Any CPU
		{0BE0975D-D118-4FCF-BC47-8707B0BB0D25}.Debug|x64.ActiveCfg = Debug|Any CPU
		{0BE0975D-D118-4FCF-BC47-8707B0BB0D25}.Debug|x64.Build.0 = Debug|Any CPU
		{0BE0975D-D118-4FCF-BC47-8707B0BB0D25}.Debug|x86.ActiveCfg = Debug|Any CPU
		{0BE0975D-D118-4FCF-BC47-8707B0BB0D25}.Debug|x86.Build.0 = Debug|Any CPU
		{0BE0975D-D118-4FCF-BC47-8707B0BB0D25}.Release|Any CPU.ActiveCfg = Release|Any CPU
		{0BE0975D-D118-4FCF-BC47-8707B0BB0D25}.Release|Any CPU.Build.0 = Release|Any CPU
		{0BE0975D-D118-4FCF-BC47-8707B0BB0D25}.Release|x64.ActiveCfg = Release|Any CPU
		{0BE0975D-D118-4FCF-BC47-8707B0BB0D25}.Release|x64.Build.0 = Release|Any CPU
		{0BE0975D-D118-4FCF-BC47-8707B0BB0D25}.Release|x86.ActiveCfg = Release|Any CPU
		{0BE0975D-D118-4FCF-BC47-8707B0BB0D25}.Release|x86.Build.0 = Release|Any CPU
		{BC37CB9F-E3F8-4549-B41F-D052211B0F49}.Debug|Any CPU.ActiveCfg = Debug|Any CPU
		{BC37CB9F-E3F8-4549-B41F-D052211B0F49}.Debug|Any CPU.Build.0 = Debug|Any CPU
		{BC37CB9F-E3F8-4549-B41F-D052211B0F49}.Debug|x64.ActiveCfg = Debug|Any CPU
		{BC37CB9F-E3F8-4549-B41F-D052211B0F49}.Debug|x64.Build.0 = Debug|Any CPU
		{BC37CB9F-E3F8-4549-B41F-D052211B0F49}.Debug|x86.ActiveCfg = Debug|Any CPU
		{BC37CB9F-E3F8-4549-B41F-D052211B0F49}.Debug|x86.Build.0 = Debug|Any CPU
		{BC37CB9F-E3F8-4549-B41F-D052211B0F49}.Release|Any CPU.ActiveCfg = Release|Any CPU
		{BC37CB9F-E3F8-4549-B41F-D052211B0F49}.Release|Any CPU.Build.0 = Release|Any CPU
		{BC37CB9F-E3F8-4549-B41F-D052211B0F49}.Release|x64.ActiveCfg = Release|Any CPU
		{BC37CB9F-E3F8-4549-B41F-D052211B0F49}.Release|x64.Build.0 = Release|Any CPU
		{BC37CB9F-E3F8-4549-B41F-D052211B0F49}.Release|x86.ActiveCfg = Release|Any CPU
		{BC37CB9F-E3F8-4549-B41F-D052211B0F49}.Release|x86.Build.0 = Release|Any CPU
		{F365CA71-28F8-41DF-95F7-496F231E1DCD}.Debug|Any CPU.ActiveCfg = Debug|Any CPU
		{F365CA71-28F8-41DF-95F7-496F231E1DCD}.Debug|Any CPU.Build.0 = Debug|Any CPU
		{F365CA71-28F8-41DF-95F7-496F231E1DCD}.Debug|x64.ActiveCfg = Debug|Any CPU
		{F365CA71-28F8-41DF-95F7-496F231E1DCD}.Debug|x64.Build.0 = Debug|Any CPU
		{F365CA71-28F8-41DF-95F7-496F231E1DCD}.Debug|x86.ActiveCfg = Debug|Any CPU
		{F365CA71-28F8-41DF-95F7-496F231E1DCD}.Debug|x86.Build.0 = Debug|Any CPU
		{F365CA71-28F8-41DF-95F7-496F231E1DCD}.Release|Any CPU.ActiveCfg = Release|Any CPU
		{F365CA71-28F8-41DF-95F7-496F231E1DCD}.Release|Any CPU.Build.0 = Release|Any CPU
		{F365CA71-28F8-41DF-95F7-496F231E1DCD}.Release|x64.ActiveCfg = Release|Any CPU
		{F365CA71-28F8-41DF-95F7-496F231E1DCD}.Release|x64.Build.0 = Release|Any CPU
		{F365CA71-28F8-41DF-95F7-496F231E1DCD}.Release|x86.ActiveCfg = Release|Any CPU
		{F365CA71-28F8-41DF-95F7-496F231E1DCD}.Release|x86.Build.0 = Release|Any CPU
	EndGlobalSection
EndGlobal
