
Microsoft Visual Studio Solution File, Format Version 12.00
# Visual Studio Version 16
VisualStudioVersion = 16.0.30114.105
MinimumVisualStudioVersion = 10.0.40219.1
Project("{FAE04EC0-301F-11D3-BF4B-00C04F79EFBC}") = "Penguin.Cms.Modules.Errors.Local", "Penguin.Cms.Modules.Errors.Local.csproj", "{302A2569-FFDD-425A-875C-EA18E63C77CB}"
EndProject
Project("{FAE04EC0-301F-11D3-BF4B-00C04F79EFBC}") = "Penguin.Cms.Web.Errors.Local", "..\Penguin.Cms.Web.Errors\Penguin.Cms.Web.Errors.Local.csproj", "{45D55582-24EE-4860-AD64-726D4169BC5D}"
EndProject
Project("{FAE04EC0-301F-11D3-BF4B-00C04F79EFBC}") = "Penguin.Web.Abstractions.Local", "..\Penguin.Web.Abstractions\Penguin.Web.Abstractions.Local.csproj", "{528BF205-5AEA-421A-BA90-2F75DB5794BA}"
EndProject
Project("{FAE04EC0-301F-11D3-BF4B-00C04F79EFBC}") = "Penguin.Security.Abstractions.Local", "..\Penguin.Security.Abstractions\Penguin.Security.Abstractions.Local.csproj", "{8E8EF541-8C63-459F-A9E6-DAA254A09B4B}"
EndProject
Project("{FAE04EC0-301F-11D3-BF4B-00C04F79EFBC}") = "Penguin.Cms.Errors.Local", "..\Penguin.Cms.Errors\Penguin.Cms.Errors.Local.csproj", "{39A16F76-9A35-4DC8-A82B-0E5CD5CF0770}"
EndProject
Project("{FAE04EC0-301F-11D3-BF4B-00C04F79EFBC}") = "Penguin.Auditing.Abstractions.Local", "..\Penguin.Auditing.Abstractions\Penguin.Auditing.Abstractions.Local.csproj", "{9E772EAF-1997-47C7-A757-6DE33850AE08}"
EndProject
Project("{FAE04EC0-301F-11D3-BF4B-00C04F79EFBC}") = "Penguin.Extensions.Exceptions.Local", "..\Penguin.Extensions.Exceptions\Penguin.Extensions.Exceptions.Local.csproj", "{C820F793-D92D-4C31-9E73-C280097A9716}"
EndProject
Project("{FAE04EC0-301F-11D3-BF4B-00C04F79EFBC}") = "Penguin.Cms.Entities.Local", "..\Penguin.Cms.Entities\Penguin.Cms.Entities.Local.csproj", "{660BCFCF-D926-4650-9992-6D756F0639BF}"
EndProject
Project("{FAE04EC0-301F-11D3-BF4B-00C04F79EFBC}") = "Penguin.Persistence.Abstractions.Local", "..\Penguin.Persistence.Abstractions\Penguin.Persistence.Abstractions.Local.csproj", "{877AA4CA-C511-4266-86BF-9093B46AEB24}"
EndProject
Project("{FAE04EC0-301F-11D3-BF4B-00C04F79EFBC}") = "Penguin.Entities.Abstractions.Local", "..\Penguin.Entities.Abstractions\Penguin.Entities.Abstractions.Local.csproj", "{5F642ABF-5030-46BB-AC66-F5260D92DE9D}"
EndProject
Project("{FAE04EC0-301F-11D3-BF4B-00C04F79EFBC}") = "Penguin.Reflection.Extensions.Local", "..\Penguin.Reflection.Extensions\Penguin.Reflection.Extensions.Local.csproj", "{89B8CB85-972C-4845-9C58-6192DE5CC366}"
EndProject
Project("{FAE04EC0-301F-11D3-BF4B-00C04F79EFBC}") = "Penguin.Reflection.Abstractions.Local", "..\Penguin.Reflection.Abstractions\Penguin.Reflection.Abstractions.Local.csproj", "{BF4ED984-70C3-4148-B5F9-DA828ED0592B}"
EndProject
Project("{FAE04EC0-301F-11D3-BF4B-00C04F79EFBC}") = "Penguin.Extensions.String.Local", "..\Penguin.Extensions.String\Penguin.Extensions.String.Local.csproj", "{694C13B2-BC07-442E-B4A9-F692E897654A}"
EndProject
Project("{FAE04EC0-301F-11D3-BF4B-00C04F79EFBC}") = "Penguin.Cms.Modules.Dynamic.Local", "..\Penguin.Cms.Modules.Dynamic\Penguin.Cms.Modules.Dynamic.Local.csproj", "{B615C804-297E-4922-B772-A11A57CCDED8}"
EndProject
Project("{FAE04EC0-301F-11D3-BF4B-00C04F79EFBC}") = "Penguin.Shared.Objects.Local", "..\Penguin.Shared.Objects\Penguin.Shared.Objects.Local.csproj", "{9E00894E-5A4F-4FEE-B9AE-1B6A3ED76314}"
EndProject
Project("{FAE04EC0-301F-11D3-BF4B-00C04F79EFBC}") = "Penguin.Cms.Repositories.Local", "..\Penguin.Cms.Repositories\Penguin.Cms.Repositories.Local.csproj", "{46CA7FE9-6420-45C5-8391-5BAA523788E9}"
EndProject
Project("{FAE04EC0-301F-11D3-BF4B-00C04F79EFBC}") = "Penguin.Persistence.Repositories.Local", "..\Penguin.Persistence.Repositories\Penguin.Persistence.Repositories.Local.csproj", "{6073CB05-E7DD-4969-B2EA-A45528A93E7F}"
EndProject
Project("{FAE04EC0-301F-11D3-BF4B-00C04F79EFBC}") = "Penguin.DependencyInjection.Abstractions.Local", "..\Penguin.DependencyInjection.Abstractions\Penguin.DependencyInjection.Abstractions.Local.csproj", "{DB988C02-3F49-4779-A435-C1423E086933}"
EndProject
Project("{FAE04EC0-301F-11D3-BF4B-00C04F79EFBC}") = "Penguin.Messaging.Persistence.Local", "..\Penguin.Messaging.Persistence\Penguin.Messaging.Persistence.Local.csproj", "{5313F92E-3CA8-46FB-BDD6-A608C4122BD6}"
EndProject
Project("{FAE04EC0-301F-11D3-BF4B-00C04F79EFBC}") = "Penguin.Messaging.Abstractions.Local", "..\Penguin.Messaging.Abstractions\Penguin.Messaging.Abstractions.Local.csproj", "{C15CDD40-B5A0-4304-9668-63A4CDB24B91}"
EndProject
Project("{FAE04EC0-301F-11D3-BF4B-00C04F79EFBC}") = "Penguin.Messaging.Core.Local", "..\Penguin.Messaging.Core\Penguin.Messaging.Core.Local.csproj", "{B136CA59-68A5-4D91-B2C4-6082D5DC1B11}"
EndProject
Project("{FAE04EC0-301F-11D3-BF4B-00C04F79EFBC}") = "Penguin.Debugging.Local", "..\Penguin.Debugging\Penguin.Debugging.Local.csproj", "{CB3A84F5-9629-4A79-82E9-3044116B57A3}"
EndProject
Project("{FAE04EC0-301F-11D3-BF4B-00C04F79EFBC}") = "Penguin.Reflection.Local", "..\Penguin.Reflection\Penguin.Reflection.Local.csproj", "{CF525E24-9F9E-44F0-8AF4-4894E04F6B08}"
EndProject
Project("{FAE04EC0-301F-11D3-BF4B-00C04F79EFBC}") = "Penguin.Web.Dynamic.Local", "..\Penguin.Web.Dynamic\Penguin.Web.Dynamic.Local.csproj", "{DA6CBD0F-45AE-4263-8FA2-A236AC716D83}"
EndProject
Project("{FAE04EC0-301F-11D3-BF4B-00C04F79EFBC}") = "Penguin.Extensions.Collections.Local", "..\Penguin.Extensions.Collections\Penguin.Extensions.Collections.Local.csproj", "{E3CE70DA-31AA-4DFD-9F50-FF3CDADED081}"
EndProject
Project("{FAE04EC0-301F-11D3-BF4B-00C04F79EFBC}") = "Penguin.Reflection.Serialization.Local", "..\Penguin.Reflection.Serialization\Penguin.Reflection.Serialization.Local.csproj", "{2F16639B-FB9C-4B74-9685-E2543864133F}"
EndProject
Project("{FAE04EC0-301F-11D3-BF4B-00C04F79EFBC}") = "Penguin.Reflection.Serialization.Abstractions.Local", "..\Penguin.Reflection.Serialization.Abstractions\Penguin.Reflection.Serialization.Abstractions.Local.csproj", "{D2ACA37E-39DC-4DD0-98DE-3C770735876C}"
EndProject
Project("{FAE04EC0-301F-11D3-BF4B-00C04F79EFBC}") = "Penguin.Cms.Modules.Admin.Local", "..\Penguin.Cms.Modules.Admin\Penguin.Cms.Modules.Admin.Local.csproj", "{C364786A-0B1C-49B4-A220-42BDB2B6BE0D}"
EndProject
Project("{FAE04EC0-301F-11D3-BF4B-00C04F79EFBC}") = "Penguin.Web.Security.Local", "..\Penguin.Web.Security\Penguin.Web.Security.Local.csproj", "{86C6133E-339B-4196-98DF-4EFD02100299}"
EndProject
Project("{FAE04EC0-301F-11D3-BF4B-00C04F79EFBC}") = "Penguin.Cms.Modules.Core.Local", "..\Penguin.Cms.Modules.Core\Penguin.Cms.Modules.Core.Local.csproj", "{5D308E97-35E6-46A8-8722-FA63E7773B07}"
EndProject
Project("{FAE04EC0-301F-11D3-BF4B-00C04F79EFBC}") = "Penguin.Navigation.Abstractions.Local", "..\Penguin.Navigation.Abstractions\Penguin.Navigation.Abstractions.Local.csproj", "{49B8BE44-7683-48DA-903A-E4AED5CB9E8F}"
EndProject
Project("{FAE04EC0-301F-11D3-BF4B-00C04F79EFBC}") = "Penguin.Cms.Core.Local", "..\Penguin.Cms.Core\Penguin.Cms.Core.Local.csproj", "{ECB8B67C-D1DD-4EC8-A9B9-B52AA1DB4298}"
EndProject
Project("{FAE04EC0-301F-11D3-BF4B-00C04F79EFBC}") = "Penguin.Cms.Abstractions.Local", "..\Penguin.Cms.Abstractions\Penguin.Cms.Abstractions.Local.csproj", "{2E621988-444A-47A4-A56D-3C28BEE0B544}"
EndProject
Project("{FAE04EC0-301F-11D3-BF4B-00C04F79EFBC}") = "Penguin.Cms.Web.Local", "..\Penguin.Cms.Web\Penguin.Cms.Web.Local.csproj", "{DE7BB09D-CABC-40D9-A901-C31EA1A08BBD}"
EndProject
Project("{FAE04EC0-301F-11D3-BF4B-00C04F79EFBC}") = "Penguin.Web.Mvc.Local", "..\Penguin.Web.Mvc\Penguin.Web.Mvc.Local.csproj", "{9E05F147-A55A-4559-95D3-AC19AAC299FD}"
EndProject
Project("{FAE04EC0-301F-11D3-BF4B-00C04F79EFBC}") = "Penguin.Web.Mvc.Abstractions.Local", "..\Penguin.Web.Mvc.Abstractions\Penguin.Web.Mvc.Abstractions.Local.csproj", "{807F65B3-13CD-4DEA-B4CC-BE8DD3FA00FD}"
EndProject
Project("{FAE04EC0-301F-11D3-BF4B-00C04F79EFBC}") = "Penguin.Templating.Abstractions.Local", "..\Penguin.Templating.Abstractions\Penguin.Templating.Abstractions.Local.csproj", "{B62F550A-67B2-49EB-B8E9-73B67A3C28BA}"
EndProject
Project("{FAE04EC0-301F-11D3-BF4B-00C04F79EFBC}") = "Penguin.Configuration.Local", "..\Penguin.Configuration\Penguin.Configuration.Local.csproj", "{828225C8-754E-47AF-9D36-9BB107A532D6}"
EndProject
Project("{FAE04EC0-301F-11D3-BF4B-00C04F79EFBC}") = "Penguin.Configuration.Abstractions.Local", "..\Penguin.Configuration.Abstractions\Penguin.Configuration.Abstractions.Local.csproj", "{AF4DE981-A5EC-4547-BDB3-62977E17E909}"
EndProject
Project("{FAE04EC0-301F-11D3-BF4B-00C04F79EFBC}") = "Penguin.Messaging.Application.Local", "..\Penguin.Messaging.Application\Penguin.Messaging.Application.Local.csproj", "{7F151936-7210-49F3-91DD-96C6814AFA86}"
EndProject
Project("{FAE04EC0-301F-11D3-BF4B-00C04F79EFBC}") = "Penguin.Testing.Local", "..\Penguin.Testing\Penguin.Testing.Local.csproj", "{C4BDED97-62CF-47EA-BAB2-45C7C8AA2E33}"
EndProject
Project("{FAE04EC0-301F-11D3-BF4B-00C04F79EFBC}") = "Penguin.Web.Errors.Local", "..\Penguin.Web.Errors\Penguin.Web.Errors.Local.csproj", "{4B3EC15B-7843-43F4-AA76-9D18890AD916}"
EndProject
Project("{FAE04EC0-301F-11D3-BF4B-00C04F79EFBC}") = "Penguin.Files.Local", "..\Penguin.Files\Penguin.Files.Local.csproj", "{786884C0-4AEF-4BEA-BA83-74F3C2ABC933}"
EndProject
Project("{FAE04EC0-301F-11D3-BF4B-00C04F79EFBC}") = "Penguin.Files.Abstractions.Local", "..\Penguin.Files.Abstractions\Penguin.Files.Abstractions.Local.csproj", "{9F538647-ED37-49BB-85B0-7F1FB89EC0FE}"
EndProject
Project("{FAE04EC0-301F-11D3-BF4B-00C04F79EFBC}") = "Penguin.Web.DependencyInjection.Local", "..\Penguin.Web.DependencyInjection\Penguin.Web.DependencyInjection.Local.csproj", "{60F09D30-B956-4AE5-9B6A-66071F0DA36D}"
EndProject
Project("{FAE04EC0-301F-11D3-BF4B-00C04F79EFBC}") = "Penguin.Web.Testing.Local", "..\Penguin.Web.Testing\Penguin.Web.Testing.Local.csproj", "{682F9D1A-28AA-4DB3-ADCE-B9CF3CE6471B}"
EndProject
Project("{FAE04EC0-301F-11D3-BF4B-00C04F79EFBC}") = "Penguin.DependencyInjection.Local", "..\Penguin.DependencyInjection\Penguin.DependencyInjection.Local.csproj", "{C35696A8-107F-4B34-B481-1389BCCAA7A8}"
EndProject
Project("{FAE04EC0-301F-11D3-BF4B-00C04F79EFBC}") = "Penguin.Reflection.Serialization.Extensions.Local", "..\Penguin.Reflection.Serialization.Extensions\Penguin.Reflection.Serialization.Extensions.Local.csproj", "{6EF295E0-5F11-4BB0-A6C9-C887D0A95D49}"
EndProject
Project("{FAE04EC0-301F-11D3-BF4B-00C04F79EFBC}") = "Penguin.Persistence.Database.Local", "..\Penguin.Persistence.Database\Penguin.Persistence.Database.Local.csproj", "{2806A5EE-CEFB-4A71-96F0-C58F869550C2}"
EndProject
Project("{FAE04EC0-301F-11D3-BF4B-00C04F79EFBC}") = "Penguin.Threading.BackgroundWorker.Local", "..\Penguin.Threading.BackgroundWorker\Penguin.Threading.BackgroundWorker.Local.csproj", "{29C1D69B-EFC1-4B27-B5B6-3E242B6B927E}"
EndProject
Project("{FAE04EC0-301F-11D3-BF4B-00C04F79EFBC}") = "Penguin.Json.Local", "..\Penguin.Json\Penguin.Json.Local.csproj", "{81E8BCE3-2663-47CA-8D52-942F23B88D22}"
EndProject
Project("{FAE04EC0-301F-11D3-BF4B-00C04F79EFBC}") = "Penguin.SystemExtensions.Abstractions.Local", "..\Penguin.SystemExtensions.Abstractions\Penguin.SystemExtensions.Abstractions.Local.csproj", "{83CB91BF-ED58-4DCA-AE38-478164960E5F}"
EndProject
Project("{FAE04EC0-301F-11D3-BF4B-00C04F79EFBC}") = "Penguin.Json.Abstractions.Local", "..\Penguin.Json.Abstractions\Penguin.Json.Abstractions.Local.csproj", "{CC45BB34-1BFB-4928-A210-3840D231CEE7}"
EndProject
Global
	GlobalSection(SolutionConfigurationPlatforms) = preSolution
		Debug|Any CPU = Debug|Any CPU
		Debug|x64 = Debug|x64
		Debug|x86 = Debug|x86
		Release|Any CPU = Release|Any CPU
		Release|x64 = Release|x64
		Release|x86 = Release|x86
	EndGlobalSection
	GlobalSection(SolutionProperties) = preSolution
		HideSolutionNode = FALSE
	EndGlobalSection
	GlobalSection(ProjectConfigurationPlatforms) = postSolution
		{302A2569-FFDD-425A-875C-EA18E63C77CB}.Debug|Any CPU.ActiveCfg = Debug|Any CPU
		{302A2569-FFDD-425A-875C-EA18E63C77CB}.Debug|Any CPU.Build.0 = Debug|Any CPU
		{302A2569-FFDD-425A-875C-EA18E63C77CB}.Debug|x64.ActiveCfg = Debug|Any CPU
		{302A2569-FFDD-425A-875C-EA18E63C77CB}.Debug|x64.Build.0 = Debug|Any CPU
		{302A2569-FFDD-425A-875C-EA18E63C77CB}.Debug|x86.ActiveCfg = Debug|Any CPU
		{302A2569-FFDD-425A-875C-EA18E63C77CB}.Debug|x86.Build.0 = Debug|Any CPU
		{302A2569-FFDD-425A-875C-EA18E63C77CB}.Release|Any CPU.ActiveCfg = Release|Any CPU
		{302A2569-FFDD-425A-875C-EA18E63C77CB}.Release|Any CPU.Build.0 = Release|Any CPU
		{302A2569-FFDD-425A-875C-EA18E63C77CB}.Release|x64.ActiveCfg = Release|Any CPU
		{302A2569-FFDD-425A-875C-EA18E63C77CB}.Release|x64.Build.0 = Release|Any CPU
		{302A2569-FFDD-425A-875C-EA18E63C77CB}.Release|x86.ActiveCfg = Release|Any CPU
		{302A2569-FFDD-425A-875C-EA18E63C77CB}.Release|x86.Build.0 = Release|Any CPU
		{45D55582-24EE-4860-AD64-726D4169BC5D}.Debug|Any CPU.ActiveCfg = Debug|Any CPU
		{45D55582-24EE-4860-AD64-726D4169BC5D}.Debug|Any CPU.Build.0 = Debug|Any CPU
		{45D55582-24EE-4860-AD64-726D4169BC5D}.Debug|x64.ActiveCfg = Debug|Any CPU
		{45D55582-24EE-4860-AD64-726D4169BC5D}.Debug|x64.Build.0 = Debug|Any CPU
		{45D55582-24EE-4860-AD64-726D4169BC5D}.Debug|x86.ActiveCfg = Debug|Any CPU
		{45D55582-24EE-4860-AD64-726D4169BC5D}.Debug|x86.Build.0 = Debug|Any CPU
		{45D55582-24EE-4860-AD64-726D4169BC5D}.Release|Any CPU.ActiveCfg = Release|Any CPU
		{45D55582-24EE-4860-AD64-726D4169BC5D}.Release|Any CPU.Build.0 = Release|Any CPU
		{45D55582-24EE-4860-AD64-726D4169BC5D}.Release|x64.ActiveCfg = Release|Any CPU
		{45D55582-24EE-4860-AD64-726D4169BC5D}.Release|x64.Build.0 = Release|Any CPU
		{45D55582-24EE-4860-AD64-726D4169BC5D}.Release|x86.ActiveCfg = Release|Any CPU
		{45D55582-24EE-4860-AD64-726D4169BC5D}.Release|x86.Build.0 = Release|Any CPU
		{528BF205-5AEA-421A-BA90-2F75DB5794BA}.Debug|Any CPU.ActiveCfg = Debug|Any CPU
		{528BF205-5AEA-421A-BA90-2F75DB5794BA}.Debug|Any CPU.Build.0 = Debug|Any CPU
		{528BF205-5AEA-421A-BA90-2F75DB5794BA}.Debug|x64.ActiveCfg = Debug|Any CPU
		{528BF205-5AEA-421A-BA90-2F75DB5794BA}.Debug|x64.Build.0 = Debug|Any CPU
		{528BF205-5AEA-421A-BA90-2F75DB5794BA}.Debug|x86.ActiveCfg = Debug|Any CPU
		{528BF205-5AEA-421A-BA90-2F75DB5794BA}.Debug|x86.Build.0 = Debug|Any CPU
		{528BF205-5AEA-421A-BA90-2F75DB5794BA}.Release|Any CPU.ActiveCfg = Release|Any CPU
		{528BF205-5AEA-421A-BA90-2F75DB5794BA}.Release|Any CPU.Build.0 = Release|Any CPU
		{528BF205-5AEA-421A-BA90-2F75DB5794BA}.Release|x64.ActiveCfg = Release|Any CPU
		{528BF205-5AEA-421A-BA90-2F75DB5794BA}.Release|x64.Build.0 = Release|Any CPU
		{528BF205-5AEA-421A-BA90-2F75DB5794BA}.Release|x86.ActiveCfg = Release|Any CPU
		{528BF205-5AEA-421A-BA90-2F75DB5794BA}.Release|x86.Build.0 = Release|Any CPU
		{8E8EF541-8C63-459F-A9E6-DAA254A09B4B}.Debug|Any CPU.ActiveCfg = Debug|Any CPU
		{8E8EF541-8C63-459F-A9E6-DAA254A09B4B}.Debug|Any CPU.Build.0 = Debug|Any CPU
		{8E8EF541-8C63-459F-A9E6-DAA254A09B4B}.Debug|x64.ActiveCfg = Debug|Any CPU
		{8E8EF541-8C63-459F-A9E6-DAA254A09B4B}.Debug|x64.Build.0 = Debug|Any CPU
		{8E8EF541-8C63-459F-A9E6-DAA254A09B4B}.Debug|x86.ActiveCfg = Debug|Any CPU
		{8E8EF541-8C63-459F-A9E6-DAA254A09B4B}.Debug|x86.Build.0 = Debug|Any CPU
		{8E8EF541-8C63-459F-A9E6-DAA254A09B4B}.Release|Any CPU.ActiveCfg = Release|Any CPU
		{8E8EF541-8C63-459F-A9E6-DAA254A09B4B}.Release|Any CPU.Build.0 = Release|Any CPU
		{8E8EF541-8C63-459F-A9E6-DAA254A09B4B}.Release|x64.ActiveCfg = Release|Any CPU
		{8E8EF541-8C63-459F-A9E6-DAA254A09B4B}.Release|x64.Build.0 = Release|Any CPU
		{8E8EF541-8C63-459F-A9E6-DAA254A09B4B}.Release|x86.ActiveCfg = Release|Any CPU
		{8E8EF541-8C63-459F-A9E6-DAA254A09B4B}.Release|x86.Build.0 = Release|Any CPU
		{39A16F76-9A35-4DC8-A82B-0E5CD5CF0770}.Debug|Any CPU.ActiveCfg = Debug|Any CPU
		{39A16F76-9A35-4DC8-A82B-0E5CD5CF0770}.Debug|Any CPU.Build.0 = Debug|Any CPU
		{39A16F76-9A35-4DC8-A82B-0E5CD5CF0770}.Debug|x64.ActiveCfg = Debug|Any CPU
		{39A16F76-9A35-4DC8-A82B-0E5CD5CF0770}.Debug|x64.Build.0 = Debug|Any CPU
		{39A16F76-9A35-4DC8-A82B-0E5CD5CF0770}.Debug|x86.ActiveCfg = Debug|Any CPU
		{39A16F76-9A35-4DC8-A82B-0E5CD5CF0770}.Debug|x86.Build.0 = Debug|Any CPU
		{39A16F76-9A35-4DC8-A82B-0E5CD5CF0770}.Release|Any CPU.ActiveCfg = Release|Any CPU
		{39A16F76-9A35-4DC8-A82B-0E5CD5CF0770}.Release|Any CPU.Build.0 = Release|Any CPU
		{39A16F76-9A35-4DC8-A82B-0E5CD5CF0770}.Release|x64.ActiveCfg = Release|Any CPU
		{39A16F76-9A35-4DC8-A82B-0E5CD5CF0770}.Release|x64.Build.0 = Release|Any CPU
		{39A16F76-9A35-4DC8-A82B-0E5CD5CF0770}.Release|x86.ActiveCfg = Release|Any CPU
		{39A16F76-9A35-4DC8-A82B-0E5CD5CF0770}.Release|x86.Build.0 = Release|Any CPU
		{9E772EAF-1997-47C7-A757-6DE33850AE08}.Debug|Any CPU.ActiveCfg = Debug|Any CPU
		{9E772EAF-1997-47C7-A757-6DE33850AE08}.Debug|Any CPU.Build.0 = Debug|Any CPU
		{9E772EAF-1997-47C7-A757-6DE33850AE08}.Debug|x64.ActiveCfg = Debug|Any CPU
		{9E772EAF-1997-47C7-A757-6DE33850AE08}.Debug|x64.Build.0 = Debug|Any CPU
		{9E772EAF-1997-47C7-A757-6DE33850AE08}.Debug|x86.ActiveCfg = Debug|Any CPU
		{9E772EAF-1997-47C7-A757-6DE33850AE08}.Debug|x86.Build.0 = Debug|Any CPU
		{9E772EAF-1997-47C7-A757-6DE33850AE08}.Release|Any CPU.ActiveCfg = Release|Any CPU
		{9E772EAF-1997-47C7-A757-6DE33850AE08}.Release|Any CPU.Build.0 = Release|Any CPU
		{9E772EAF-1997-47C7-A757-6DE33850AE08}.Release|x64.ActiveCfg = Release|Any CPU
		{9E772EAF-1997-47C7-A757-6DE33850AE08}.Release|x64.Build.0 = Release|Any CPU
		{9E772EAF-1997-47C7-A757-6DE33850AE08}.Release|x86.ActiveCfg = Release|Any CPU
		{9E772EAF-1997-47C7-A757-6DE33850AE08}.Release|x86.Build.0 = Release|Any CPU
		{C820F793-D92D-4C31-9E73-C280097A9716}.Debug|Any CPU.ActiveCfg = Debug|Any CPU
		{C820F793-D92D-4C31-9E73-C280097A9716}.Debug|Any CPU.Build.0 = Debug|Any CPU
		{C820F793-D92D-4C31-9E73-C280097A9716}.Debug|x64.ActiveCfg = Debug|Any CPU
		{C820F793-D92D-4C31-9E73-C280097A9716}.Debug|x64.Build.0 = Debug|Any CPU
		{C820F793-D92D-4C31-9E73-C280097A9716}.Debug|x86.ActiveCfg = Debug|Any CPU
		{C820F793-D92D-4C31-9E73-C280097A9716}.Debug|x86.Build.0 = Debug|Any CPU
		{C820F793-D92D-4C31-9E73-C280097A9716}.Release|Any CPU.ActiveCfg = Release|Any CPU
		{C820F793-D92D-4C31-9E73-C280097A9716}.Release|Any CPU.Build.0 = Release|Any CPU
		{C820F793-D92D-4C31-9E73-C280097A9716}.Release|x64.ActiveCfg = Release|Any CPU
		{C820F793-D92D-4C31-9E73-C280097A9716}.Release|x64.Build.0 = Release|Any CPU
		{C820F793-D92D-4C31-9E73-C280097A9716}.Release|x86.ActiveCfg = Release|Any CPU
		{C820F793-D92D-4C31-9E73-C280097A9716}.Release|x86.Build.0 = Release|Any CPU
		{660BCFCF-D926-4650-9992-6D756F0639BF}.Debug|Any CPU.ActiveCfg = Debug|Any CPU
		{660BCFCF-D926-4650-9992-6D756F0639BF}.Debug|Any CPU.Build.0 = Debug|Any CPU
		{660BCFCF-D926-4650-9992-6D756F0639BF}.Debug|x64.ActiveCfg = Debug|Any CPU
		{660BCFCF-D926-4650-9992-6D756F0639BF}.Debug|x64.Build.0 = Debug|Any CPU
		{660BCFCF-D926-4650-9992-6D756F0639BF}.Debug|x86.ActiveCfg = Debug|Any CPU
		{660BCFCF-D926-4650-9992-6D756F0639BF}.Debug|x86.Build.0 = Debug|Any CPU
		{660BCFCF-D926-4650-9992-6D756F0639BF}.Release|Any CPU.ActiveCfg = Release|Any CPU
		{660BCFCF-D926-4650-9992-6D756F0639BF}.Release|Any CPU.Build.0 = Release|Any CPU
		{660BCFCF-D926-4650-9992-6D756F0639BF}.Release|x64.ActiveCfg = Release|Any CPU
		{660BCFCF-D926-4650-9992-6D756F0639BF}.Release|x64.Build.0 = Release|Any CPU
		{660BCFCF-D926-4650-9992-6D756F0639BF}.Release|x86.ActiveCfg = Release|Any CPU
		{660BCFCF-D926-4650-9992-6D756F0639BF}.Release|x86.Build.0 = Release|Any CPU
		{877AA4CA-C511-4266-86BF-9093B46AEB24}.Debug|Any CPU.ActiveCfg = Debug|Any CPU
		{877AA4CA-C511-4266-86BF-9093B46AEB24}.Debug|Any CPU.Build.0 = Debug|Any CPU
		{877AA4CA-C511-4266-86BF-9093B46AEB24}.Debug|x64.ActiveCfg = Debug|Any CPU
		{877AA4CA-C511-4266-86BF-9093B46AEB24}.Debug|x64.Build.0 = Debug|Any CPU
		{877AA4CA-C511-4266-86BF-9093B46AEB24}.Debug|x86.ActiveCfg = Debug|Any CPU
		{877AA4CA-C511-4266-86BF-9093B46AEB24}.Debug|x86.Build.0 = Debug|Any CPU
		{877AA4CA-C511-4266-86BF-9093B46AEB24}.Release|Any CPU.ActiveCfg = Release|Any CPU
		{877AA4CA-C511-4266-86BF-9093B46AEB24}.Release|Any CPU.Build.0 = Release|Any CPU
		{877AA4CA-C511-4266-86BF-9093B46AEB24}.Release|x64.ActiveCfg = Release|Any CPU
		{877AA4CA-C511-4266-86BF-9093B46AEB24}.Release|x64.Build.0 = Release|Any CPU
		{877AA4CA-C511-4266-86BF-9093B46AEB24}.Release|x86.ActiveCfg = Release|Any CPU
		{877AA4CA-C511-4266-86BF-9093B46AEB24}.Release|x86.Build.0 = Release|Any CPU
		{5F642ABF-5030-46BB-AC66-F5260D92DE9D}.Debug|Any CPU.ActiveCfg = Debug|Any CPU
		{5F642ABF-5030-46BB-AC66-F5260D92DE9D}.Debug|Any CPU.Build.0 = Debug|Any CPU
		{5F642ABF-5030-46BB-AC66-F5260D92DE9D}.Debug|x64.ActiveCfg = Debug|Any CPU
		{5F642ABF-5030-46BB-AC66-F5260D92DE9D}.Debug|x64.Build.0 = Debug|Any CPU
		{5F642ABF-5030-46BB-AC66-F5260D92DE9D}.Debug|x86.ActiveCfg = Debug|Any CPU
		{5F642ABF-5030-46BB-AC66-F5260D92DE9D}.Debug|x86.Build.0 = Debug|Any CPU
		{5F642ABF-5030-46BB-AC66-F5260D92DE9D}.Release|Any CPU.ActiveCfg = Release|Any CPU
		{5F642ABF-5030-46BB-AC66-F5260D92DE9D}.Release|Any CPU.Build.0 = Release|Any CPU
		{5F642ABF-5030-46BB-AC66-F5260D92DE9D}.Release|x64.ActiveCfg = Release|Any CPU
		{5F642ABF-5030-46BB-AC66-F5260D92DE9D}.Release|x64.Build.0 = Release|Any CPU
		{5F642ABF-5030-46BB-AC66-F5260D92DE9D}.Release|x86.ActiveCfg = Release|Any CPU
		{5F642ABF-5030-46BB-AC66-F5260D92DE9D}.Release|x86.Build.0 = Release|Any CPU
		{89B8CB85-972C-4845-9C58-6192DE5CC366}.Debug|Any CPU.ActiveCfg = Debug|Any CPU
		{89B8CB85-972C-4845-9C58-6192DE5CC366}.Debug|Any CPU.Build.0 = Debug|Any CPU
		{89B8CB85-972C-4845-9C58-6192DE5CC366}.Debug|x64.ActiveCfg = Debug|Any CPU
		{89B8CB85-972C-4845-9C58-6192DE5CC366}.Debug|x64.Build.0 = Debug|Any CPU
		{89B8CB85-972C-4845-9C58-6192DE5CC366}.Debug|x86.ActiveCfg = Debug|Any CPU
		{89B8CB85-972C-4845-9C58-6192DE5CC366}.Debug|x86.Build.0 = Debug|Any CPU
		{89B8CB85-972C-4845-9C58-6192DE5CC366}.Release|Any CPU.ActiveCfg = Release|Any CPU
		{89B8CB85-972C-4845-9C58-6192DE5CC366}.Release|Any CPU.Build.0 = Release|Any CPU
		{89B8CB85-972C-4845-9C58-6192DE5CC366}.Release|x64.ActiveCfg = Release|Any CPU
		{89B8CB85-972C-4845-9C58-6192DE5CC366}.Release|x64.Build.0 = Release|Any CPU
		{89B8CB85-972C-4845-9C58-6192DE5CC366}.Release|x86.ActiveCfg = Release|Any CPU
		{89B8CB85-972C-4845-9C58-6192DE5CC366}.Release|x86.Build.0 = Release|Any CPU
		{BF4ED984-70C3-4148-B5F9-DA828ED0592B}.Debug|Any CPU.ActiveCfg = Debug|Any CPU
		{BF4ED984-70C3-4148-B5F9-DA828ED0592B}.Debug|Any CPU.Build.0 = Debug|Any CPU
		{BF4ED984-70C3-4148-B5F9-DA828ED0592B}.Debug|x64.ActiveCfg = Debug|Any CPU
		{BF4ED984-70C3-4148-B5F9-DA828ED0592B}.Debug|x64.Build.0 = Debug|Any CPU
		{BF4ED984-70C3-4148-B5F9-DA828ED0592B}.Debug|x86.ActiveCfg = Debug|Any CPU
		{BF4ED984-70C3-4148-B5F9-DA828ED0592B}.Debug|x86.Build.0 = Debug|Any CPU
		{BF4ED984-70C3-4148-B5F9-DA828ED0592B}.Release|Any CPU.ActiveCfg = Release|Any CPU
		{BF4ED984-70C3-4148-B5F9-DA828ED0592B}.Release|Any CPU.Build.0 = Release|Any CPU
		{BF4ED984-70C3-4148-B5F9-DA828ED0592B}.Release|x64.ActiveCfg = Release|Any CPU
		{BF4ED984-70C3-4148-B5F9-DA828ED0592B}.Release|x64.Build.0 = Release|Any CPU
		{BF4ED984-70C3-4148-B5F9-DA828ED0592B}.Release|x86.ActiveCfg = Release|Any CPU
		{BF4ED984-70C3-4148-B5F9-DA828ED0592B}.Release|x86.Build.0 = Release|Any CPU
		{694C13B2-BC07-442E-B4A9-F692E897654A}.Debug|Any CPU.ActiveCfg = Debug|Any CPU
		{694C13B2-BC07-442E-B4A9-F692E897654A}.Debug|Any CPU.Build.0 = Debug|Any CPU
		{694C13B2-BC07-442E-B4A9-F692E897654A}.Debug|x64.ActiveCfg = Debug|Any CPU
		{694C13B2-BC07-442E-B4A9-F692E897654A}.Debug|x64.Build.0 = Debug|Any CPU
		{694C13B2-BC07-442E-B4A9-F692E897654A}.Debug|x86.ActiveCfg = Debug|Any CPU
		{694C13B2-BC07-442E-B4A9-F692E897654A}.Debug|x86.Build.0 = Debug|Any CPU
		{694C13B2-BC07-442E-B4A9-F692E897654A}.Release|Any CPU.ActiveCfg = Release|Any CPU
		{694C13B2-BC07-442E-B4A9-F692E897654A}.Release|Any CPU.Build.0 = Release|Any CPU
		{694C13B2-BC07-442E-B4A9-F692E897654A}.Release|x64.ActiveCfg = Release|Any CPU
		{694C13B2-BC07-442E-B4A9-F692E897654A}.Release|x64.Build.0 = Release|Any CPU
		{694C13B2-BC07-442E-B4A9-F692E897654A}.Release|x86.ActiveCfg = Release|Any CPU
		{694C13B2-BC07-442E-B4A9-F692E897654A}.Release|x86.Build.0 = Release|Any CPU
		{B615C804-297E-4922-B772-A11A57CCDED8}.Debug|Any CPU.ActiveCfg = Debug|Any CPU
		{B615C804-297E-4922-B772-A11A57CCDED8}.Debug|Any CPU.Build.0 = Debug|Any CPU
		{B615C804-297E-4922-B772-A11A57CCDED8}.Debug|x64.ActiveCfg = Debug|Any CPU
		{B615C804-297E-4922-B772-A11A57CCDED8}.Debug|x64.Build.0 = Debug|Any CPU
		{B615C804-297E-4922-B772-A11A57CCDED8}.Debug|x86.ActiveCfg = Debug|Any CPU
		{B615C804-297E-4922-B772-A11A57CCDED8}.Debug|x86.Build.0 = Debug|Any CPU
		{B615C804-297E-4922-B772-A11A57CCDED8}.Release|Any CPU.ActiveCfg = Release|Any CPU
		{B615C804-297E-4922-B772-A11A57CCDED8}.Release|Any CPU.Build.0 = Release|Any CPU
		{B615C804-297E-4922-B772-A11A57CCDED8}.Release|x64.ActiveCfg = Release|Any CPU
		{B615C804-297E-4922-B772-A11A57CCDED8}.Release|x64.Build.0 = Release|Any CPU
		{B615C804-297E-4922-B772-A11A57CCDED8}.Release|x86.ActiveCfg = Release|Any CPU
		{B615C804-297E-4922-B772-A11A57CCDED8}.Release|x86.Build.0 = Release|Any CPU
		{9E00894E-5A4F-4FEE-B9AE-1B6A3ED76314}.Debug|Any CPU.ActiveCfg = Debug|Any CPU
		{9E00894E-5A4F-4FEE-B9AE-1B6A3ED76314}.Debug|Any CPU.Build.0 = Debug|Any CPU
		{9E00894E-5A4F-4FEE-B9AE-1B6A3ED76314}.Debug|x64.ActiveCfg = Debug|Any CPU
		{9E00894E-5A4F-4FEE-B9AE-1B6A3ED76314}.Debug|x64.Build.0 = Debug|Any CPU
		{9E00894E-5A4F-4FEE-B9AE-1B6A3ED76314}.Debug|x86.ActiveCfg = Debug|Any CPU
		{9E00894E-5A4F-4FEE-B9AE-1B6A3ED76314}.Debug|x86.Build.0 = Debug|Any CPU
		{9E00894E-5A4F-4FEE-B9AE-1B6A3ED76314}.Release|Any CPU.ActiveCfg = Release|Any CPU
		{9E00894E-5A4F-4FEE-B9AE-1B6A3ED76314}.Release|Any CPU.Build.0 = Release|Any CPU
		{9E00894E-5A4F-4FEE-B9AE-1B6A3ED76314}.Release|x64.ActiveCfg = Release|Any CPU
		{9E00894E-5A4F-4FEE-B9AE-1B6A3ED76314}.Release|x64.Build.0 = Release|Any CPU
		{9E00894E-5A4F-4FEE-B9AE-1B6A3ED76314}.Release|x86.ActiveCfg = Release|Any CPU
		{9E00894E-5A4F-4FEE-B9AE-1B6A3ED76314}.Release|x86.Build.0 = Release|Any CPU
		{46CA7FE9-6420-45C5-8391-5BAA523788E9}.Debug|Any CPU.ActiveCfg = Debug|Any CPU
		{46CA7FE9-6420-45C5-8391-5BAA523788E9}.Debug|Any CPU.Build.0 = Debug|Any CPU
		{46CA7FE9-6420-45C5-8391-5BAA523788E9}.Debug|x64.ActiveCfg = Debug|Any CPU
		{46CA7FE9-6420-45C5-8391-5BAA523788E9}.Debug|x64.Build.0 = Debug|Any CPU
		{46CA7FE9-6420-45C5-8391-5BAA523788E9}.Debug|x86.ActiveCfg = Debug|Any CPU
		{46CA7FE9-6420-45C5-8391-5BAA523788E9}.Debug|x86.Build.0 = Debug|Any CPU
		{46CA7FE9-6420-45C5-8391-5BAA523788E9}.Release|Any CPU.ActiveCfg = Release|Any CPU
		{46CA7FE9-6420-45C5-8391-5BAA523788E9}.Release|Any CPU.Build.0 = Release|Any CPU
		{46CA7FE9-6420-45C5-8391-5BAA523788E9}.Release|x64.ActiveCfg = Release|Any CPU
		{46CA7FE9-6420-45C5-8391-5BAA523788E9}.Release|x64.Build.0 = Release|Any CPU
		{46CA7FE9-6420-45C5-8391-5BAA523788E9}.Release|x86.ActiveCfg = Release|Any CPU
		{46CA7FE9-6420-45C5-8391-5BAA523788E9}.Release|x86.Build.0 = Release|Any CPU
		{6073CB05-E7DD-4969-B2EA-A45528A93E7F}.Debug|Any CPU.ActiveCfg = Debug|Any CPU
		{6073CB05-E7DD-4969-B2EA-A45528A93E7F}.Debug|Any CPU.Build.0 = Debug|Any CPU
		{6073CB05-E7DD-4969-B2EA-A45528A93E7F}.Debug|x64.ActiveCfg = Debug|Any CPU
		{6073CB05-E7DD-4969-B2EA-A45528A93E7F}.Debug|x64.Build.0 = Debug|Any CPU
		{6073CB05-E7DD-4969-B2EA-A45528A93E7F}.Debug|x86.ActiveCfg = Debug|Any CPU
		{6073CB05-E7DD-4969-B2EA-A45528A93E7F}.Debug|x86.Build.0 = Debug|Any CPU
		{6073CB05-E7DD-4969-B2EA-A45528A93E7F}.Release|Any CPU.ActiveCfg = Release|Any CPU
		{6073CB05-E7DD-4969-B2EA-A45528A93E7F}.Release|Any CPU.Build.0 = Release|Any CPU
		{6073CB05-E7DD-4969-B2EA-A45528A93E7F}.Release|x64.ActiveCfg = Release|Any CPU
		{6073CB05-E7DD-4969-B2EA-A45528A93E7F}.Release|x64.Build.0 = Release|Any CPU
		{6073CB05-E7DD-4969-B2EA-A45528A93E7F}.Release|x86.ActiveCfg = Release|Any CPU
		{6073CB05-E7DD-4969-B2EA-A45528A93E7F}.Release|x86.Build.0 = Release|Any CPU
		{DB988C02-3F49-4779-A435-C1423E086933}.Debug|Any CPU.ActiveCfg = Debug|Any CPU
		{DB988C02-3F49-4779-A435-C1423E086933}.Debug|Any CPU.Build.0 = Debug|Any CPU
		{DB988C02-3F49-4779-A435-C1423E086933}.Debug|x64.ActiveCfg = Debug|Any CPU
		{DB988C02-3F49-4779-A435-C1423E086933}.Debug|x64.Build.0 = Debug|Any CPU
		{DB988C02-3F49-4779-A435-C1423E086933}.Debug|x86.ActiveCfg = Debug|Any CPU
		{DB988C02-3F49-4779-A435-C1423E086933}.Debug|x86.Build.0 = Debug|Any CPU
		{DB988C02-3F49-4779-A435-C1423E086933}.Release|Any CPU.ActiveCfg = Release|Any CPU
		{DB988C02-3F49-4779-A435-C1423E086933}.Release|Any CPU.Build.0 = Release|Any CPU
		{DB988C02-3F49-4779-A435-C1423E086933}.Release|x64.ActiveCfg = Release|Any CPU
		{DB988C02-3F49-4779-A435-C1423E086933}.Release|x64.Build.0 = Release|Any CPU
		{DB988C02-3F49-4779-A435-C1423E086933}.Release|x86.ActiveCfg = Release|Any CPU
		{DB988C02-3F49-4779-A435-C1423E086933}.Release|x86.Build.0 = Release|Any CPU
		{5313F92E-3CA8-46FB-BDD6-A608C4122BD6}.Debug|Any CPU.ActiveCfg = Debug|Any CPU
		{5313F92E-3CA8-46FB-BDD6-A608C4122BD6}.Debug|Any CPU.Build.0 = Debug|Any CPU
		{5313F92E-3CA8-46FB-BDD6-A608C4122BD6}.Debug|x64.ActiveCfg = Debug|Any CPU
		{5313F92E-3CA8-46FB-BDD6-A608C4122BD6}.Debug|x64.Build.0 = Debug|Any CPU
		{5313F92E-3CA8-46FB-BDD6-A608C4122BD6}.Debug|x86.ActiveCfg = Debug|Any CPU
		{5313F92E-3CA8-46FB-BDD6-A608C4122BD6}.Debug|x86.Build.0 = Debug|Any CPU
		{5313F92E-3CA8-46FB-BDD6-A608C4122BD6}.Release|Any CPU.ActiveCfg = Release|Any CPU
		{5313F92E-3CA8-46FB-BDD6-A608C4122BD6}.Release|Any CPU.Build.0 = Release|Any CPU
		{5313F92E-3CA8-46FB-BDD6-A608C4122BD6}.Release|x64.ActiveCfg = Release|Any CPU
		{5313F92E-3CA8-46FB-BDD6-A608C4122BD6}.Release|x64.Build.0 = Release|Any CPU
		{5313F92E-3CA8-46FB-BDD6-A608C4122BD6}.Release|x86.ActiveCfg = Release|Any CPU
		{5313F92E-3CA8-46FB-BDD6-A608C4122BD6}.Release|x86.Build.0 = Release|Any CPU
		{C15CDD40-B5A0-4304-9668-63A4CDB24B91}.Debug|Any CPU.ActiveCfg = Debug|Any CPU
		{C15CDD40-B5A0-4304-9668-63A4CDB24B91}.Debug|Any CPU.Build.0 = Debug|Any CPU
		{C15CDD40-B5A0-4304-9668-63A4CDB24B91}.Debug|x64.ActiveCfg = Debug|Any CPU
		{C15CDD40-B5A0-4304-9668-63A4CDB24B91}.Debug|x64.Build.0 = Debug|Any CPU
		{C15CDD40-B5A0-4304-9668-63A4CDB24B91}.Debug|x86.ActiveCfg = Debug|Any CPU
		{C15CDD40-B5A0-4304-9668-63A4CDB24B91}.Debug|x86.Build.0 = Debug|Any CPU
		{C15CDD40-B5A0-4304-9668-63A4CDB24B91}.Release|Any CPU.ActiveCfg = Release|Any CPU
		{C15CDD40-B5A0-4304-9668-63A4CDB24B91}.Release|Any CPU.Build.0 = Release|Any CPU
		{C15CDD40-B5A0-4304-9668-63A4CDB24B91}.Release|x64.ActiveCfg = Release|Any CPU
		{C15CDD40-B5A0-4304-9668-63A4CDB24B91}.Release|x64.Build.0 = Release|Any CPU
		{C15CDD40-B5A0-4304-9668-63A4CDB24B91}.Release|x86.ActiveCfg = Release|Any CPU
		{C15CDD40-B5A0-4304-9668-63A4CDB24B91}.Release|x86.Build.0 = Release|Any CPU
		{B136CA59-68A5-4D91-B2C4-6082D5DC1B11}.Debug|Any CPU.ActiveCfg = Debug|Any CPU
		{B136CA59-68A5-4D91-B2C4-6082D5DC1B11}.Debug|Any CPU.Build.0 = Debug|Any CPU
		{B136CA59-68A5-4D91-B2C4-6082D5DC1B11}.Debug|x64.ActiveCfg = Debug|Any CPU
		{B136CA59-68A5-4D91-B2C4-6082D5DC1B11}.Debug|x64.Build.0 = Debug|Any CPU
		{B136CA59-68A5-4D91-B2C4-6082D5DC1B11}.Debug|x86.ActiveCfg = Debug|Any CPU
		{B136CA59-68A5-4D91-B2C4-6082D5DC1B11}.Debug|x86.Build.0 = Debug|Any CPU
		{B136CA59-68A5-4D91-B2C4-6082D5DC1B11}.Release|Any CPU.ActiveCfg = Release|Any CPU
		{B136CA59-68A5-4D91-B2C4-6082D5DC1B11}.Release|Any CPU.Build.0 = Release|Any CPU
		{B136CA59-68A5-4D91-B2C4-6082D5DC1B11}.Release|x64.ActiveCfg = Release|Any CPU
		{B136CA59-68A5-4D91-B2C4-6082D5DC1B11}.Release|x64.Build.0 = Release|Any CPU
		{B136CA59-68A5-4D91-B2C4-6082D5DC1B11}.Release|x86.ActiveCfg = Release|Any CPU
		{B136CA59-68A5-4D91-B2C4-6082D5DC1B11}.Release|x86.Build.0 = Release|Any CPU
		{CB3A84F5-9629-4A79-82E9-3044116B57A3}.Debug|Any CPU.ActiveCfg = Debug|Any CPU
		{CB3A84F5-9629-4A79-82E9-3044116B57A3}.Debug|Any CPU.Build.0 = Debug|Any CPU
		{CB3A84F5-9629-4A79-82E9-3044116B57A3}.Debug|x64.ActiveCfg = Debug|Any CPU
		{CB3A84F5-9629-4A79-82E9-3044116B57A3}.Debug|x64.Build.0 = Debug|Any CPU
		{CB3A84F5-9629-4A79-82E9-3044116B57A3}.Debug|x86.ActiveCfg = Debug|Any CPU
		{CB3A84F5-9629-4A79-82E9-3044116B57A3}.Debug|x86.Build.0 = Debug|Any CPU
		{CB3A84F5-9629-4A79-82E9-3044116B57A3}.Release|Any CPU.ActiveCfg = Release|Any CPU
		{CB3A84F5-9629-4A79-82E9-3044116B57A3}.Release|Any CPU.Build.0 = Release|Any CPU
		{CB3A84F5-9629-4A79-82E9-3044116B57A3}.Release|x64.ActiveCfg = Release|Any CPU
		{CB3A84F5-9629-4A79-82E9-3044116B57A3}.Release|x64.Build.0 = Release|Any CPU
		{CB3A84F5-9629-4A79-82E9-3044116B57A3}.Release|x86.ActiveCfg = Release|Any CPU
		{CB3A84F5-9629-4A79-82E9-3044116B57A3}.Release|x86.Build.0 = Release|Any CPU
		{CF525E24-9F9E-44F0-8AF4-4894E04F6B08}.Debug|Any CPU.ActiveCfg = Debug|Any CPU
		{CF525E24-9F9E-44F0-8AF4-4894E04F6B08}.Debug|Any CPU.Build.0 = Debug|Any CPU
		{CF525E24-9F9E-44F0-8AF4-4894E04F6B08}.Debug|x64.ActiveCfg = Debug|Any CPU
		{CF525E24-9F9E-44F0-8AF4-4894E04F6B08}.Debug|x64.Build.0 = Debug|Any CPU
		{CF525E24-9F9E-44F0-8AF4-4894E04F6B08}.Debug|x86.ActiveCfg = Debug|Any CPU
		{CF525E24-9F9E-44F0-8AF4-4894E04F6B08}.Debug|x86.Build.0 = Debug|Any CPU
		{CF525E24-9F9E-44F0-8AF4-4894E04F6B08}.Release|Any CPU.ActiveCfg = Release|Any CPU
		{CF525E24-9F9E-44F0-8AF4-4894E04F6B08}.Release|Any CPU.Build.0 = Release|Any CPU
		{CF525E24-9F9E-44F0-8AF4-4894E04F6B08}.Release|x64.ActiveCfg = Release|Any CPU
		{CF525E24-9F9E-44F0-8AF4-4894E04F6B08}.Release|x64.Build.0 = Release|Any CPU
		{CF525E24-9F9E-44F0-8AF4-4894E04F6B08}.Release|x86.ActiveCfg = Release|Any CPU
		{CF525E24-9F9E-44F0-8AF4-4894E04F6B08}.Release|x86.Build.0 = Release|Any CPU
		{DA6CBD0F-45AE-4263-8FA2-A236AC716D83}.Debug|Any CPU.ActiveCfg = Debug|Any CPU
		{DA6CBD0F-45AE-4263-8FA2-A236AC716D83}.Debug|Any CPU.Build.0 = Debug|Any CPU
		{DA6CBD0F-45AE-4263-8FA2-A236AC716D83}.Debug|x64.ActiveCfg = Debug|Any CPU
		{DA6CBD0F-45AE-4263-8FA2-A236AC716D83}.Debug|x64.Build.0 = Debug|Any CPU
		{DA6CBD0F-45AE-4263-8FA2-A236AC716D83}.Debug|x86.ActiveCfg = Debug|Any CPU
		{DA6CBD0F-45AE-4263-8FA2-A236AC716D83}.Debug|x86.Build.0 = Debug|Any CPU
		{DA6CBD0F-45AE-4263-8FA2-A236AC716D83}.Release|Any CPU.ActiveCfg = Release|Any CPU
		{DA6CBD0F-45AE-4263-8FA2-A236AC716D83}.Release|Any CPU.Build.0 = Release|Any CPU
		{DA6CBD0F-45AE-4263-8FA2-A236AC716D83}.Release|x64.ActiveCfg = Release|Any CPU
		{DA6CBD0F-45AE-4263-8FA2-A236AC716D83}.Release|x64.Build.0 = Release|Any CPU
		{DA6CBD0F-45AE-4263-8FA2-A236AC716D83}.Release|x86.ActiveCfg = Release|Any CPU
		{DA6CBD0F-45AE-4263-8FA2-A236AC716D83}.Release|x86.Build.0 = Release|Any CPU
		{E3CE70DA-31AA-4DFD-9F50-FF3CDADED081}.Debug|Any CPU.ActiveCfg = Debug|Any CPU
		{E3CE70DA-31AA-4DFD-9F50-FF3CDADED081}.Debug|Any CPU.Build.0 = Debug|Any CPU
		{E3CE70DA-31AA-4DFD-9F50-FF3CDADED081}.Debug|x64.ActiveCfg = Debug|Any CPU
		{E3CE70DA-31AA-4DFD-9F50-FF3CDADED081}.Debug|x64.Build.0 = Debug|Any CPU
		{E3CE70DA-31AA-4DFD-9F50-FF3CDADED081}.Debug|x86.ActiveCfg = Debug|Any CPU
		{E3CE70DA-31AA-4DFD-9F50-FF3CDADED081}.Debug|x86.Build.0 = Debug|Any CPU
		{E3CE70DA-31AA-4DFD-9F50-FF3CDADED081}.Release|Any CPU.ActiveCfg = Release|Any CPU
		{E3CE70DA-31AA-4DFD-9F50-FF3CDADED081}.Release|Any CPU.Build.0 = Release|Any CPU
		{E3CE70DA-31AA-4DFD-9F50-FF3CDADED081}.Release|x64.ActiveCfg = Release|Any CPU
		{E3CE70DA-31AA-4DFD-9F50-FF3CDADED081}.Release|x64.Build.0 = Release|Any CPU
		{E3CE70DA-31AA-4DFD-9F50-FF3CDADED081}.Release|x86.ActiveCfg = Release|Any CPU
		{E3CE70DA-31AA-4DFD-9F50-FF3CDADED081}.Release|x86.Build.0 = Release|Any CPU
		{2F16639B-FB9C-4B74-9685-E2543864133F}.Debug|Any CPU.ActiveCfg = Debug|Any CPU
		{2F16639B-FB9C-4B74-9685-E2543864133F}.Debug|Any CPU.Build.0 = Debug|Any CPU
		{2F16639B-FB9C-4B74-9685-E2543864133F}.Debug|x64.ActiveCfg = Debug|Any CPU
		{2F16639B-FB9C-4B74-9685-E2543864133F}.Debug|x64.Build.0 = Debug|Any CPU
		{2F16639B-FB9C-4B74-9685-E2543864133F}.Debug|x86.ActiveCfg = Debug|Any CPU
		{2F16639B-FB9C-4B74-9685-E2543864133F}.Debug|x86.Build.0 = Debug|Any CPU
		{2F16639B-FB9C-4B74-9685-E2543864133F}.Release|Any CPU.ActiveCfg = Release|Any CPU
		{2F16639B-FB9C-4B74-9685-E2543864133F}.Release|Any CPU.Build.0 = Release|Any CPU
		{2F16639B-FB9C-4B74-9685-E2543864133F}.Release|x64.ActiveCfg = Release|Any CPU
		{2F16639B-FB9C-4B74-9685-E2543864133F}.Release|x64.Build.0 = Release|Any CPU
		{2F16639B-FB9C-4B74-9685-E2543864133F}.Release|x86.ActiveCfg = Release|Any CPU
		{2F16639B-FB9C-4B74-9685-E2543864133F}.Release|x86.Build.0 = Release|Any CPU
		{D2ACA37E-39DC-4DD0-98DE-3C770735876C}.Debug|Any CPU.ActiveCfg = Debug|Any CPU
		{D2ACA37E-39DC-4DD0-98DE-3C770735876C}.Debug|Any CPU.Build.0 = Debug|Any CPU
		{D2ACA37E-39DC-4DD0-98DE-3C770735876C}.Debug|x64.ActiveCfg = Debug|Any CPU
		{D2ACA37E-39DC-4DD0-98DE-3C770735876C}.Debug|x64.Build.0 = Debug|Any CPU
		{D2ACA37E-39DC-4DD0-98DE-3C770735876C}.Debug|x86.ActiveCfg = Debug|Any CPU
		{D2ACA37E-39DC-4DD0-98DE-3C770735876C}.Debug|x86.Build.0 = Debug|Any CPU
		{D2ACA37E-39DC-4DD0-98DE-3C770735876C}.Release|Any CPU.ActiveCfg = Release|Any CPU
		{D2ACA37E-39DC-4DD0-98DE-3C770735876C}.Release|Any CPU.Build.0 = Release|Any CPU
		{D2ACA37E-39DC-4DD0-98DE-3C770735876C}.Release|x64.ActiveCfg = Release|Any CPU
		{D2ACA37E-39DC-4DD0-98DE-3C770735876C}.Release|x64.Build.0 = Release|Any CPU
		{D2ACA37E-39DC-4DD0-98DE-3C770735876C}.Release|x86.ActiveCfg = Release|Any CPU
		{D2ACA37E-39DC-4DD0-98DE-3C770735876C}.Release|x86.Build.0 = Release|Any CPU
		{C364786A-0B1C-49B4-A220-42BDB2B6BE0D}.Debug|Any CPU.ActiveCfg = Debug|Any CPU
		{C364786A-0B1C-49B4-A220-42BDB2B6BE0D}.Debug|Any CPU.Build.0 = Debug|Any CPU
		{C364786A-0B1C-49B4-A220-42BDB2B6BE0D}.Debug|x64.ActiveCfg = Debug|Any CPU
		{C364786A-0B1C-49B4-A220-42BDB2B6BE0D}.Debug|x64.Build.0 = Debug|Any CPU
		{C364786A-0B1C-49B4-A220-42BDB2B6BE0D}.Debug|x86.ActiveCfg = Debug|Any CPU
		{C364786A-0B1C-49B4-A220-42BDB2B6BE0D}.Debug|x86.Build.0 = Debug|Any CPU
		{C364786A-0B1C-49B4-A220-42BDB2B6BE0D}.Release|Any CPU.ActiveCfg = Release|Any CPU
		{C364786A-0B1C-49B4-A220-42BDB2B6BE0D}.Release|Any CPU.Build.0 = Release|Any CPU
		{C364786A-0B1C-49B4-A220-42BDB2B6BE0D}.Release|x64.ActiveCfg = Release|Any CPU
		{C364786A-0B1C-49B4-A220-42BDB2B6BE0D}.Release|x64.Build.0 = Release|Any CPU
		{C364786A-0B1C-49B4-A220-42BDB2B6BE0D}.Release|x86.ActiveCfg = Release|Any CPU
		{C364786A-0B1C-49B4-A220-42BDB2B6BE0D}.Release|x86.Build.0 = Release|Any CPU
		{86C6133E-339B-4196-98DF-4EFD02100299}.Debug|Any CPU.ActiveCfg = Debug|Any CPU
		{86C6133E-339B-4196-98DF-4EFD02100299}.Debug|Any CPU.Build.0 = Debug|Any CPU
		{86C6133E-339B-4196-98DF-4EFD02100299}.Debug|x64.ActiveCfg = Debug|Any CPU
		{86C6133E-339B-4196-98DF-4EFD02100299}.Debug|x64.Build.0 = Debug|Any CPU
		{86C6133E-339B-4196-98DF-4EFD02100299}.Debug|x86.ActiveCfg = Debug|Any CPU
		{86C6133E-339B-4196-98DF-4EFD02100299}.Debug|x86.Build.0 = Debug|Any CPU
		{86C6133E-339B-4196-98DF-4EFD02100299}.Release|Any CPU.ActiveCfg = Release|Any CPU
		{86C6133E-339B-4196-98DF-4EFD02100299}.Release|Any CPU.Build.0 = Release|Any CPU
		{86C6133E-339B-4196-98DF-4EFD02100299}.Release|x64.ActiveCfg = Release|Any CPU
		{86C6133E-339B-4196-98DF-4EFD02100299}.Release|x64.Build.0 = Release|Any CPU
		{86C6133E-339B-4196-98DF-4EFD02100299}.Release|x86.ActiveCfg = Release|Any CPU
		{86C6133E-339B-4196-98DF-4EFD02100299}.Release|x86.Build.0 = Release|Any CPU
		{5D308E97-35E6-46A8-8722-FA63E7773B07}.Debug|Any CPU.ActiveCfg = Debug|Any CPU
		{5D308E97-35E6-46A8-8722-FA63E7773B07}.Debug|Any CPU.Build.0 = Debug|Any CPU
		{5D308E97-35E6-46A8-8722-FA63E7773B07}.Debug|x64.ActiveCfg = Debug|Any CPU
		{5D308E97-35E6-46A8-8722-FA63E7773B07}.Debug|x64.Build.0 = Debug|Any CPU
		{5D308E97-35E6-46A8-8722-FA63E7773B07}.Debug|x86.ActiveCfg = Debug|Any CPU
		{5D308E97-35E6-46A8-8722-FA63E7773B07}.Debug|x86.Build.0 = Debug|Any CPU
		{5D308E97-35E6-46A8-8722-FA63E7773B07}.Release|Any CPU.ActiveCfg = Release|Any CPU
		{5D308E97-35E6-46A8-8722-FA63E7773B07}.Release|Any CPU.Build.0 = Release|Any CPU
		{5D308E97-35E6-46A8-8722-FA63E7773B07}.Release|x64.ActiveCfg = Release|Any CPU
		{5D308E97-35E6-46A8-8722-FA63E7773B07}.Release|x64.Build.0 = Release|Any CPU
		{5D308E97-35E6-46A8-8722-FA63E7773B07}.Release|x86.ActiveCfg = Release|Any CPU
		{5D308E97-35E6-46A8-8722-FA63E7773B07}.Release|x86.Build.0 = Release|Any CPU
		{49B8BE44-7683-48DA-903A-E4AED5CB9E8F}.Debug|Any CPU.ActiveCfg = Debug|Any CPU
		{49B8BE44-7683-48DA-903A-E4AED5CB9E8F}.Debug|Any CPU.Build.0 = Debug|Any CPU
		{49B8BE44-7683-48DA-903A-E4AED5CB9E8F}.Debug|x64.ActiveCfg = Debug|Any CPU
		{49B8BE44-7683-48DA-903A-E4AED5CB9E8F}.Debug|x64.Build.0 = Debug|Any CPU
		{49B8BE44-7683-48DA-903A-E4AED5CB9E8F}.Debug|x86.ActiveCfg = Debug|Any CPU
		{49B8BE44-7683-48DA-903A-E4AED5CB9E8F}.Debug|x86.Build.0 = Debug|Any CPU
		{49B8BE44-7683-48DA-903A-E4AED5CB9E8F}.Release|Any CPU.ActiveCfg = Release|Any CPU
		{49B8BE44-7683-48DA-903A-E4AED5CB9E8F}.Release|Any CPU.Build.0 = Release|Any CPU
		{49B8BE44-7683-48DA-903A-E4AED5CB9E8F}.Release|x64.ActiveCfg = Release|Any CPU
		{49B8BE44-7683-48DA-903A-E4AED5CB9E8F}.Release|x64.Build.0 = Release|Any CPU
		{49B8BE44-7683-48DA-903A-E4AED5CB9E8F}.Release|x86.ActiveCfg = Release|Any CPU
		{49B8BE44-7683-48DA-903A-E4AED5CB9E8F}.Release|x86.Build.0 = Release|Any CPU
		{ECB8B67C-D1DD-4EC8-A9B9-B52AA1DB4298}.Debug|Any CPU.ActiveCfg = Debug|Any CPU
		{ECB8B67C-D1DD-4EC8-A9B9-B52AA1DB4298}.Debug|Any CPU.Build.0 = Debug|Any CPU
		{ECB8B67C-D1DD-4EC8-A9B9-B52AA1DB4298}.Debug|x64.ActiveCfg = Debug|Any CPU
		{ECB8B67C-D1DD-4EC8-A9B9-B52AA1DB4298}.Debug|x64.Build.0 = Debug|Any CPU
		{ECB8B67C-D1DD-4EC8-A9B9-B52AA1DB4298}.Debug|x86.ActiveCfg = Debug|Any CPU
		{ECB8B67C-D1DD-4EC8-A9B9-B52AA1DB4298}.Debug|x86.Build.0 = Debug|Any CPU
		{ECB8B67C-D1DD-4EC8-A9B9-B52AA1DB4298}.Release|Any CPU.ActiveCfg = Release|Any CPU
		{ECB8B67C-D1DD-4EC8-A9B9-B52AA1DB4298}.Release|Any CPU.Build.0 = Release|Any CPU
		{ECB8B67C-D1DD-4EC8-A9B9-B52AA1DB4298}.Release|x64.ActiveCfg = Release|Any CPU
		{ECB8B67C-D1DD-4EC8-A9B9-B52AA1DB4298}.Release|x64.Build.0 = Release|Any CPU
		{ECB8B67C-D1DD-4EC8-A9B9-B52AA1DB4298}.Release|x86.ActiveCfg = Release|Any CPU
		{ECB8B67C-D1DD-4EC8-A9B9-B52AA1DB4298}.Release|x86.Build.0 = Release|Any CPU
		{2E621988-444A-47A4-A56D-3C28BEE0B544}.Debug|Any CPU.ActiveCfg = Debug|Any CPU
		{2E621988-444A-47A4-A56D-3C28BEE0B544}.Debug|Any CPU.Build.0 = Debug|Any CPU
		{2E621988-444A-47A4-A56D-3C28BEE0B544}.Debug|x64.ActiveCfg = Debug|Any CPU
		{2E621988-444A-47A4-A56D-3C28BEE0B544}.Debug|x64.Build.0 = Debug|Any CPU
		{2E621988-444A-47A4-A56D-3C28BEE0B544}.Debug|x86.ActiveCfg = Debug|Any CPU
		{2E621988-444A-47A4-A56D-3C28BEE0B544}.Debug|x86.Build.0 = Debug|Any CPU
		{2E621988-444A-47A4-A56D-3C28BEE0B544}.Release|Any CPU.ActiveCfg = Release|Any CPU
		{2E621988-444A-47A4-A56D-3C28BEE0B544}.Release|Any CPU.Build.0 = Release|Any CPU
		{2E621988-444A-47A4-A56D-3C28BEE0B544}.Release|x64.ActiveCfg = Release|Any CPU
		{2E621988-444A-47A4-A56D-3C28BEE0B544}.Release|x64.Build.0 = Release|Any CPU
		{2E621988-444A-47A4-A56D-3C28BEE0B544}.Release|x86.ActiveCfg = Release|Any CPU
		{2E621988-444A-47A4-A56D-3C28BEE0B544}.Release|x86.Build.0 = Release|Any CPU
		{DE7BB09D-CABC-40D9-A901-C31EA1A08BBD}.Debug|Any CPU.ActiveCfg = Debug|Any CPU
		{DE7BB09D-CABC-40D9-A901-C31EA1A08BBD}.Debug|Any CPU.Build.0 = Debug|Any CPU
		{DE7BB09D-CABC-40D9-A901-C31EA1A08BBD}.Debug|x64.ActiveCfg = Debug|Any CPU
		{DE7BB09D-CABC-40D9-A901-C31EA1A08BBD}.Debug|x64.Build.0 = Debug|Any CPU
		{DE7BB09D-CABC-40D9-A901-C31EA1A08BBD}.Debug|x86.ActiveCfg = Debug|Any CPU
		{DE7BB09D-CABC-40D9-A901-C31EA1A08BBD}.Debug|x86.Build.0 = Debug|Any CPU
		{DE7BB09D-CABC-40D9-A901-C31EA1A08BBD}.Release|Any CPU.ActiveCfg = Release|Any CPU
		{DE7BB09D-CABC-40D9-A901-C31EA1A08BBD}.Release|Any CPU.Build.0 = Release|Any CPU
		{DE7BB09D-CABC-40D9-A901-C31EA1A08BBD}.Release|x64.ActiveCfg = Release|Any CPU
		{DE7BB09D-CABC-40D9-A901-C31EA1A08BBD}.Release|x64.Build.0 = Release|Any CPU
		{DE7BB09D-CABC-40D9-A901-C31EA1A08BBD}.Release|x86.ActiveCfg = Release|Any CPU
		{DE7BB09D-CABC-40D9-A901-C31EA1A08BBD}.Release|x86.Build.0 = Release|Any CPU
		{9E05F147-A55A-4559-95D3-AC19AAC299FD}.Debug|Any CPU.ActiveCfg = Debug|Any CPU
		{9E05F147-A55A-4559-95D3-AC19AAC299FD}.Debug|Any CPU.Build.0 = Debug|Any CPU
		{9E05F147-A55A-4559-95D3-AC19AAC299FD}.Debug|x64.ActiveCfg = Debug|Any CPU
		{9E05F147-A55A-4559-95D3-AC19AAC299FD}.Debug|x64.Build.0 = Debug|Any CPU
		{9E05F147-A55A-4559-95D3-AC19AAC299FD}.Debug|x86.ActiveCfg = Debug|Any CPU
		{9E05F147-A55A-4559-95D3-AC19AAC299FD}.Debug|x86.Build.0 = Debug|Any CPU
		{9E05F147-A55A-4559-95D3-AC19AAC299FD}.Release|Any CPU.ActiveCfg = Release|Any CPU
		{9E05F147-A55A-4559-95D3-AC19AAC299FD}.Release|Any CPU.Build.0 = Release|Any CPU
		{9E05F147-A55A-4559-95D3-AC19AAC299FD}.Release|x64.ActiveCfg = Release|Any CPU
		{9E05F147-A55A-4559-95D3-AC19AAC299FD}.Release|x64.Build.0 = Release|Any CPU
		{9E05F147-A55A-4559-95D3-AC19AAC299FD}.Release|x86.ActiveCfg = Release|Any CPU
		{9E05F147-A55A-4559-95D3-AC19AAC299FD}.Release|x86.Build.0 = Release|Any CPU
		{807F65B3-13CD-4DEA-B4CC-BE8DD3FA00FD}.Debug|Any CPU.ActiveCfg = Debug|Any CPU
		{807F65B3-13CD-4DEA-B4CC-BE8DD3FA00FD}.Debug|Any CPU.Build.0 = Debug|Any CPU
		{807F65B3-13CD-4DEA-B4CC-BE8DD3FA00FD}.Debug|x64.ActiveCfg = Debug|Any CPU
		{807F65B3-13CD-4DEA-B4CC-BE8DD3FA00FD}.Debug|x64.Build.0 = Debug|Any CPU
		{807F65B3-13CD-4DEA-B4CC-BE8DD3FA00FD}.Debug|x86.ActiveCfg = Debug|Any CPU
		{807F65B3-13CD-4DEA-B4CC-BE8DD3FA00FD}.Debug|x86.Build.0 = Debug|Any CPU
		{807F65B3-13CD-4DEA-B4CC-BE8DD3FA00FD}.Release|Any CPU.ActiveCfg = Release|Any CPU
		{807F65B3-13CD-4DEA-B4CC-BE8DD3FA00FD}.Release|Any CPU.Build.0 = Release|Any CPU
		{807F65B3-13CD-4DEA-B4CC-BE8DD3FA00FD}.Release|x64.ActiveCfg = Release|Any CPU
		{807F65B3-13CD-4DEA-B4CC-BE8DD3FA00FD}.Release|x64.Build.0 = Release|Any CPU
		{807F65B3-13CD-4DEA-B4CC-BE8DD3FA00FD}.Release|x86.ActiveCfg = Release|Any CPU
		{807F65B3-13CD-4DEA-B4CC-BE8DD3FA00FD}.Release|x86.Build.0 = Release|Any CPU
		{B62F550A-67B2-49EB-B8E9-73B67A3C28BA}.Debug|Any CPU.ActiveCfg = Debug|Any CPU
		{B62F550A-67B2-49EB-B8E9-73B67A3C28BA}.Debug|Any CPU.Build.0 = Debug|Any CPU
		{B62F550A-67B2-49EB-B8E9-73B67A3C28BA}.Debug|x64.ActiveCfg = Debug|Any CPU
		{B62F550A-67B2-49EB-B8E9-73B67A3C28BA}.Debug|x64.Build.0 = Debug|Any CPU
		{B62F550A-67B2-49EB-B8E9-73B67A3C28BA}.Debug|x86.ActiveCfg = Debug|Any CPU
		{B62F550A-67B2-49EB-B8E9-73B67A3C28BA}.Debug|x86.Build.0 = Debug|Any CPU
		{B62F550A-67B2-49EB-B8E9-73B67A3C28BA}.Release|Any CPU.ActiveCfg = Release|Any CPU
		{B62F550A-67B2-49EB-B8E9-73B67A3C28BA}.Release|Any CPU.Build.0 = Release|Any CPU
		{B62F550A-67B2-49EB-B8E9-73B67A3C28BA}.Release|x64.ActiveCfg = Release|Any CPU
		{B62F550A-67B2-49EB-B8E9-73B67A3C28BA}.Release|x64.Build.0 = Release|Any CPU
		{B62F550A-67B2-49EB-B8E9-73B67A3C28BA}.Release|x86.ActiveCfg = Release|Any CPU
		{B62F550A-67B2-49EB-B8E9-73B67A3C28BA}.Release|x86.Build.0 = Release|Any CPU
		{828225C8-754E-47AF-9D36-9BB107A532D6}.Debug|Any CPU.ActiveCfg = Debug|Any CPU
		{828225C8-754E-47AF-9D36-9BB107A532D6}.Debug|Any CPU.Build.0 = Debug|Any CPU
		{828225C8-754E-47AF-9D36-9BB107A532D6}.Debug|x64.ActiveCfg = Debug|Any CPU
		{828225C8-754E-47AF-9D36-9BB107A532D6}.Debug|x64.Build.0 = Debug|Any CPU
		{828225C8-754E-47AF-9D36-9BB107A532D6}.Debug|x86.ActiveCfg = Debug|Any CPU
		{828225C8-754E-47AF-9D36-9BB107A532D6}.Debug|x86.Build.0 = Debug|Any CPU
		{828225C8-754E-47AF-9D36-9BB107A532D6}.Release|Any CPU.ActiveCfg = Release|Any CPU
		{828225C8-754E-47AF-9D36-9BB107A532D6}.Release|Any CPU.Build.0 = Release|Any CPU
		{828225C8-754E-47AF-9D36-9BB107A532D6}.Release|x64.ActiveCfg = Release|Any CPU
		{828225C8-754E-47AF-9D36-9BB107A532D6}.Release|x64.Build.0 = Release|Any CPU
		{828225C8-754E-47AF-9D36-9BB107A532D6}.Release|x86.ActiveCfg = Release|Any CPU
		{828225C8-754E-47AF-9D36-9BB107A532D6}.Release|x86.Build.0 = Release|Any CPU
		{AF4DE981-A5EC-4547-BDB3-62977E17E909}.Debug|Any CPU.ActiveCfg = Debug|Any CPU
		{AF4DE981-A5EC-4547-BDB3-62977E17E909}.Debug|Any CPU.Build.0 = Debug|Any CPU
		{AF4DE981-A5EC-4547-BDB3-62977E17E909}.Debug|x64.ActiveCfg = Debug|Any CPU
		{AF4DE981-A5EC-4547-BDB3-62977E17E909}.Debug|x64.Build.0 = Debug|Any CPU
		{AF4DE981-A5EC-4547-BDB3-62977E17E909}.Debug|x86.ActiveCfg = Debug|Any CPU
		{AF4DE981-A5EC-4547-BDB3-62977E17E909}.Debug|x86.Build.0 = Debug|Any CPU
		{AF4DE981-A5EC-4547-BDB3-62977E17E909}.Release|Any CPU.ActiveCfg = Release|Any CPU
		{AF4DE981-A5EC-4547-BDB3-62977E17E909}.Release|Any CPU.Build.0 = Release|Any CPU
		{AF4DE981-A5EC-4547-BDB3-62977E17E909}.Release|x64.ActiveCfg = Release|Any CPU
		{AF4DE981-A5EC-4547-BDB3-62977E17E909}.Release|x64.Build.0 = Release|Any CPU
		{AF4DE981-A5EC-4547-BDB3-62977E17E909}.Release|x86.ActiveCfg = Release|Any CPU
		{AF4DE981-A5EC-4547-BDB3-62977E17E909}.Release|x86.Build.0 = Release|Any CPU
		{7F151936-7210-49F3-91DD-96C6814AFA86}.Debug|Any CPU.ActiveCfg = Debug|Any CPU
		{7F151936-7210-49F3-91DD-96C6814AFA86}.Debug|Any CPU.Build.0 = Debug|Any CPU
		{7F151936-7210-49F3-91DD-96C6814AFA86}.Debug|x64.ActiveCfg = Debug|Any CPU
		{7F151936-7210-49F3-91DD-96C6814AFA86}.Debug|x64.Build.0 = Debug|Any CPU
		{7F151936-7210-49F3-91DD-96C6814AFA86}.Debug|x86.ActiveCfg = Debug|Any CPU
		{7F151936-7210-49F3-91DD-96C6814AFA86}.Debug|x86.Build.0 = Debug|Any CPU
		{7F151936-7210-49F3-91DD-96C6814AFA86}.Release|Any CPU.ActiveCfg = Release|Any CPU
		{7F151936-7210-49F3-91DD-96C6814AFA86}.Release|Any CPU.Build.0 = Release|Any CPU
		{7F151936-7210-49F3-91DD-96C6814AFA86}.Release|x64.ActiveCfg = Release|Any CPU
		{7F151936-7210-49F3-91DD-96C6814AFA86}.Release|x64.Build.0 = Release|Any CPU
		{7F151936-7210-49F3-91DD-96C6814AFA86}.Release|x86.ActiveCfg = Release|Any CPU
		{7F151936-7210-49F3-91DD-96C6814AFA86}.Release|x86.Build.0 = Release|Any CPU
		{C4BDED97-62CF-47EA-BAB2-45C7C8AA2E33}.Debug|Any CPU.ActiveCfg = Debug|Any CPU
		{C4BDED97-62CF-47EA-BAB2-45C7C8AA2E33}.Debug|Any CPU.Build.0 = Debug|Any CPU
		{C4BDED97-62CF-47EA-BAB2-45C7C8AA2E33}.Debug|x64.ActiveCfg = Debug|Any CPU
		{C4BDED97-62CF-47EA-BAB2-45C7C8AA2E33}.Debug|x64.Build.0 = Debug|Any CPU
		{C4BDED97-62CF-47EA-BAB2-45C7C8AA2E33}.Debug|x86.ActiveCfg = Debug|Any CPU
		{C4BDED97-62CF-47EA-BAB2-45C7C8AA2E33}.Debug|x86.Build.0 = Debug|Any CPU
		{C4BDED97-62CF-47EA-BAB2-45C7C8AA2E33}.Release|Any CPU.ActiveCfg = Release|Any CPU
		{C4BDED97-62CF-47EA-BAB2-45C7C8AA2E33}.Release|Any CPU.Build.0 = Release|Any CPU
		{C4BDED97-62CF-47EA-BAB2-45C7C8AA2E33}.Release|x64.ActiveCfg = Release|Any CPU
		{C4BDED97-62CF-47EA-BAB2-45C7C8AA2E33}.Release|x64.Build.0 = Release|Any CPU
		{C4BDED97-62CF-47EA-BAB2-45C7C8AA2E33}.Release|x86.ActiveCfg = Release|Any CPU
		{C4BDED97-62CF-47EA-BAB2-45C7C8AA2E33}.Release|x86.Build.0 = Release|Any CPU
		{4B3EC15B-7843-43F4-AA76-9D18890AD916}.Debug|Any CPU.ActiveCfg = Debug|Any CPU
		{4B3EC15B-7843-43F4-AA76-9D18890AD916}.Debug|Any CPU.Build.0 = Debug|Any CPU
		{4B3EC15B-7843-43F4-AA76-9D18890AD916}.Debug|x64.ActiveCfg = Debug|Any CPU
		{4B3EC15B-7843-43F4-AA76-9D18890AD916}.Debug|x64.Build.0 = Debug|Any CPU
		{4B3EC15B-7843-43F4-AA76-9D18890AD916}.Debug|x86.ActiveCfg = Debug|Any CPU
		{4B3EC15B-7843-43F4-AA76-9D18890AD916}.Debug|x86.Build.0 = Debug|Any CPU
		{4B3EC15B-7843-43F4-AA76-9D18890AD916}.Release|Any CPU.ActiveCfg = Release|Any CPU
		{4B3EC15B-7843-43F4-AA76-9D18890AD916}.Release|Any CPU.Build.0 = Release|Any CPU
		{4B3EC15B-7843-43F4-AA76-9D18890AD916}.Release|x64.ActiveCfg = Release|Any CPU
		{4B3EC15B-7843-43F4-AA76-9D18890AD916}.Release|x64.Build.0 = Release|Any CPU
		{4B3EC15B-7843-43F4-AA76-9D18890AD916}.Release|x86.ActiveCfg = Release|Any CPU
		{4B3EC15B-7843-43F4-AA76-9D18890AD916}.Release|x86.Build.0 = Release|Any CPU
		{786884C0-4AEF-4BEA-BA83-74F3C2ABC933}.Debug|Any CPU.ActiveCfg = Debug|Any CPU
		{786884C0-4AEF-4BEA-BA83-74F3C2ABC933}.Debug|Any CPU.Build.0 = Debug|Any CPU
		{786884C0-4AEF-4BEA-BA83-74F3C2ABC933}.Debug|x64.ActiveCfg = Debug|Any CPU
		{786884C0-4AEF-4BEA-BA83-74F3C2ABC933}.Debug|x64.Build.0 = Debug|Any CPU
		{786884C0-4AEF-4BEA-BA83-74F3C2ABC933}.Debug|x86.ActiveCfg = Debug|Any CPU
		{786884C0-4AEF-4BEA-BA83-74F3C2ABC933}.Debug|x86.Build.0 = Debug|Any CPU
		{786884C0-4AEF-4BEA-BA83-74F3C2ABC933}.Release|Any CPU.ActiveCfg = Release|Any CPU
		{786884C0-4AEF-4BEA-BA83-74F3C2ABC933}.Release|Any CPU.Build.0 = Release|Any CPU
		{786884C0-4AEF-4BEA-BA83-74F3C2ABC933}.Release|x64.ActiveCfg = Release|Any CPU
		{786884C0-4AEF-4BEA-BA83-74F3C2ABC933}.Release|x64.Build.0 = Release|Any CPU
		{786884C0-4AEF-4BEA-BA83-74F3C2ABC933}.Release|x86.ActiveCfg = Release|Any CPU
		{786884C0-4AEF-4BEA-BA83-74F3C2ABC933}.Release|x86.Build.0 = Release|Any CPU
		{9F538647-ED37-49BB-85B0-7F1FB89EC0FE}.Debug|Any CPU.ActiveCfg = Debug|Any CPU
		{9F538647-ED37-49BB-85B0-7F1FB89EC0FE}.Debug|Any CPU.Build.0 = Debug|Any CPU
		{9F538647-ED37-49BB-85B0-7F1FB89EC0FE}.Debug|x64.ActiveCfg = Debug|Any CPU
		{9F538647-ED37-49BB-85B0-7F1FB89EC0FE}.Debug|x64.Build.0 = Debug|Any CPU
		{9F538647-ED37-49BB-85B0-7F1FB89EC0FE}.Debug|x86.ActiveCfg = Debug|Any CPU
		{9F538647-ED37-49BB-85B0-7F1FB89EC0FE}.Debug|x86.Build.0 = Debug|Any CPU
		{9F538647-ED37-49BB-85B0-7F1FB89EC0FE}.Release|Any CPU.ActiveCfg = Release|Any CPU
		{9F538647-ED37-49BB-85B0-7F1FB89EC0FE}.Release|Any CPU.Build.0 = Release|Any CPU
		{9F538647-ED37-49BB-85B0-7F1FB89EC0FE}.Release|x64.ActiveCfg = Release|Any CPU
		{9F538647-ED37-49BB-85B0-7F1FB89EC0FE}.Release|x64.Build.0 = Release|Any CPU
		{9F538647-ED37-49BB-85B0-7F1FB89EC0FE}.Release|x86.ActiveCfg = Release|Any CPU
		{9F538647-ED37-49BB-85B0-7F1FB89EC0FE}.Release|x86.Build.0 = Release|Any CPU
		{60F09D30-B956-4AE5-9B6A-66071F0DA36D}.Debug|Any CPU.ActiveCfg = Debug|Any CPU
		{60F09D30-B956-4AE5-9B6A-66071F0DA36D}.Debug|Any CPU.Build.0 = Debug|Any CPU
		{60F09D30-B956-4AE5-9B6A-66071F0DA36D}.Debug|x64.ActiveCfg = Debug|Any CPU
		{60F09D30-B956-4AE5-9B6A-66071F0DA36D}.Debug|x64.Build.0 = Debug|Any CPU
		{60F09D30-B956-4AE5-9B6A-66071F0DA36D}.Debug|x86.ActiveCfg = Debug|Any CPU
		{60F09D30-B956-4AE5-9B6A-66071F0DA36D}.Debug|x86.Build.0 = Debug|Any CPU
		{60F09D30-B956-4AE5-9B6A-66071F0DA36D}.Release|Any CPU.ActiveCfg = Release|Any CPU
		{60F09D30-B956-4AE5-9B6A-66071F0DA36D}.Release|Any CPU.Build.0 = Release|Any CPU
		{60F09D30-B956-4AE5-9B6A-66071F0DA36D}.Release|x64.ActiveCfg = Release|Any CPU
		{60F09D30-B956-4AE5-9B6A-66071F0DA36D}.Release|x64.Build.0 = Release|Any CPU
		{60F09D30-B956-4AE5-9B6A-66071F0DA36D}.Release|x86.ActiveCfg = Release|Any CPU
		{60F09D30-B956-4AE5-9B6A-66071F0DA36D}.Release|x86.Build.0 = Release|Any CPU
		{682F9D1A-28AA-4DB3-ADCE-B9CF3CE6471B}.Debug|Any CPU.ActiveCfg = Debug|Any CPU
		{682F9D1A-28AA-4DB3-ADCE-B9CF3CE6471B}.Debug|Any CPU.Build.0 = Debug|Any CPU
		{682F9D1A-28AA-4DB3-ADCE-B9CF3CE6471B}.Debug|x64.ActiveCfg = Debug|Any CPU
		{682F9D1A-28AA-4DB3-ADCE-B9CF3CE6471B}.Debug|x64.Build.0 = Debug|Any CPU
		{682F9D1A-28AA-4DB3-ADCE-B9CF3CE6471B}.Debug|x86.ActiveCfg = Debug|Any CPU
		{682F9D1A-28AA-4DB3-ADCE-B9CF3CE6471B}.Debug|x86.Build.0 = Debug|Any CPU
		{682F9D1A-28AA-4DB3-ADCE-B9CF3CE6471B}.Release|Any CPU.ActiveCfg = Release|Any CPU
		{682F9D1A-28AA-4DB3-ADCE-B9CF3CE6471B}.Release|Any CPU.Build.0 = Release|Any CPU
		{682F9D1A-28AA-4DB3-ADCE-B9CF3CE6471B}.Release|x64.ActiveCfg = Release|Any CPU
		{682F9D1A-28AA-4DB3-ADCE-B9CF3CE6471B}.Release|x64.Build.0 = Release|Any CPU
		{682F9D1A-28AA-4DB3-ADCE-B9CF3CE6471B}.Release|x86.ActiveCfg = Release|Any CPU
		{682F9D1A-28AA-4DB3-ADCE-B9CF3CE6471B}.Release|x86.Build.0 = Release|Any CPU
		{C35696A8-107F-4B34-B481-1389BCCAA7A8}.Debug|Any CPU.ActiveCfg = Debug|Any CPU
		{C35696A8-107F-4B34-B481-1389BCCAA7A8}.Debug|Any CPU.Build.0 = Debug|Any CPU
		{C35696A8-107F-4B34-B481-1389BCCAA7A8}.Debug|x64.ActiveCfg = Debug|Any CPU
		{C35696A8-107F-4B34-B481-1389BCCAA7A8}.Debug|x64.Build.0 = Debug|Any CPU
		{C35696A8-107F-4B34-B481-1389BCCAA7A8}.Debug|x86.ActiveCfg = Debug|Any CPU
		{C35696A8-107F-4B34-B481-1389BCCAA7A8}.Debug|x86.Build.0 = Debug|Any CPU
		{C35696A8-107F-4B34-B481-1389BCCAA7A8}.Release|Any CPU.ActiveCfg = Release|Any CPU
		{C35696A8-107F-4B34-B481-1389BCCAA7A8}.Release|Any CPU.Build.0 = Release|Any CPU
		{C35696A8-107F-4B34-B481-1389BCCAA7A8}.Release|x64.ActiveCfg = Release|Any CPU
		{C35696A8-107F-4B34-B481-1389BCCAA7A8}.Release|x64.Build.0 = Release|Any CPU
		{C35696A8-107F-4B34-B481-1389BCCAA7A8}.Release|x86.ActiveCfg = Release|Any CPU
		{C35696A8-107F-4B34-B481-1389BCCAA7A8}.Release|x86.Build.0 = Release|Any CPU
		{6EF295E0-5F11-4BB0-A6C9-C887D0A95D49}.Debug|Any CPU.ActiveCfg = Debug|Any CPU
		{6EF295E0-5F11-4BB0-A6C9-C887D0A95D49}.Debug|Any CPU.Build.0 = Debug|Any CPU
		{6EF295E0-5F11-4BB0-A6C9-C887D0A95D49}.Debug|x64.ActiveCfg = Debug|Any CPU
		{6EF295E0-5F11-4BB0-A6C9-C887D0A95D49}.Debug|x64.Build.0 = Debug|Any CPU
		{6EF295E0-5F11-4BB0-A6C9-C887D0A95D49}.Debug|x86.ActiveCfg = Debug|Any CPU
		{6EF295E0-5F11-4BB0-A6C9-C887D0A95D49}.Debug|x86.Build.0 = Debug|Any CPU
		{6EF295E0-5F11-4BB0-A6C9-C887D0A95D49}.Release|Any CPU.ActiveCfg = Release|Any CPU
		{6EF295E0-5F11-4BB0-A6C9-C887D0A95D49}.Release|Any CPU.Build.0 = Release|Any CPU
		{6EF295E0-5F11-4BB0-A6C9-C887D0A95D49}.Release|x64.ActiveCfg = Release|Any CPU
		{6EF295E0-5F11-4BB0-A6C9-C887D0A95D49}.Release|x64.Build.0 = Release|Any CPU
		{6EF295E0-5F11-4BB0-A6C9-C887D0A95D49}.Release|x86.ActiveCfg = Release|Any CPU
		{6EF295E0-5F11-4BB0-A6C9-C887D0A95D49}.Release|x86.Build.0 = Release|Any CPU
		{2806A5EE-CEFB-4A71-96F0-C58F869550C2}.Debug|Any CPU.ActiveCfg = Debug|Any CPU
		{2806A5EE-CEFB-4A71-96F0-C58F869550C2}.Debug|Any CPU.Build.0 = Debug|Any CPU
		{2806A5EE-CEFB-4A71-96F0-C58F869550C2}.Debug|x64.ActiveCfg = Debug|Any CPU
		{2806A5EE-CEFB-4A71-96F0-C58F869550C2}.Debug|x64.Build.0 = Debug|Any CPU
		{2806A5EE-CEFB-4A71-96F0-C58F869550C2}.Debug|x86.ActiveCfg = Debug|Any CPU
		{2806A5EE-CEFB-4A71-96F0-C58F869550C2}.Debug|x86.Build.0 = Debug|Any CPU
		{2806A5EE-CEFB-4A71-96F0-C58F869550C2}.Release|Any CPU.ActiveCfg = Release|Any CPU
		{2806A5EE-CEFB-4A71-96F0-C58F869550C2}.Release|Any CPU.Build.0 = Release|Any CPU
		{2806A5EE-CEFB-4A71-96F0-C58F869550C2}.Release|x64.ActiveCfg = Release|Any CPU
		{2806A5EE-CEFB-4A71-96F0-C58F869550C2}.Release|x64.Build.0 = Release|Any CPU
		{2806A5EE-CEFB-4A71-96F0-C58F869550C2}.Release|x86.ActiveCfg = Release|Any CPU
		{2806A5EE-CEFB-4A71-96F0-C58F869550C2}.Release|x86.Build.0 = Release|Any CPU
		{29C1D69B-EFC1-4B27-B5B6-3E242B6B927E}.Debug|Any CPU.ActiveCfg = Debug|Any CPU
		{29C1D69B-EFC1-4B27-B5B6-3E242B6B927E}.Debug|Any CPU.Build.0 = Debug|Any CPU
		{29C1D69B-EFC1-4B27-B5B6-3E242B6B927E}.Debug|x64.ActiveCfg = Debug|Any CPU
		{29C1D69B-EFC1-4B27-B5B6-3E242B6B927E}.Debug|x64.Build.0 = Debug|Any CPU
		{29C1D69B-EFC1-4B27-B5B6-3E242B6B927E}.Debug|x86.ActiveCfg = Debug|Any CPU
		{29C1D69B-EFC1-4B27-B5B6-3E242B6B927E}.Debug|x86.Build.0 = Debug|Any CPU
		{29C1D69B-EFC1-4B27-B5B6-3E242B6B927E}.Release|Any CPU.ActiveCfg = Release|Any CPU
		{29C1D69B-EFC1-4B27-B5B6-3E242B6B927E}.Release|Any CPU.Build.0 = Release|Any CPU
		{29C1D69B-EFC1-4B27-B5B6-3E242B6B927E}.Release|x64.ActiveCfg = Release|Any CPU
		{29C1D69B-EFC1-4B27-B5B6-3E242B6B927E}.Release|x64.Build.0 = Release|Any CPU
		{29C1D69B-EFC1-4B27-B5B6-3E242B6B927E}.Release|x86.ActiveCfg = Release|Any CPU
		{29C1D69B-EFC1-4B27-B5B6-3E242B6B927E}.Release|x86.Build.0 = Release|Any CPU
		{81E8BCE3-2663-47CA-8D52-942F23B88D22}.Debug|Any CPU.ActiveCfg = Debug|Any CPU
		{81E8BCE3-2663-47CA-8D52-942F23B88D22}.Debug|Any CPU.Build.0 = Debug|Any CPU
		{81E8BCE3-2663-47CA-8D52-942F23B88D22}.Debug|x64.ActiveCfg = Debug|Any CPU
		{81E8BCE3-2663-47CA-8D52-942F23B88D22}.Debug|x64.Build.0 = Debug|Any CPU
		{81E8BCE3-2663-47CA-8D52-942F23B88D22}.Debug|x86.ActiveCfg = Debug|Any CPU
		{81E8BCE3-2663-47CA-8D52-942F23B88D22}.Debug|x86.Build.0 = Debug|Any CPU
		{81E8BCE3-2663-47CA-8D52-942F23B88D22}.Release|Any CPU.ActiveCfg = Release|Any CPU
		{81E8BCE3-2663-47CA-8D52-942F23B88D22}.Release|Any CPU.Build.0 = Release|Any CPU
		{81E8BCE3-2663-47CA-8D52-942F23B88D22}.Release|x64.ActiveCfg = Release|Any CPU
		{81E8BCE3-2663-47CA-8D52-942F23B88D22}.Release|x64.Build.0 = Release|Any CPU
		{81E8BCE3-2663-47CA-8D52-942F23B88D22}.Release|x86.ActiveCfg = Release|Any CPU
		{81E8BCE3-2663-47CA-8D52-942F23B88D22}.Release|x86.Build.0 = Release|Any CPU
		{83CB91BF-ED58-4DCA-AE38-478164960E5F}.Debug|Any CPU.ActiveCfg = Debug|Any CPU
		{83CB91BF-ED58-4DCA-AE38-478164960E5F}.Debug|Any CPU.Build.0 = Debug|Any CPU
		{83CB91BF-ED58-4DCA-AE38-478164960E5F}.Debug|x64.ActiveCfg = Debug|Any CPU
		{83CB91BF-ED58-4DCA-AE38-478164960E5F}.Debug|x64.Build.0 = Debug|Any CPU
		{83CB91BF-ED58-4DCA-AE38-478164960E5F}.Debug|x86.ActiveCfg = Debug|Any CPU
		{83CB91BF-ED58-4DCA-AE38-478164960E5F}.Debug|x86.Build.0 = Debug|Any CPU
		{83CB91BF-ED58-4DCA-AE38-478164960E5F}.Release|Any CPU.ActiveCfg = Release|Any CPU
		{83CB91BF-ED58-4DCA-AE38-478164960E5F}.Release|Any CPU.Build.0 = Release|Any CPU
		{83CB91BF-ED58-4DCA-AE38-478164960E5F}.Release|x64.ActiveCfg = Release|Any CPU
		{83CB91BF-ED58-4DCA-AE38-478164960E5F}.Release|x64.Build.0 = Release|Any CPU
		{83CB91BF-ED58-4DCA-AE38-478164960E5F}.Release|x86.ActiveCfg = Release|Any CPU
		{83CB91BF-ED58-4DCA-AE38-478164960E5F}.Release|x86.Build.0 = Release|Any CPU
		{CC45BB34-1BFB-4928-A210-3840D231CEE7}.Debug|Any CPU.ActiveCfg = Debug|Any CPU
		{CC45BB34-1BFB-4928-A210-3840D231CEE7}.Debug|Any CPU.Build.0 = Debug|Any CPU
		{CC45BB34-1BFB-4928-A210-3840D231CEE7}.Debug|x64.ActiveCfg = Debug|Any CPU
		{CC45BB34-1BFB-4928-A210-3840D231CEE7}.Debug|x64.Build.0 = Debug|Any CPU
		{CC45BB34-1BFB-4928-A210-3840D231CEE7}.Debug|x86.ActiveCfg = Debug|Any CPU
		{CC45BB34-1BFB-4928-A210-3840D231CEE7}.Debug|x86.Build.0 = Debug|Any CPU
		{CC45BB34-1BFB-4928-A210-3840D231CEE7}.Release|Any CPU.ActiveCfg = Release|Any CPU
		{CC45BB34-1BFB-4928-A210-3840D231CEE7}.Release|Any CPU.Build.0 = Release|Any CPU
		{CC45BB34-1BFB-4928-A210-3840D231CEE7}.Release|x64.ActiveCfg = Release|Any CPU
		{CC45BB34-1BFB-4928-A210-3840D231CEE7}.Release|x64.Build.0 = Release|Any CPU
		{CC45BB34-1BFB-4928-A210-3840D231CEE7}.Release|x86.ActiveCfg = Release|Any CPU
		{CC45BB34-1BFB-4928-A210-3840D231CEE7}.Release|x86.Build.0 = Release|Any CPU
	EndGlobalSection
EndGlobal
